PODS:
  - later (0.2.0)
  - RxSwift (3.1.0)
  - Socket.IO-Client-Swift (8.2.0)

DEPENDENCIES:
  - later (from `https://github.com/victorg1991/later`, branch `master`)
  - RxSwift
  - Socket.IO-Client-Swift (~> 8.1)

EXTERNAL SOURCES:
  later:
    :branch: master
    :git: https://github.com/victorg1991/later

CHECKOUT OPTIONS:
  later:
    :commit: 08666e210cb196040d9154efdfd63df9b967b9bb
    :git: https://github.com/victorg1991/later

SPEC CHECKSUMS:
  later: 1c4f0846d4799471e77171db9f95eeb567b9d31c
  RxSwift: 83ff553e7593fdfdcb2562933a64c0284dffdadc
  Socket.IO-Client-Swift: 900cf511777045c80d1ce1f11f71261e87765dd1

PODFILE CHECKSUM: 35da500125da2866175df3f3385750a9920dcce7

COCOAPODS: 1.1.1
