PODS:
  - later (0.2.0)
  - RxSwift (3.0.1)
  - Socket.IO-Client-Swift (8.1.2)

DEPENDENCIES:
  - later
  - RxSwift
  - Socket.IO-Client-Swift (~> 8.1)

SPEC CHECKSUMS:
  later: 7395c8bb58051fd35a1a253b93da037520cfa637
  RxSwift: af5680055c4ad04480189c52d28385b1029493a6
  Socket.IO-Client-Swift: 542d82e6708f9901b3f6c1d134fb60fa0d09d4d1

PODFILE CHECKSUM: e5d6a54304cc2051c04a1a2aab4ae2b60b84f21f

COCOAPODS: 1.1.1
