// !$*UTF8*$!
{
	archiveVersion = 1;
	classes = {
	};
	objectVersion = 46;
	objects = {

/* Begin PBXBuildFile section */
		0B01B7E41E8CD54400B76E71 /* Geo.swift in Sources */ = {isa = PBXBuildFile; fileRef = 0B34CD8C1E8C024C00E12884 /* Geo.swift */; };
		0B01B7E51E8CD54500B76E71 /* Geo.swift in Sources */ = {isa = PBXBuildFile; fileRef = 0B34CD8C1E8C024C00E12884 /* Geo.swift */; };
		0B01B7E61E8CD54700B76E71 /* Range.swift in Sources */ = {isa = PBXBuildFile; fileRef = 0B34CD8A1E8BF34300E12884 /* Range.swift */; };
		0B01B7E71E8CD54800B76E71 /* Range.swift in Sources */ = {isa = PBXBuildFile; fileRef = 0B34CD8A1E8BF34300E12884 /* Range.swift */; };
		0B34CD8B1E8BF34300E12884 /* Range.swift in Sources */ = {isa = PBXBuildFile; fileRef = 0B34CD8A1E8BF34300E12884 /* Range.swift */; };
		0B34CD8D1E8C024C00E12884 /* Geo.swift in Sources */ = {isa = PBXBuildFile; fileRef = 0B34CD8C1E8C024C00E12884 /* Geo.swift */; };
		0B43AB161E0C0E8500701E52 /* AuthProvider.swift in Sources */ = {isa = PBXBuildFile; fileRef = 0B43AB151E0C0E8500701E52 /* AuthProvider.swift */; };
		0B45FB021E8E58A000CBB073 /* PromiseKitTestExtension.swift in Sources */ = {isa = PBXBuildFile; fileRef = 0B45FB001E8E588A00CBB073 /* PromiseKitTestExtension.swift */; };
		0B45FB031E8E58A000CBB073 /* PromiseKitTestExtension.swift in Sources */ = {isa = PBXBuildFile; fileRef = 0B45FB001E8E588A00CBB073 /* PromiseKitTestExtension.swift */; };
		0B45FB041E8E58A100CBB073 /* PromiseKitTestExtension.swift in Sources */ = {isa = PBXBuildFile; fileRef = 0B45FB001E8E588A00CBB073 /* PromiseKitTestExtension.swift */; };
		0B46BA141DEED48B00EB28CF /* WeDeployAuthTest.swift in Sources */ = {isa = PBXBuildFile; fileRef = 0B46BA131DEED48B00EB28CF /* WeDeployAuthTest.swift */; };
		0B46BA161DEEDB7300EB28CF /* WeDeployEmailTest.swift in Sources */ = {isa = PBXBuildFile; fileRef = 0B46BA151DEEDB7300EB28CF /* WeDeployEmailTest.swift */; };
		0B46BA171DEEDD9900EB28CF /* BaseTest.swift in Sources */ = {isa = PBXBuildFile; fileRef = CC0C23C71C3F0EC700408177 /* BaseTest.swift */; };
		0B575EE01E6F0A7500A8B021 /* Aggregation.swift in Sources */ = {isa = PBXBuildFile; fileRef = 0B575EDF1E6F0A7500A8B021 /* Aggregation.swift */; };
		0B5802331DED9FF7002C3E7A /* WeDeployError.swift in Sources */ = {isa = PBXBuildFile; fileRef = 0B5802321DED9FF7002C3E7A /* WeDeployError.swift */; };
		0B74EDBB1DE6E797007AE62C /* DictionaryExtension.swift in Sources */ = {isa = PBXBuildFile; fileRef = CCF69EA11C46BA7100961988 /* DictionaryExtension.swift */; };
		0B74EDBC1DE6E797007AE62C /* Filter.swift in Sources */ = {isa = PBXBuildFile; fileRef = CC0C23AA1C3F0B8600408177 /* Filter.swift */; };
		0B74EDBD1DE6E797007AE62C /* Query.swift in Sources */ = {isa = PBXBuildFile; fileRef = CC0C23AB1C3F0B8600408177 /* Query.swift */; };
		0BAC8D701E14F28500E75548 /* QueryTest.swift in Sources */ = {isa = PBXBuildFile; fileRef = CC0C23BD1C3F0D3300408177 /* QueryTest.swift */; };
		0BAC8D711E15018600E75548 /* DictionaryExtensionTest.swift in Sources */ = {isa = PBXBuildFile; fileRef = CCF69EA31C46C77900961988 /* DictionaryExtensionTest.swift */; };
		0BB0C2BC1DE8333D00CACDE1 /* TokenAuth.swift in Sources */ = {isa = PBXBuildFile; fileRef = 0BB0C2BB1DE8333D00CACDE1 /* TokenAuth.swift */; };
		0BB0C2C11DE83C1200CACDE1 /* XCTest.framework in Frameworks */ = {isa = PBXBuildFile; fileRef = 0BB0C2C01DE83C1200CACDE1 /* XCTest.framework */; };
		0BB3BE781DE8565E00FA90EE /* User.swift in Sources */ = {isa = PBXBuildFile; fileRef = 0BB3BE771DE8565E00FA90EE /* User.swift */; };
		0BBD1B801E97BF8500EA5474 /* Constants.swift in Sources */ = {isa = PBXBuildFile; fileRef = 0BBD1B7D1E97BF3100EA5474 /* Constants.swift */; };
		0BBD1B821E97C42C00EA5474 /* DistanceUnit.swift in Sources */ = {isa = PBXBuildFile; fileRef = 57F666021E918ACB007576F8 /* DistanceUnit.swift */; };
		0BBD1B831E97C42C00EA5474 /* DistanceUnit.swift in Sources */ = {isa = PBXBuildFile; fileRef = 57F666021E918ACB007576F8 /* DistanceUnit.swift */; };
		0BBD1B841E97DAE900EA5474 /* Constants.swift in Sources */ = {isa = PBXBuildFile; fileRef = 0BBD1B7D1E97BF3100EA5474 /* Constants.swift */; };
		0BBD1B851E97DAEA00EA5474 /* Constants.swift in Sources */ = {isa = PBXBuildFile; fileRef = 0BBD1B7D1E97BF3100EA5474 /* Constants.swift */; };
		0BBF702C1DEC93FC00C94DA8 /* RequestBuilder.swift in Sources */ = {isa = PBXBuildFile; fileRef = 0BBF702B1DEC93FC00C94DA8 /* RequestBuilder.swift */; };
		0BBF702F1DECA19800C94DA8 /* RequestBuilderTest.swift in Sources */ = {isa = PBXBuildFile; fileRef = 0BBF702D1DECA14400C94DA8 /* RequestBuilderTest.swift */; };
		0BCA2B811E8AAA5000C5F0FE /* AuthProviderTest.swift in Sources */ = {isa = PBXBuildFile; fileRef = 0BE1D1301E0D33C600FFE689 /* AuthProviderTest.swift */; };
		0BCA2B821E8AAA5000C5F0FE /* BaseTest.swift in Sources */ = {isa = PBXBuildFile; fileRef = CC0C23C71C3F0EC700408177 /* BaseTest.swift */; };
		0BCA2B831E8AAA5000C5F0FE /* settings.plist in Resources */ = {isa = PBXBuildFile; fileRef = CC0C23CB1C3F0EC700408177 /* settings.plist */; };
		0BCA2B841E8AAA5000C5F0FE /* RequestBuilderTest.swift in Sources */ = {isa = PBXBuildFile; fileRef = 0BBF702D1DECA14400C94DA8 /* RequestBuilderTest.swift */; };
		0BCA2B851E8AAA5000C5F0FE /* WeDeployAuthTest.swift in Sources */ = {isa = PBXBuildFile; fileRef = 0B46BA131DEED48B00EB28CF /* WeDeployAuthTest.swift */; };
		0BCA2B861E8AAA5000C5F0FE /* WeDeployEmailTest.swift in Sources */ = {isa = PBXBuildFile; fileRef = 0B46BA151DEEDB7300EB28CF /* WeDeployEmailTest.swift */; };
		0BCA2B871E8AAA5000C5F0FE /* WeDeployDataTest.swift in Sources */ = {isa = PBXBuildFile; fileRef = 0BF2B5D11E12548E004A4DF1 /* WeDeployDataTest.swift */; };
		0BCA2B881E8AAA5000C5F0FE /* DictionaryExtensionTest.swift in Sources */ = {isa = PBXBuildFile; fileRef = CCF69EA31C46C77900961988 /* DictionaryExtensionTest.swift */; };
		0BCA2B891E8AAA5000C5F0FE /* FilterTest.swift in Sources */ = {isa = PBXBuildFile; fileRef = CC0C23BC1C3F0D3300408177 /* FilterTest.swift */; };
		0BCA2B8A1E8AAA5000C5F0FE /* QueryTest.swift in Sources */ = {isa = PBXBuildFile; fileRef = CC0C23BD1C3F0D3300408177 /* QueryTest.swift */; };
		0BCA2B8B1E8AAA5000C5F0FE /* WatchTest.swift in Sources */ = {isa = PBXBuildFile; fileRef = CC05BAB51C40A880007D9BAB /* WatchTest.swift */; };
		0BCA2B8C1E8AAA5000C5F0FE /* ResponseTest.swift in Sources */ = {isa = PBXBuildFile; fileRef = CC0C23CD1C3F0EC700408177 /* ResponseTest.swift */; };
		0BCA2B8D1E8AAA5000C5F0FE /* XCTestCaseExtension.swift in Sources */ = {isa = PBXBuildFile; fileRef = CC0631621AEB17530097D129 /* XCTestCaseExtension.swift */; };
		0BCA2B8E1E8AAA5100C5F0FE /* AuthProviderTest.swift in Sources */ = {isa = PBXBuildFile; fileRef = 0BE1D1301E0D33C600FFE689 /* AuthProviderTest.swift */; };
		0BCA2B8F1E8AAA5100C5F0FE /* BaseTest.swift in Sources */ = {isa = PBXBuildFile; fileRef = CC0C23C71C3F0EC700408177 /* BaseTest.swift */; };
		0BCA2B901E8AAA5100C5F0FE /* settings.plist in Resources */ = {isa = PBXBuildFile; fileRef = CC0C23CB1C3F0EC700408177 /* settings.plist */; };
		0BCA2B911E8AAA5100C5F0FE /* RequestBuilderTest.swift in Sources */ = {isa = PBXBuildFile; fileRef = 0BBF702D1DECA14400C94DA8 /* RequestBuilderTest.swift */; };
		0BCA2B921E8AAA5100C5F0FE /* WeDeployAuthTest.swift in Sources */ = {isa = PBXBuildFile; fileRef = 0B46BA131DEED48B00EB28CF /* WeDeployAuthTest.swift */; };
		0BCA2B931E8AAA5100C5F0FE /* WeDeployEmailTest.swift in Sources */ = {isa = PBXBuildFile; fileRef = 0B46BA151DEEDB7300EB28CF /* WeDeployEmailTest.swift */; };
		0BCA2B941E8AAA5100C5F0FE /* WeDeployDataTest.swift in Sources */ = {isa = PBXBuildFile; fileRef = 0BF2B5D11E12548E004A4DF1 /* WeDeployDataTest.swift */; };
		0BCA2B951E8AAA5100C5F0FE /* DictionaryExtensionTest.swift in Sources */ = {isa = PBXBuildFile; fileRef = CCF69EA31C46C77900961988 /* DictionaryExtensionTest.swift */; };
		0BCA2B961E8AAA5100C5F0FE /* FilterTest.swift in Sources */ = {isa = PBXBuildFile; fileRef = CC0C23BC1C3F0D3300408177 /* FilterTest.swift */; };
		0BCA2B971E8AAA5100C5F0FE /* QueryTest.swift in Sources */ = {isa = PBXBuildFile; fileRef = CC0C23BD1C3F0D3300408177 /* QueryTest.swift */; };
		0BCA2B981E8AAA5100C5F0FE /* WatchTest.swift in Sources */ = {isa = PBXBuildFile; fileRef = CC05BAB51C40A880007D9BAB /* WatchTest.swift */; };
		0BCA2B991E8AAA5100C5F0FE /* ResponseTest.swift in Sources */ = {isa = PBXBuildFile; fileRef = CC0C23CD1C3F0EC700408177 /* ResponseTest.swift */; };
		0BCA2B9A1E8AAA5100C5F0FE /* XCTestCaseExtension.swift in Sources */ = {isa = PBXBuildFile; fileRef = CC0631621AEB17530097D129 /* XCTestCaseExtension.swift */; };
		0BCA2B9B1E8AAB2D00C5F0FE /* PromiseKitExtensions.swift in Sources */ = {isa = PBXBuildFile; fileRef = 0BF2B5D81E12635C004A4DF1 /* PromiseKitExtensions.swift */; };
		0BCA2B9C1E8AAB2D00C5F0FE /* SocketIOExtensions.swift in Sources */ = {isa = PBXBuildFile; fileRef = 0BF2B5D91E12635C004A4DF1 /* SocketIOExtensions.swift */; };
		0BCA2B9D1E8AAB2D00C5F0FE /* WeDeployAuth.swift in Sources */ = {isa = PBXBuildFile; fileRef = 88EB6CDC1DF1A7EF00FE7362 /* WeDeployAuth.swift */; };
		0BCA2B9E1E8AAB2D00C5F0FE /* WeDeployEmail.swift in Sources */ = {isa = PBXBuildFile; fileRef = 88EB6CDD1DF1A7EF00FE7362 /* WeDeployEmail.swift */; };
		0BCA2B9F1E8AAB2D00C5F0FE /* WeDeployData.swift in Sources */ = {isa = PBXBuildFile; fileRef = 0BF2B5CF1E12518E004A4DF1 /* WeDeployData.swift */; };
		0BCA2BA01E8AAB2D00C5F0FE /* WeDeployService.swift in Sources */ = {isa = PBXBuildFile; fileRef = 0BE2859F1E7057BB00E56EDE /* WeDeployService.swift */; };
		0BCA2BA11E8AAB2D00C5F0FE /* AuthProvider.swift in Sources */ = {isa = PBXBuildFile; fileRef = 0B43AB151E0C0E8500701E52 /* AuthProvider.swift */; };
		0BCA2BA21E8AAB2D00C5F0FE /* Auth.swift in Sources */ = {isa = PBXBuildFile; fileRef = CC70B5671CA485B70015F61F /* Auth.swift */; };
		0BCA2BA31E8AAB2D00C5F0FE /* BasicAuth.swift in Sources */ = {isa = PBXBuildFile; fileRef = CC70B5691CA485CB0015F61F /* BasicAuth.swift */; };
		0BCA2BA41E8AAB2D00C5F0FE /* TokenAuth.swift in Sources */ = {isa = PBXBuildFile; fileRef = 0BB0C2BB1DE8333D00CACDE1 /* TokenAuth.swift */; };
		0BCA2BA61E8AAB2D00C5F0FE /* DictionaryExtension.swift in Sources */ = {isa = PBXBuildFile; fileRef = CCF69EA11C46BA7100961988 /* DictionaryExtension.swift */; };
		0BCA2BA71E8AAB2D00C5F0FE /* Filter.swift in Sources */ = {isa = PBXBuildFile; fileRef = CC0C23AA1C3F0B8600408177 /* Filter.swift */; };
		0BCA2BA81E8AAB2D00C5F0FE /* Query.swift in Sources */ = {isa = PBXBuildFile; fileRef = CC0C23AB1C3F0B8600408177 /* Query.swift */; };
		0BCA2BA91E8AAB2D00C5F0FE /* Aggregation.swift in Sources */ = {isa = PBXBuildFile; fileRef = 0B575EDF1E6F0A7500A8B021 /* Aggregation.swift */; };
		0BCA2BAA1E8AAB2D00C5F0FE /* SocketIOClientFactory.swift in Sources */ = {isa = PBXBuildFile; fileRef = CC05BAB21C40A862007D9BAB /* SocketIOClientFactory.swift */; };
		0BCA2BAB1E8AAB2D00C5F0FE /* RequestBuilder.swift in Sources */ = {isa = PBXBuildFile; fileRef = 0BBF702B1DEC93FC00C94DA8 /* RequestBuilder.swift */; };
		0BCA2BAC1E8AAB2D00C5F0FE /* Request.swift in Sources */ = {isa = PBXBuildFile; fileRef = CC0C23B01C3F0C1B00408177 /* Request.swift */; };
		0BCA2BAD1E8AAB2D00C5F0FE /* RequestMethod.swift in Sources */ = {isa = PBXBuildFile; fileRef = CC2F361F1C3FE50500902BD4 /* RequestMethod.swift */; };
		0BCA2BAE1E8AAB2D00C5F0FE /* Response.swift in Sources */ = {isa = PBXBuildFile; fileRef = CC0C23B11C3F0C1B00408177 /* Response.swift */; };
		0BCA2BAF1E8AAB2D00C5F0FE /* Transport.swift in Sources */ = {isa = PBXBuildFile; fileRef = CC0C23B21C3F0C1B00408177 /* Transport.swift */; };
		0BCA2BB01E8AAB2D00C5F0FE /* User.swift in Sources */ = {isa = PBXBuildFile; fileRef = 0BB3BE771DE8565E00FA90EE /* User.swift */; };
		0BCA2BB11E8AAB2D00C5F0FE /* WeDeploy.swift in Sources */ = {isa = PBXBuildFile; fileRef = 0BD6B4131DED78AE0020668D /* WeDeploy.swift */; };
		0BCA2BB21E8AAB2D00C5F0FE /* WeDeployError.swift in Sources */ = {isa = PBXBuildFile; fileRef = 0B5802321DED9FF7002C3E7A /* WeDeployError.swift */; };
		0BCA2BB31E8AAB2D00C5F0FE /* PromiseKitExtensions.swift in Sources */ = {isa = PBXBuildFile; fileRef = 0BF2B5D81E12635C004A4DF1 /* PromiseKitExtensions.swift */; };
		0BCA2BB41E8AAB2D00C5F0FE /* SocketIOExtensions.swift in Sources */ = {isa = PBXBuildFile; fileRef = 0BF2B5D91E12635C004A4DF1 /* SocketIOExtensions.swift */; };
		0BCA2BB51E8AAB2D00C5F0FE /* WeDeployAuth.swift in Sources */ = {isa = PBXBuildFile; fileRef = 88EB6CDC1DF1A7EF00FE7362 /* WeDeployAuth.swift */; };
		0BCA2BB61E8AAB2D00C5F0FE /* WeDeployEmail.swift in Sources */ = {isa = PBXBuildFile; fileRef = 88EB6CDD1DF1A7EF00FE7362 /* WeDeployEmail.swift */; };
		0BCA2BB71E8AAB2D00C5F0FE /* WeDeployData.swift in Sources */ = {isa = PBXBuildFile; fileRef = 0BF2B5CF1E12518E004A4DF1 /* WeDeployData.swift */; };
		0BCA2BB81E8AAB2D00C5F0FE /* WeDeployService.swift in Sources */ = {isa = PBXBuildFile; fileRef = 0BE2859F1E7057BB00E56EDE /* WeDeployService.swift */; };
		0BCA2BB91E8AAB2D00C5F0FE /* AuthProvider.swift in Sources */ = {isa = PBXBuildFile; fileRef = 0B43AB151E0C0E8500701E52 /* AuthProvider.swift */; };
		0BCA2BBA1E8AAB2D00C5F0FE /* Auth.swift in Sources */ = {isa = PBXBuildFile; fileRef = CC70B5671CA485B70015F61F /* Auth.swift */; };
		0BCA2BBB1E8AAB2D00C5F0FE /* BasicAuth.swift in Sources */ = {isa = PBXBuildFile; fileRef = CC70B5691CA485CB0015F61F /* BasicAuth.swift */; };
		0BCA2BBC1E8AAB2D00C5F0FE /* TokenAuth.swift in Sources */ = {isa = PBXBuildFile; fileRef = 0BB0C2BB1DE8333D00CACDE1 /* TokenAuth.swift */; };
		0BCA2BBE1E8AAB2D00C5F0FE /* DictionaryExtension.swift in Sources */ = {isa = PBXBuildFile; fileRef = CCF69EA11C46BA7100961988 /* DictionaryExtension.swift */; };
		0BCA2BBF1E8AAB2D00C5F0FE /* Filter.swift in Sources */ = {isa = PBXBuildFile; fileRef = CC0C23AA1C3F0B8600408177 /* Filter.swift */; };
		0BCA2BC01E8AAB2D00C5F0FE /* Query.swift in Sources */ = {isa = PBXBuildFile; fileRef = CC0C23AB1C3F0B8600408177 /* Query.swift */; };
		0BCA2BC11E8AAB2D00C5F0FE /* Aggregation.swift in Sources */ = {isa = PBXBuildFile; fileRef = 0B575EDF1E6F0A7500A8B021 /* Aggregation.swift */; };
		0BCA2BC21E8AAB2D00C5F0FE /* SocketIOClientFactory.swift in Sources */ = {isa = PBXBuildFile; fileRef = CC05BAB21C40A862007D9BAB /* SocketIOClientFactory.swift */; };
		0BCA2BC31E8AAB2D00C5F0FE /* RequestBuilder.swift in Sources */ = {isa = PBXBuildFile; fileRef = 0BBF702B1DEC93FC00C94DA8 /* RequestBuilder.swift */; };
		0BCA2BC41E8AAB2D00C5F0FE /* Request.swift in Sources */ = {isa = PBXBuildFile; fileRef = CC0C23B01C3F0C1B00408177 /* Request.swift */; };
		0BCA2BC51E8AAB2D00C5F0FE /* RequestMethod.swift in Sources */ = {isa = PBXBuildFile; fileRef = CC2F361F1C3FE50500902BD4 /* RequestMethod.swift */; };
		0BCA2BC61E8AAB2D00C5F0FE /* Response.swift in Sources */ = {isa = PBXBuildFile; fileRef = CC0C23B11C3F0C1B00408177 /* Response.swift */; };
		0BCA2BC71E8AAB2D00C5F0FE /* Transport.swift in Sources */ = {isa = PBXBuildFile; fileRef = CC0C23B21C3F0C1B00408177 /* Transport.swift */; };
		0BCA2BC81E8AAB2D00C5F0FE /* User.swift in Sources */ = {isa = PBXBuildFile; fileRef = 0BB3BE771DE8565E00FA90EE /* User.swift */; };
		0BCA2BC91E8AAB2D00C5F0FE /* WeDeploy.swift in Sources */ = {isa = PBXBuildFile; fileRef = 0BD6B4131DED78AE0020668D /* WeDeploy.swift */; };
		0BCA2BCA1E8AAB2D00C5F0FE /* WeDeployError.swift in Sources */ = {isa = PBXBuildFile; fileRef = 0B5802321DED9FF7002C3E7A /* WeDeployError.swift */; };
		0BCD53AC1E977FCE00F31845 /* EmailServiceTest.swift in Sources */ = {isa = PBXBuildFile; fileRef = 0BCD53A81E977FAF00F31845 /* EmailServiceTest.swift */; };
		0BCD53AF1E97883000F31845 /* PromiseKitExtensionsTest.swift in Sources */ = {isa = PBXBuildFile; fileRef = 0BCD53AD1E97881700F31845 /* PromiseKitExtensionsTest.swift */; };
		0BD6B4141DED78AE0020668D /* WeDeploy.swift in Sources */ = {isa = PBXBuildFile; fileRef = 0BD6B4131DED78AE0020668D /* WeDeploy.swift */; };
		0BDA424A1E13B19000533412 /* SocketIOClientFactory.swift in Sources */ = {isa = PBXBuildFile; fileRef = CC05BAB21C40A862007D9BAB /* SocketIOClientFactory.swift */; };
		0BDA424C1E13F2CA00533412 /* WatchTest.swift in Sources */ = {isa = PBXBuildFile; fileRef = CC05BAB51C40A880007D9BAB /* WatchTest.swift */; };
		0BDABE911DEAEA27001B02BF /* ResponseTest.swift in Sources */ = {isa = PBXBuildFile; fileRef = CC0C23CD1C3F0EC700408177 /* ResponseTest.swift */; };
		0BE1D1311E0D33C600FFE689 /* AuthProviderTest.swift in Sources */ = {isa = PBXBuildFile; fileRef = 0BE1D1301E0D33C600FFE689 /* AuthProviderTest.swift */; };
		0BE1D1331E0D3C2700FFE689 /* FilterTest.swift in Sources */ = {isa = PBXBuildFile; fileRef = CC0C23BC1C3F0D3300408177 /* FilterTest.swift */; };
		0BE1D1341E0D3C9500FFE689 /* XCTestCaseExtension.swift in Sources */ = {isa = PBXBuildFile; fileRef = CC0631621AEB17530097D129 /* XCTestCaseExtension.swift */; };
		0BE285A01E7057BB00E56EDE /* WeDeployService.swift in Sources */ = {isa = PBXBuildFile; fileRef = 0BE2859F1E7057BB00E56EDE /* WeDeployService.swift */; };
		0BE4A57A1E8AAEB700375F91 /* XCTest.framework in Frameworks */ = {isa = PBXBuildFile; fileRef = 0BE4A5791E8AAEB700375F91 /* XCTest.framework */; };
		0BE4A57C1E8AAEBD00375F91 /* XCTest.framework in Frameworks */ = {isa = PBXBuildFile; fileRef = 0BE4A57B1E8AAEBD00375F91 /* XCTest.framework */; };
		0BF2B5D01E12518E004A4DF1 /* WeDeployData.swift in Sources */ = {isa = PBXBuildFile; fileRef = 0BF2B5CF1E12518E004A4DF1 /* WeDeployData.swift */; };
		0BF2B5D31E1254A4004A4DF1 /* WeDeployDataTest.swift in Sources */ = {isa = PBXBuildFile; fileRef = 0BF2B5D11E12548E004A4DF1 /* WeDeployDataTest.swift */; };
		0BF2B5DA1E12635C004A4DF1 /* PromiseKitExtensions.swift in Sources */ = {isa = PBXBuildFile; fileRef = 0BF2B5D81E12635C004A4DF1 /* PromiseKitExtensions.swift */; };
		0BF2B5DB1E12635C004A4DF1 /* SocketIOExtensions.swift in Sources */ = {isa = PBXBuildFile; fileRef = 0BF2B5D91E12635C004A4DF1 /* SocketIOExtensions.swift */; };
		577F12761E8AF0FF00612851 /* PromiseKit.framework in Frameworks */ = {isa = PBXBuildFile; fileRef = 577F12731E8AF0EF00612851 /* PromiseKit.framework */; };
		577F12771E8AF0FF00612851 /* RxSwift.framework in Frameworks */ = {isa = PBXBuildFile; fileRef = 577F12741E8AF0EF00612851 /* RxSwift.framework */; };
		577F12781E8AF0FF00612851 /* SocketIO.framework in Frameworks */ = {isa = PBXBuildFile; fileRef = 577F12751E8AF0EF00612851 /* SocketIO.framework */; };
		577F127B1E8AF1ED00612851 /* PromiseKit.framework in Frameworks */ = {isa = PBXBuildFile; fileRef = 577F12731E8AF0EF00612851 /* PromiseKit.framework */; };
		577F127C1E8AF1ED00612851 /* RxSwift.framework in Frameworks */ = {isa = PBXBuildFile; fileRef = 577F12741E8AF0EF00612851 /* RxSwift.framework */; };
		577F127D1E8AF1ED00612851 /* SocketIO.framework in Frameworks */ = {isa = PBXBuildFile; fileRef = 577F12751E8AF0EF00612851 /* SocketIO.framework */; };
		577F127E1E8AF4E000612851 /* PromiseKit.framework in Frameworks */ = {isa = PBXBuildFile; fileRef = 57CBB56B1E8AEF57006E8B5F /* PromiseKit.framework */; };
		577F127F1E8AF4E000612851 /* RxSwift.framework in Frameworks */ = {isa = PBXBuildFile; fileRef = 57CBB56C1E8AEF57006E8B5F /* RxSwift.framework */; };
		577F12801E8AF4E000612851 /* SocketIO.framework in Frameworks */ = {isa = PBXBuildFile; fileRef = 57CBB56D1E8AEF57006E8B5F /* SocketIO.framework */; };
		57CBB5471E8AED4E006E8B5F /* PromiseKit.framework in Frameworks */ = {isa = PBXBuildFile; fileRef = 57CBB5441E8AED4E006E8B5F /* PromiseKit.framework */; };
		57CBB5481E8AED4E006E8B5F /* RxSwift.framework in Frameworks */ = {isa = PBXBuildFile; fileRef = 57CBB5451E8AED4E006E8B5F /* RxSwift.framework */; };
		57CBB5491E8AED4E006E8B5F /* SocketIO.framework in Frameworks */ = {isa = PBXBuildFile; fileRef = 57CBB5461E8AED4E006E8B5F /* SocketIO.framework */; };
		57CBB54C1E8AEE92006E8B5F /* PromiseKit.framework in Frameworks */ = {isa = PBXBuildFile; fileRef = 57CBB5441E8AED4E006E8B5F /* PromiseKit.framework */; };
		57CBB54D1E8AEE92006E8B5F /* RxSwift.framework in Frameworks */ = {isa = PBXBuildFile; fileRef = 57CBB5451E8AED4E006E8B5F /* RxSwift.framework */; };
		57CBB54E1E8AEE92006E8B5F /* SocketIO.framework in Frameworks */ = {isa = PBXBuildFile; fileRef = 57CBB5461E8AED4E006E8B5F /* SocketIO.framework */; };
		57ED48691E9BCA4000B4D097 /* DistanceUnit.swift in Sources */ = {isa = PBXBuildFile; fileRef = 57F666021E918ACB007576F8 /* DistanceUnit.swift */; };
		57ED486A1E9BCA4000B4D097 /* DistanceUnit.swift in Sources */ = {isa = PBXBuildFile; fileRef = 57F666021E918ACB007576F8 /* DistanceUnit.swift */; };
		57F666031E918ACB007576F8 /* DistanceUnit.swift in Sources */ = {isa = PBXBuildFile; fileRef = 57F666021E918ACB007576F8 /* DistanceUnit.swift */; };
		88EB6CDE1DF1A7EF00FE7362 /* WeDeployAuth.swift in Sources */ = {isa = PBXBuildFile; fileRef = 88EB6CDC1DF1A7EF00FE7362 /* WeDeployAuth.swift */; };
		88EB6CDF1DF1A7EF00FE7362 /* WeDeployEmail.swift in Sources */ = {isa = PBXBuildFile; fileRef = 88EB6CDD1DF1A7EF00FE7362 /* WeDeployEmail.swift */; };
		CC0C23881C3DA36400408177 /* WeDeploy.framework in Frameworks */ = {isa = PBXBuildFile; fileRef = CC0C237E1C3DA36400408177 /* WeDeploy.framework */; };
		CC0C23B41C3F0C1B00408177 /* Request.swift in Sources */ = {isa = PBXBuildFile; fileRef = CC0C23B01C3F0C1B00408177 /* Request.swift */; };
		CC0C23B51C3F0C1B00408177 /* Response.swift in Sources */ = {isa = PBXBuildFile; fileRef = CC0C23B11C3F0C1B00408177 /* Response.swift */; };
		CC0C23B61C3F0C1B00408177 /* Transport.swift in Sources */ = {isa = PBXBuildFile; fileRef = CC0C23B21C3F0C1B00408177 /* Transport.swift */; };
		CC0C23D21C3F0EC700408177 /* settings.plist in Resources */ = {isa = PBXBuildFile; fileRef = CC0C23CB1C3F0EC700408177 /* settings.plist */; };
		CC2F36201C3FE50500902BD4 /* RequestMethod.swift in Sources */ = {isa = PBXBuildFile; fileRef = CC2F361F1C3FE50500902BD4 /* RequestMethod.swift */; };
		CC70B5681CA485B70015F61F /* Auth.swift in Sources */ = {isa = PBXBuildFile; fileRef = CC70B5671CA485B70015F61F /* Auth.swift */; };
		CC70B56A1CA485CB0015F61F /* BasicAuth.swift in Sources */ = {isa = PBXBuildFile; fileRef = CC70B5691CA485CB0015F61F /* BasicAuth.swift */; };
		CC9F47B21C4076DB005243FE /* WeDeploy.podspec in Resources */ = {isa = PBXBuildFile; fileRef = CC9F47B11C4076DB005243FE /* WeDeploy.podspec */; };
/* End PBXBuildFile section */

/* Begin PBXContainerItemProxy section */
		0BCA2B381E8AA5CC00C5F0FE /* PBXContainerItemProxy */ = {
			isa = PBXContainerItemProxy;
			containerPortal = CC6004E41ADEC22200B8F2E5 /* Project object */;
			proxyType = 1;
			remoteGlobalIDString = 0BCA2B2D1E8AA5CC00C5F0FE;
			remoteInfo = "WeDeploy-macOS";
		};
		0BCA2B711E8AA99200C5F0FE /* PBXContainerItemProxy */ = {
			isa = PBXContainerItemProxy;
			containerPortal = CC6004E41ADEC22200B8F2E5 /* Project object */;
			proxyType = 1;
			remoteGlobalIDString = 0BCA2B661E8AA99200C5F0FE;
			remoteInfo = "WeDeploy-tvOS";
		};
		CC0C23891C3DA36400408177 /* PBXContainerItemProxy */ = {
			isa = PBXContainerItemProxy;
			containerPortal = CC6004E41ADEC22200B8F2E5 /* Project object */;
			proxyType = 1;
			remoteGlobalIDString = CC0C237D1C3DA36400408177;
			remoteInfo = WeDeploy;
		};
/* End PBXContainerItemProxy section */

/* Begin PBXFileReference section */
		0B34CD8A1E8BF34300E12884 /* Range.swift */ = {isa = PBXFileReference; fileEncoding = 4; lastKnownFileType = sourcecode.swift; path = Range.swift; sourceTree = "<group>"; };
		0B34CD8C1E8C024C00E12884 /* Geo.swift */ = {isa = PBXFileReference; fileEncoding = 4; lastKnownFileType = sourcecode.swift; path = Geo.swift; sourceTree = "<group>"; };
		0B43AB151E0C0E8500701E52 /* AuthProvider.swift */ = {isa = PBXFileReference; fileEncoding = 4; lastKnownFileType = sourcecode.swift; path = AuthProvider.swift; sourceTree = "<group>"; };
		0B45FB001E8E588A00CBB073 /* PromiseKitTestExtension.swift */ = {isa = PBXFileReference; fileEncoding = 4; lastKnownFileType = sourcecode.swift; path = PromiseKitTestExtension.swift; sourceTree = "<group>"; };
		0B46BA131DEED48B00EB28CF /* WeDeployAuthTest.swift */ = {isa = PBXFileReference; fileEncoding = 4; lastKnownFileType = sourcecode.swift; path = WeDeployAuthTest.swift; sourceTree = "<group>"; };
		0B46BA151DEEDB7300EB28CF /* WeDeployEmailTest.swift */ = {isa = PBXFileReference; fileEncoding = 4; lastKnownFileType = sourcecode.swift; path = WeDeployEmailTest.swift; sourceTree = "<group>"; };
		0B575EDF1E6F0A7500A8B021 /* Aggregation.swift */ = {isa = PBXFileReference; fileEncoding = 4; lastKnownFileType = sourcecode.swift; path = Aggregation.swift; sourceTree = "<group>"; };
		0B5802321DED9FF7002C3E7A /* WeDeployError.swift */ = {isa = PBXFileReference; fileEncoding = 4; lastKnownFileType = sourcecode.swift; path = WeDeployError.swift; sourceTree = "<group>"; };
		0BB0C2BB1DE8333D00CACDE1 /* TokenAuth.swift */ = {isa = PBXFileReference; fileEncoding = 4; lastKnownFileType = sourcecode.swift; path = TokenAuth.swift; sourceTree = "<group>"; };
		0BB0C2C01DE83C1200CACDE1 /* XCTest.framework */ = {isa = PBXFileReference; lastKnownFileType = wrapper.framework; name = XCTest.framework; path = Platforms/iPhoneOS.platform/Developer/Library/Frameworks/XCTest.framework; sourceTree = DEVELOPER_DIR; };
		0BB3BE771DE8565E00FA90EE /* User.swift */ = {isa = PBXFileReference; fileEncoding = 4; lastKnownFileType = sourcecode.swift; path = User.swift; sourceTree = "<group>"; };
		0BBD1B7D1E97BF3100EA5474 /* Constants.swift */ = {isa = PBXFileReference; fileEncoding = 4; lastKnownFileType = sourcecode.swift; path = Constants.swift; sourceTree = "<group>"; };
		0BBF702B1DEC93FC00C94DA8 /* RequestBuilder.swift */ = {isa = PBXFileReference; fileEncoding = 4; lastKnownFileType = sourcecode.swift; name = RequestBuilder.swift; path = ../RequestBuilder.swift; sourceTree = "<group>"; };
		0BBF702D1DECA14400C94DA8 /* RequestBuilderTest.swift */ = {isa = PBXFileReference; fileEncoding = 4; lastKnownFileType = sourcecode.swift; path = RequestBuilderTest.swift; sourceTree = "<group>"; };
		0BCA2B2E1E8AA5CC00C5F0FE /* WeDeploy.framework */ = {isa = PBXFileReference; explicitFileType = wrapper.framework; includeInIndex = 0; path = WeDeploy.framework; sourceTree = BUILT_PRODUCTS_DIR; };
		0BCA2B361E8AA5CC00C5F0FE /* WeDeploy-macOSTests.xctest */ = {isa = PBXFileReference; explicitFileType = wrapper.cfbundle; includeInIndex = 0; path = "WeDeploy-macOSTests.xctest"; sourceTree = BUILT_PRODUCTS_DIR; };
		0BCA2B3D1E8AA5CC00C5F0FE /* Info.plist */ = {isa = PBXFileReference; lastKnownFileType = text.plist.xml; path = Info.plist; sourceTree = "<group>"; };
		0BCA2B671E8AA99200C5F0FE /* WeDeploy.framework */ = {isa = PBXFileReference; explicitFileType = wrapper.framework; includeInIndex = 0; path = WeDeploy.framework; sourceTree = BUILT_PRODUCTS_DIR; };
		0BCA2B6F1E8AA99200C5F0FE /* WeDeploy-tvOSTests.xctest */ = {isa = PBXFileReference; explicitFileType = wrapper.cfbundle; includeInIndex = 0; path = "WeDeploy-tvOSTests.xctest"; sourceTree = BUILT_PRODUCTS_DIR; };
		0BCA2B761E8AA99200C5F0FE /* Info.plist */ = {isa = PBXFileReference; lastKnownFileType = text.plist.xml; path = Info.plist; sourceTree = "<group>"; };
		0BCD53A81E977FAF00F31845 /* EmailServiceTest.swift */ = {isa = PBXFileReference; fileEncoding = 4; lastKnownFileType = sourcecode.swift; path = EmailServiceTest.swift; sourceTree = "<group>"; };
		0BCD53AD1E97881700F31845 /* PromiseKitExtensionsTest.swift */ = {isa = PBXFileReference; fileEncoding = 4; lastKnownFileType = sourcecode.swift; path = PromiseKitExtensionsTest.swift; sourceTree = "<group>"; };
		0BD6B4131DED78AE0020668D /* WeDeploy.swift */ = {isa = PBXFileReference; fileEncoding = 4; lastKnownFileType = sourcecode.swift; path = WeDeploy.swift; sourceTree = "<group>"; };
		0BE1D1301E0D33C600FFE689 /* AuthProviderTest.swift */ = {isa = PBXFileReference; fileEncoding = 4; lastKnownFileType = sourcecode.swift; path = AuthProviderTest.swift; sourceTree = "<group>"; };
		0BE2859F1E7057BB00E56EDE /* WeDeployService.swift */ = {isa = PBXFileReference; fileEncoding = 4; lastKnownFileType = sourcecode.swift; path = WeDeployService.swift; sourceTree = "<group>"; };
		0BE4A5791E8AAEB700375F91 /* XCTest.framework */ = {isa = PBXFileReference; lastKnownFileType = wrapper.framework; name = XCTest.framework; path = Platforms/MacOSX.platform/Developer/Library/Frameworks/XCTest.framework; sourceTree = DEVELOPER_DIR; };
		0BE4A57B1E8AAEBD00375F91 /* XCTest.framework */ = {isa = PBXFileReference; lastKnownFileType = wrapper.framework; name = XCTest.framework; path = Platforms/AppleTVOS.platform/Developer/Library/Frameworks/XCTest.framework; sourceTree = DEVELOPER_DIR; };
		0BF2B5CF1E12518E004A4DF1 /* WeDeployData.swift */ = {isa = PBXFileReference; fileEncoding = 4; lastKnownFileType = sourcecode.swift; path = WeDeployData.swift; sourceTree = "<group>"; };
		0BF2B5D11E12548E004A4DF1 /* WeDeployDataTest.swift */ = {isa = PBXFileReference; fileEncoding = 4; lastKnownFileType = sourcecode.swift; path = WeDeployDataTest.swift; sourceTree = "<group>"; };
		0BF2B5D81E12635C004A4DF1 /* PromiseKitExtensions.swift */ = {isa = PBXFileReference; fileEncoding = 4; lastKnownFileType = sourcecode.swift; path = PromiseKitExtensions.swift; sourceTree = "<group>"; };
		0BF2B5D91E12635C004A4DF1 /* SocketIOExtensions.swift */ = {isa = PBXFileReference; fileEncoding = 4; lastKnownFileType = sourcecode.swift; path = SocketIOExtensions.swift; sourceTree = "<group>"; };
		577F12621E8AF0EF00612851 /* 210A59B1-BF9D-3878-AF62-A516D0403777.bcsymbolmap */ = {isa = PBXFileReference; lastKnownFileType = text; path = "210A59B1-BF9D-3878-AF62-A516D0403777.bcsymbolmap"; sourceTree = "<group>"; };
		577F12631E8AF0EF00612851 /* 9399BE6F-4AF3-30D1-B6DD-2C087B182BE8.bcsymbolmap */ = {isa = PBXFileReference; lastKnownFileType = text; path = "9399BE6F-4AF3-30D1-B6DD-2C087B182BE8.bcsymbolmap"; sourceTree = "<group>"; };
		577F12641E8AF0EF00612851 /* B06447F8-CF78-3906-B478-87D8B2F43C56.bcsymbolmap */ = {isa = PBXFileReference; lastKnownFileType = text; path = "B06447F8-CF78-3906-B478-87D8B2F43C56.bcsymbolmap"; sourceTree = "<group>"; };
		577F12651E8AF0EF00612851 /* E127128E-3F28-3B09-9FA8-D17CB69E10E6.bcsymbolmap */ = {isa = PBXFileReference; lastKnownFileType = text; path = "E127128E-3F28-3B09-9FA8-D17CB69E10E6.bcsymbolmap"; sourceTree = "<group>"; };
		577F12661E8AF0EF00612851 /* E6F95D7A-9037-3BF7-8C50-0B5FB0F54F88.bcsymbolmap */ = {isa = PBXFileReference; lastKnownFileType = text; path = "E6F95D7A-9037-3BF7-8C50-0B5FB0F54F88.bcsymbolmap"; sourceTree = "<group>"; };
		577F12671E8AF0EF00612851 /* PromiseKit.framework */ = {isa = PBXFileReference; lastKnownFileType = wrapper.framework; path = PromiseKit.framework; sourceTree = "<group>"; };
		577F12681E8AF0EF00612851 /* PromiseKit.framework.dSYM */ = {isa = PBXFileReference; lastKnownFileType = wrapper.dsym; path = PromiseKit.framework.dSYM; sourceTree = "<group>"; };
		577F12691E8AF0EF00612851 /* RxBlocking.framework */ = {isa = PBXFileReference; lastKnownFileType = wrapper.framework; path = RxBlocking.framework; sourceTree = "<group>"; };
		577F126A1E8AF0EF00612851 /* RxBlocking.framework.dSYM */ = {isa = PBXFileReference; lastKnownFileType = wrapper.dsym; path = RxBlocking.framework.dSYM; sourceTree = "<group>"; };
		577F126B1E8AF0EF00612851 /* RxCocoa.framework */ = {isa = PBXFileReference; lastKnownFileType = wrapper.framework; path = RxCocoa.framework; sourceTree = "<group>"; };
		577F126C1E8AF0EF00612851 /* RxCocoa.framework.dSYM */ = {isa = PBXFileReference; lastKnownFileType = wrapper.dsym; path = RxCocoa.framework.dSYM; sourceTree = "<group>"; };
		577F126D1E8AF0EF00612851 /* RxSwift.framework */ = {isa = PBXFileReference; lastKnownFileType = wrapper.framework; path = RxSwift.framework; sourceTree = "<group>"; };
		577F126E1E8AF0EF00612851 /* RxSwift.framework.dSYM */ = {isa = PBXFileReference; lastKnownFileType = wrapper.dsym; path = RxSwift.framework.dSYM; sourceTree = "<group>"; };
		577F126F1E8AF0EF00612851 /* RxTest.framework */ = {isa = PBXFileReference; lastKnownFileType = wrapper.framework; path = RxTest.framework; sourceTree = "<group>"; };
		577F12701E8AF0EF00612851 /* RxTest.framework.dSYM */ = {isa = PBXFileReference; lastKnownFileType = wrapper.dsym; path = RxTest.framework.dSYM; sourceTree = "<group>"; };
		577F12711E8AF0EF00612851 /* SocketIO.framework */ = {isa = PBXFileReference; lastKnownFileType = wrapper.framework; path = SocketIO.framework; sourceTree = "<group>"; };
		577F12721E8AF0EF00612851 /* SocketIO.framework.dSYM */ = {isa = PBXFileReference; lastKnownFileType = wrapper.dsym; path = SocketIO.framework.dSYM; sourceTree = "<group>"; };
		577F12731E8AF0EF00612851 /* PromiseKit.framework */ = {isa = PBXFileReference; lastKnownFileType = wrapper.framework; name = PromiseKit.framework; path = Carthage/Build/tvOS/PromiseKit.framework; sourceTree = "<group>"; };
		577F12741E8AF0EF00612851 /* RxSwift.framework */ = {isa = PBXFileReference; lastKnownFileType = wrapper.framework; name = RxSwift.framework; path = Carthage/Build/tvOS/RxSwift.framework; sourceTree = "<group>"; };
		577F12751E8AF0EF00612851 /* SocketIO.framework */ = {isa = PBXFileReference; lastKnownFileType = wrapper.framework; name = SocketIO.framework; path = Carthage/Build/tvOS/SocketIO.framework; sourceTree = "<group>"; };
		57CBB5411E8AED3B006E8B5F /* WeDeploy.xcodeproj */ = {isa = PBXFileReference; lastKnownFileType = "wrapper.pb-project"; path = WeDeploy.xcodeproj; sourceTree = "<group>"; };
		57CBB5441E8AED4E006E8B5F /* PromiseKit.framework */ = {isa = PBXFileReference; lastKnownFileType = wrapper.framework; name = PromiseKit.framework; path = Carthage/Build/iOS/PromiseKit.framework; sourceTree = "<group>"; };
		57CBB5451E8AED4E006E8B5F /* RxSwift.framework */ = {isa = PBXFileReference; lastKnownFileType = wrapper.framework; name = RxSwift.framework; path = Carthage/Build/iOS/RxSwift.framework; sourceTree = "<group>"; };
		57CBB5461E8AED4E006E8B5F /* SocketIO.framework */ = {isa = PBXFileReference; lastKnownFileType = wrapper.framework; name = SocketIO.framework; path = Carthage/Build/iOS/SocketIO.framework; sourceTree = "<group>"; };
		57CBB5551E8AEF57006E8B5F /* 0539D50B-FC07-3F64-B7A0-C570210EF364.bcsymbolmap */ = {isa = PBXFileReference; lastKnownFileType = text; path = "0539D50B-FC07-3F64-B7A0-C570210EF364.bcsymbolmap"; sourceTree = "<group>"; };
		57CBB5561E8AEF57006E8B5F /* 15C6BD3C-B8CC-3D84-A529-CAFF2EC4C79C.bcsymbolmap */ = {isa = PBXFileReference; lastKnownFileType = text; path = "15C6BD3C-B8CC-3D84-A529-CAFF2EC4C79C.bcsymbolmap"; sourceTree = "<group>"; };
		57CBB5571E8AEF57006E8B5F /* 31DB5520-E3EB-3A2F-8B0C-7BDB5800D512.bcsymbolmap */ = {isa = PBXFileReference; lastKnownFileType = text; path = "31DB5520-E3EB-3A2F-8B0C-7BDB5800D512.bcsymbolmap"; sourceTree = "<group>"; };
		57CBB5581E8AEF57006E8B5F /* 3499BC55-A411-39CE-9055-1913A4B460CD.bcsymbolmap */ = {isa = PBXFileReference; lastKnownFileType = text; path = "3499BC55-A411-39CE-9055-1913A4B460CD.bcsymbolmap"; sourceTree = "<group>"; };
		57CBB5591E8AEF57006E8B5F /* 461875E5-F388-3897-98A0-9FECE7CEF1EB.bcsymbolmap */ = {isa = PBXFileReference; lastKnownFileType = text; path = "461875E5-F388-3897-98A0-9FECE7CEF1EB.bcsymbolmap"; sourceTree = "<group>"; };
		57CBB55A1E8AEF57006E8B5F /* 598AB9AC-D429-3CD0-95E1-882398C2C7D8.bcsymbolmap */ = {isa = PBXFileReference; lastKnownFileType = text; path = "598AB9AC-D429-3CD0-95E1-882398C2C7D8.bcsymbolmap"; sourceTree = "<group>"; };
		57CBB55B1E8AEF57006E8B5F /* 935D7B5E-D6AE-312F-8187-234A3B110539.bcsymbolmap */ = {isa = PBXFileReference; lastKnownFileType = text; path = "935D7B5E-D6AE-312F-8187-234A3B110539.bcsymbolmap"; sourceTree = "<group>"; };
		57CBB55C1E8AEF57006E8B5F /* 961DD852-A131-37DD-B246-8FB616BBFBA5.bcsymbolmap */ = {isa = PBXFileReference; lastKnownFileType = text; path = "961DD852-A131-37DD-B246-8FB616BBFBA5.bcsymbolmap"; sourceTree = "<group>"; };
		57CBB55D1E8AEF57006E8B5F /* A0D0D275-9F90-3387-B124-A10DA4710715.bcsymbolmap */ = {isa = PBXFileReference; lastKnownFileType = text; path = "A0D0D275-9F90-3387-B124-A10DA4710715.bcsymbolmap"; sourceTree = "<group>"; };
		57CBB55E1E8AEF57006E8B5F /* AA8C905F-1CA3-375E-AE9B-2C1D081A7F0D.bcsymbolmap */ = {isa = PBXFileReference; lastKnownFileType = text; path = "AA8C905F-1CA3-375E-AE9B-2C1D081A7F0D.bcsymbolmap"; sourceTree = "<group>"; };
		57CBB55F1E8AEF57006E8B5F /* PromiseKit.framework */ = {isa = PBXFileReference; lastKnownFileType = wrapper.framework; path = PromiseKit.framework; sourceTree = "<group>"; };
		57CBB5601E8AEF57006E8B5F /* PromiseKit.framework.dSYM */ = {isa = PBXFileReference; lastKnownFileType = wrapper.dsym; path = PromiseKit.framework.dSYM; sourceTree = "<group>"; };
		57CBB5611E8AEF57006E8B5F /* RxBlocking.framework */ = {isa = PBXFileReference; lastKnownFileType = wrapper.framework; path = RxBlocking.framework; sourceTree = "<group>"; };
		57CBB5621E8AEF57006E8B5F /* RxBlocking.framework.dSYM */ = {isa = PBXFileReference; lastKnownFileType = wrapper.dsym; path = RxBlocking.framework.dSYM; sourceTree = "<group>"; };
		57CBB5631E8AEF57006E8B5F /* RxCocoa.framework */ = {isa = PBXFileReference; lastKnownFileType = wrapper.framework; path = RxCocoa.framework; sourceTree = "<group>"; };
		57CBB5641E8AEF57006E8B5F /* RxCocoa.framework.dSYM */ = {isa = PBXFileReference; lastKnownFileType = wrapper.dsym; path = RxCocoa.framework.dSYM; sourceTree = "<group>"; };
		57CBB5651E8AEF57006E8B5F /* RxSwift.framework */ = {isa = PBXFileReference; lastKnownFileType = wrapper.framework; path = RxSwift.framework; sourceTree = "<group>"; };
		57CBB5661E8AEF57006E8B5F /* RxSwift.framework.dSYM */ = {isa = PBXFileReference; lastKnownFileType = wrapper.dsym; path = RxSwift.framework.dSYM; sourceTree = "<group>"; };
		57CBB5671E8AEF57006E8B5F /* RxTest.framework */ = {isa = PBXFileReference; lastKnownFileType = wrapper.framework; path = RxTest.framework; sourceTree = "<group>"; };
		57CBB5681E8AEF57006E8B5F /* RxTest.framework.dSYM */ = {isa = PBXFileReference; lastKnownFileType = wrapper.dsym; path = RxTest.framework.dSYM; sourceTree = "<group>"; };
		57CBB5691E8AEF57006E8B5F /* SocketIO.framework */ = {isa = PBXFileReference; lastKnownFileType = wrapper.framework; path = SocketIO.framework; sourceTree = "<group>"; };
		57CBB56A1E8AEF57006E8B5F /* SocketIO.framework.dSYM */ = {isa = PBXFileReference; lastKnownFileType = wrapper.dsym; path = SocketIO.framework.dSYM; sourceTree = "<group>"; };
		57CBB56B1E8AEF57006E8B5F /* PromiseKit.framework */ = {isa = PBXFileReference; lastKnownFileType = wrapper.framework; name = PromiseKit.framework; path = Carthage/Build/Mac/PromiseKit.framework; sourceTree = "<group>"; };
		57CBB56C1E8AEF57006E8B5F /* RxSwift.framework */ = {isa = PBXFileReference; lastKnownFileType = wrapper.framework; name = RxSwift.framework; path = Carthage/Build/Mac/RxSwift.framework; sourceTree = "<group>"; };
		57CBB56D1E8AEF57006E8B5F /* SocketIO.framework */ = {isa = PBXFileReference; lastKnownFileType = wrapper.framework; name = SocketIO.framework; path = Carthage/Build/Mac/SocketIO.framework; sourceTree = "<group>"; };
		57F666021E918ACB007576F8 /* DistanceUnit.swift */ = {isa = PBXFileReference; fileEncoding = 4; lastKnownFileType = sourcecode.swift; path = DistanceUnit.swift; sourceTree = "<group>"; };
		7B0CDEE64BB19267687ADF48 /* Pods.framework */ = {isa = PBXFileReference; explicitFileType = wrapper.framework; includeInIndex = 0; path = Pods.framework; sourceTree = BUILT_PRODUCTS_DIR; };
		88EB6CDC1DF1A7EF00FE7362 /* WeDeployAuth.swift */ = {isa = PBXFileReference; fileEncoding = 4; lastKnownFileType = sourcecode.swift; path = WeDeployAuth.swift; sourceTree = "<group>"; };
		88EB6CDD1DF1A7EF00FE7362 /* WeDeployEmail.swift */ = {isa = PBXFileReference; fileEncoding = 4; lastKnownFileType = sourcecode.swift; path = WeDeployEmail.swift; sourceTree = "<group>"; };
		CC05BAB21C40A862007D9BAB /* SocketIOClientFactory.swift */ = {isa = PBXFileReference; fileEncoding = 4; lastKnownFileType = sourcecode.swift; path = SocketIOClientFactory.swift; sourceTree = "<group>"; };
		CC05BAB51C40A880007D9BAB /* WatchTest.swift */ = {isa = PBXFileReference; fileEncoding = 4; lastKnownFileType = sourcecode.swift; path = WatchTest.swift; sourceTree = "<group>"; };
		CC0631621AEB17530097D129 /* XCTestCaseExtension.swift */ = {isa = PBXFileReference; fileEncoding = 4; lastKnownFileType = sourcecode.swift; path = XCTestCaseExtension.swift; sourceTree = "<group>"; };
		CC0C237E1C3DA36400408177 /* WeDeploy.framework */ = {isa = PBXFileReference; explicitFileType = wrapper.framework; includeInIndex = 0; path = WeDeploy.framework; sourceTree = BUILT_PRODUCTS_DIR; };
		CC0C23871C3DA36400408177 /* Tests.xctest */ = {isa = PBXFileReference; explicitFileType = wrapper.cfbundle; includeInIndex = 0; path = Tests.xctest; sourceTree = BUILT_PRODUCTS_DIR; };
		CC0C23AA1C3F0B8600408177 /* Filter.swift */ = {isa = PBXFileReference; fileEncoding = 4; lastKnownFileType = sourcecode.swift; path = Filter.swift; sourceTree = "<group>"; };
		CC0C23AB1C3F0B8600408177 /* Query.swift */ = {isa = PBXFileReference; fileEncoding = 4; lastKnownFileType = sourcecode.swift; path = Query.swift; sourceTree = "<group>"; };
		CC0C23B01C3F0C1B00408177 /* Request.swift */ = {isa = PBXFileReference; fileEncoding = 4; lastKnownFileType = sourcecode.swift; path = Request.swift; sourceTree = "<group>"; };
		CC0C23B11C3F0C1B00408177 /* Response.swift */ = {isa = PBXFileReference; fileEncoding = 4; lastKnownFileType = sourcecode.swift; path = Response.swift; sourceTree = "<group>"; };
		CC0C23B21C3F0C1B00408177 /* Transport.swift */ = {isa = PBXFileReference; fileEncoding = 4; lastKnownFileType = sourcecode.swift; path = Transport.swift; sourceTree = "<group>"; };
		CC0C23B71C3F0C5800408177 /* Info.plist */ = {isa = PBXFileReference; fileEncoding = 4; lastKnownFileType = text.plist.xml; path = Info.plist; sourceTree = "<group>"; };
		CC0C23BC1C3F0D3300408177 /* FilterTest.swift */ = {isa = PBXFileReference; fileEncoding = 4; lastKnownFileType = sourcecode.swift; path = FilterTest.swift; sourceTree = "<group>"; };
		CC0C23BD1C3F0D3300408177 /* QueryTest.swift */ = {isa = PBXFileReference; fileEncoding = 4; lastKnownFileType = sourcecode.swift; path = QueryTest.swift; sourceTree = "<group>"; };
		CC0C23C71C3F0EC700408177 /* BaseTest.swift */ = {isa = PBXFileReference; fileEncoding = 4; lastKnownFileType = sourcecode.swift; path = BaseTest.swift; sourceTree = "<group>"; };
		CC0C23CB1C3F0EC700408177 /* settings.plist */ = {isa = PBXFileReference; fileEncoding = 4; lastKnownFileType = text.plist.xml; path = settings.plist; sourceTree = "<group>"; };
		CC0C23CD1C3F0EC700408177 /* ResponseTest.swift */ = {isa = PBXFileReference; fileEncoding = 4; lastKnownFileType = sourcecode.swift; path = ResponseTest.swift; sourceTree = "<group>"; };
		CC2F361F1C3FE50500902BD4 /* RequestMethod.swift */ = {isa = PBXFileReference; fileEncoding = 4; lastKnownFileType = sourcecode.swift; path = RequestMethod.swift; sourceTree = "<group>"; };
		CC70B5671CA485B70015F61F /* Auth.swift */ = {isa = PBXFileReference; fileEncoding = 4; lastKnownFileType = sourcecode.swift; path = Auth.swift; sourceTree = "<group>"; };
		CC70B5691CA485CB0015F61F /* BasicAuth.swift */ = {isa = PBXFileReference; fileEncoding = 4; lastKnownFileType = sourcecode.swift; path = BasicAuth.swift; sourceTree = "<group>"; };
		CC9F47B11C4076DB005243FE /* WeDeploy.podspec */ = {isa = PBXFileReference; fileEncoding = 4; lastKnownFileType = text; path = WeDeploy.podspec; sourceTree = "<group>"; };
		CC9F47B51C407E89005243FE /* Pods.framework */ = {isa = PBXFileReference; lastKnownFileType = wrapper.framework; name = Pods.framework; path = "Pods/../build/Debug-iphoneos/Pods.framework"; sourceTree = "<group>"; };
		CCA17B9F1ADEC3D7000BF430 /* Info.plist */ = {isa = PBXFileReference; fileEncoding = 4; lastKnownFileType = text.plist.xml; path = Info.plist; sourceTree = "<group>"; };
		CCF69EA11C46BA7100961988 /* DictionaryExtension.swift */ = {isa = PBXFileReference; fileEncoding = 4; lastKnownFileType = sourcecode.swift; path = DictionaryExtension.swift; sourceTree = "<group>"; };
		CCF69EA31C46C77900961988 /* DictionaryExtensionTest.swift */ = {isa = PBXFileReference; fileEncoding = 4; lastKnownFileType = sourcecode.swift; path = DictionaryExtensionTest.swift; sourceTree = "<group>"; };
/* End PBXFileReference section */

/* Begin PBXFrameworksBuildPhase section */
		0BCA2B2A1E8AA5CC00C5F0FE /* Frameworks */ = {
			isa = PBXFrameworksBuildPhase;
			buildActionMask = 2147483647;
			files = (
			);
			runOnlyForDeploymentPostprocessing = 0;
		};
		0BCA2B331E8AA5CC00C5F0FE /* Frameworks */ = {
			isa = PBXFrameworksBuildPhase;
			buildActionMask = 2147483647;
			files = (
				577F127E1E8AF4E000612851 /* PromiseKit.framework in Frameworks */,
				577F127F1E8AF4E000612851 /* RxSwift.framework in Frameworks */,
				577F12801E8AF4E000612851 /* SocketIO.framework in Frameworks */,
				0BE4A57A1E8AAEB700375F91 /* XCTest.framework in Frameworks */,
			);
			runOnlyForDeploymentPostprocessing = 0;
		};
		0BCA2B631E8AA99200C5F0FE /* Frameworks */ = {
			isa = PBXFrameworksBuildPhase;
			buildActionMask = 2147483647;
			files = (
				577F12761E8AF0FF00612851 /* PromiseKit.framework in Frameworks */,
				577F12771E8AF0FF00612851 /* RxSwift.framework in Frameworks */,
				577F12781E8AF0FF00612851 /* SocketIO.framework in Frameworks */,
			);
			runOnlyForDeploymentPostprocessing = 0;
		};
		0BCA2B6C1E8AA99200C5F0FE /* Frameworks */ = {
			isa = PBXFrameworksBuildPhase;
			buildActionMask = 2147483647;
			files = (
				577F127B1E8AF1ED00612851 /* PromiseKit.framework in Frameworks */,
				577F127C1E8AF1ED00612851 /* RxSwift.framework in Frameworks */,
				577F127D1E8AF1ED00612851 /* SocketIO.framework in Frameworks */,
				0BE4A57C1E8AAEBD00375F91 /* XCTest.framework in Frameworks */,
			);
			runOnlyForDeploymentPostprocessing = 0;
		};
		CC0C237A1C3DA36400408177 /* Frameworks */ = {
			isa = PBXFrameworksBuildPhase;
			buildActionMask = 2147483647;
			files = (
				57CBB5471E8AED4E006E8B5F /* PromiseKit.framework in Frameworks */,
				57CBB5481E8AED4E006E8B5F /* RxSwift.framework in Frameworks */,
				57CBB5491E8AED4E006E8B5F /* SocketIO.framework in Frameworks */,
			);
			runOnlyForDeploymentPostprocessing = 0;
		};
		CC0C23841C3DA36400408177 /* Frameworks */ = {
			isa = PBXFrameworksBuildPhase;
			buildActionMask = 2147483647;
			files = (
				57CBB54C1E8AEE92006E8B5F /* PromiseKit.framework in Frameworks */,
				57CBB54D1E8AEE92006E8B5F /* RxSwift.framework in Frameworks */,
				57CBB54E1E8AEE92006E8B5F /* SocketIO.framework in Frameworks */,
				0BB0C2C11DE83C1200CACDE1 /* XCTest.framework in Frameworks */,
				CC0C23881C3DA36400408177 /* WeDeploy.framework in Frameworks */,
			);
			runOnlyForDeploymentPostprocessing = 0;
		};
/* End PBXFrameworksBuildPhase section */

/* Begin PBXGroup section */
		0B43AB141E0C0E6800701E52 /* Providers */ = {
			isa = PBXGroup;
			children = (
				0B43AB151E0C0E8500701E52 /* AuthProvider.swift */,
			);
			path = Providers;
			sourceTree = "<group>";
		};
		0BCA2B3A1E8AA5CC00C5F0FE /* WeDeploy-macOSTests */ = {
			isa = PBXGroup;
			children = (
				0BCA2B3D1E8AA5CC00C5F0FE /* Info.plist */,
			);
			path = "WeDeploy-macOSTests";
			sourceTree = "<group>";
		};
		0BCA2B731E8AA99200C5F0FE /* WeDeploy-tvOSTests */ = {
			isa = PBXGroup;
			children = (
				0BCA2B761E8AA99200C5F0FE /* Info.plist */,
			);
			path = "WeDeploy-tvOSTests";
			sourceTree = "<group>";
		};
		0BCD53A71E977F9F00F31845 /* Services */ = {
			isa = PBXGroup;
			children = (
				0BCD53A81E977FAF00F31845 /* EmailServiceTest.swift */,
			);
			name = Services;
			sourceTree = "<group>";
		};
		0BE1D12F1E0D33AE00FFE689 /* Providers */ = {
			isa = PBXGroup;
			children = (
				0BE1D1301E0D33C600FFE689 /* AuthProviderTest.swift */,
			);
			path = Providers;
			sourceTree = "<group>";
		};
		0BF2B5D71E12635C004A4DF1 /* Extensions */ = {
			isa = PBXGroup;
			children = (
				0BF2B5D81E12635C004A4DF1 /* PromiseKitExtensions.swift */,
				0BF2B5D91E12635C004A4DF1 /* SocketIOExtensions.swift */,
			);
			path = Extensions;
			sourceTree = "<group>";
		};
		577F12611E8AF0EF00612851 /* tvOS */ = {
			isa = PBXGroup;
			children = (
				577F12621E8AF0EF00612851 /* 210A59B1-BF9D-3878-AF62-A516D0403777.bcsymbolmap */,
				577F12631E8AF0EF00612851 /* 9399BE6F-4AF3-30D1-B6DD-2C087B182BE8.bcsymbolmap */,
				577F12641E8AF0EF00612851 /* B06447F8-CF78-3906-B478-87D8B2F43C56.bcsymbolmap */,
				577F12651E8AF0EF00612851 /* E127128E-3F28-3B09-9FA8-D17CB69E10E6.bcsymbolmap */,
				577F12661E8AF0EF00612851 /* E6F95D7A-9037-3BF7-8C50-0B5FB0F54F88.bcsymbolmap */,
				577F12671E8AF0EF00612851 /* PromiseKit.framework */,
				577F12681E8AF0EF00612851 /* PromiseKit.framework.dSYM */,
				577F12691E8AF0EF00612851 /* RxBlocking.framework */,
				577F126A1E8AF0EF00612851 /* RxBlocking.framework.dSYM */,
				577F126B1E8AF0EF00612851 /* RxCocoa.framework */,
				577F126C1E8AF0EF00612851 /* RxCocoa.framework.dSYM */,
				577F126D1E8AF0EF00612851 /* RxSwift.framework */,
				577F126E1E8AF0EF00612851 /* RxSwift.framework.dSYM */,
				577F126F1E8AF0EF00612851 /* RxTest.framework */,
				577F12701E8AF0EF00612851 /* RxTest.framework.dSYM */,
				577F12711E8AF0EF00612851 /* SocketIO.framework */,
				577F12721E8AF0EF00612851 /* SocketIO.framework.dSYM */,
			);
			name = tvOS;
			path = Carthage/Build/tvOS;
			sourceTree = "<group>";
		};
		57CBB5421E8AED3B006E8B5F /* Products */ = {
			isa = PBXGroup;
			children = (
			);
			name = Products;
			sourceTree = "<group>";
		};
		57CBB5541E8AEF57006E8B5F /* iOS */ = {
			isa = PBXGroup;
			children = (
				57CBB5551E8AEF57006E8B5F /* 0539D50B-FC07-3F64-B7A0-C570210EF364.bcsymbolmap */,
				57CBB5561E8AEF57006E8B5F /* 15C6BD3C-B8CC-3D84-A529-CAFF2EC4C79C.bcsymbolmap */,
				57CBB5571E8AEF57006E8B5F /* 31DB5520-E3EB-3A2F-8B0C-7BDB5800D512.bcsymbolmap */,
				57CBB5581E8AEF57006E8B5F /* 3499BC55-A411-39CE-9055-1913A4B460CD.bcsymbolmap */,
				57CBB5591E8AEF57006E8B5F /* 461875E5-F388-3897-98A0-9FECE7CEF1EB.bcsymbolmap */,
				57CBB55A1E8AEF57006E8B5F /* 598AB9AC-D429-3CD0-95E1-882398C2C7D8.bcsymbolmap */,
				57CBB55B1E8AEF57006E8B5F /* 935D7B5E-D6AE-312F-8187-234A3B110539.bcsymbolmap */,
				57CBB55C1E8AEF57006E8B5F /* 961DD852-A131-37DD-B246-8FB616BBFBA5.bcsymbolmap */,
				57CBB55D1E8AEF57006E8B5F /* A0D0D275-9F90-3387-B124-A10DA4710715.bcsymbolmap */,
				57CBB55E1E8AEF57006E8B5F /* AA8C905F-1CA3-375E-AE9B-2C1D081A7F0D.bcsymbolmap */,
				57CBB55F1E8AEF57006E8B5F /* PromiseKit.framework */,
				57CBB5601E8AEF57006E8B5F /* PromiseKit.framework.dSYM */,
				57CBB5611E8AEF57006E8B5F /* RxBlocking.framework */,
				57CBB5621E8AEF57006E8B5F /* RxBlocking.framework.dSYM */,
				57CBB5631E8AEF57006E8B5F /* RxCocoa.framework */,
				57CBB5641E8AEF57006E8B5F /* RxCocoa.framework.dSYM */,
				57CBB5651E8AEF57006E8B5F /* RxSwift.framework */,
				57CBB5661E8AEF57006E8B5F /* RxSwift.framework.dSYM */,
				57CBB5671E8AEF57006E8B5F /* RxTest.framework */,
				57CBB5681E8AEF57006E8B5F /* RxTest.framework.dSYM */,
				57CBB5691E8AEF57006E8B5F /* SocketIO.framework */,
				57CBB56A1E8AEF57006E8B5F /* SocketIO.framework.dSYM */,
			);
			name = iOS;
			path = Carthage/Build/iOS;
			sourceTree = "<group>";
		};
		88EB6CD31DF1A7B800FE7362 /* Services */ = {
			isa = PBXGroup;
			children = (
				88EB6CDC1DF1A7EF00FE7362 /* WeDeployAuth.swift */,
				88EB6CDD1DF1A7EF00FE7362 /* WeDeployEmail.swift */,
				0BF2B5CF1E12518E004A4DF1 /* WeDeployData.swift */,
				0BE2859F1E7057BB00E56EDE /* WeDeployService.swift */,
			);
			path = Services;
			sourceTree = "<group>";
		};
		CC05BAB11C40A862007D9BAB /* RealTime */ = {
			isa = PBXGroup;
			children = (
				CC05BAB21C40A862007D9BAB /* SocketIOClientFactory.swift */,
			);
			path = RealTime;
			sourceTree = "<group>";
		};
		CC05BAB41C40A880007D9BAB /* RealTime */ = {
			isa = PBXGroup;
			children = (
				CC05BAB51C40A880007D9BAB /* WatchTest.swift */,
			);
			path = RealTime;
			sourceTree = "<group>";
		};
		CC0C23A91C3F0B8600408177 /* Query */ = {
			isa = PBXGroup;
			children = (
				CCF69EA11C46BA7100961988 /* DictionaryExtension.swift */,
				CC0C23AA1C3F0B8600408177 /* Filter.swift */,
				CC0C23AB1C3F0B8600408177 /* Query.swift */,
				0B575EDF1E6F0A7500A8B021 /* Aggregation.swift */,
				0B34CD8A1E8BF34300E12884 /* Range.swift */,
				0B34CD8C1E8C024C00E12884 /* Geo.swift */,
				57F666021E918ACB007576F8 /* DistanceUnit.swift */,
			);
			path = Query;
			sourceTree = "<group>";
		};
		CC0C23AF1C3F0C1B00408177 /* Transport */ = {
			isa = PBXGroup;
			children = (
				0BBF702B1DEC93FC00C94DA8 /* RequestBuilder.swift */,
				CC0C23B01C3F0C1B00408177 /* Request.swift */,
				CC2F361F1C3FE50500902BD4 /* RequestMethod.swift */,
				CC0C23B11C3F0C1B00408177 /* Response.swift */,
				CC0C23B21C3F0C1B00408177 /* Transport.swift */,
			);
			path = Transport;
			sourceTree = "<group>";
		};
		CC0C23B91C3F0D3300408177 /* Query */ = {
			isa = PBXGroup;
			children = (
				CCF69EA31C46C77900961988 /* DictionaryExtensionTest.swift */,
				CC0C23BC1C3F0D3300408177 /* FilterTest.swift */,
				CC0C23BD1C3F0D3300408177 /* QueryTest.swift */,
			);
			path = Query;
			sourceTree = "<group>";
		};
		CC0C23C61C3F0EC700408177 /* Integration */ = {
			isa = PBXGroup;
			children = (
				CC0C23C71C3F0EC700408177 /* BaseTest.swift */,
				CC0C23CB1C3F0EC700408177 /* settings.plist */,
				0BBF702D1DECA14400C94DA8 /* RequestBuilderTest.swift */,
				0B46BA131DEED48B00EB28CF /* WeDeployAuthTest.swift */,
				0B46BA151DEEDB7300EB28CF /* WeDeployEmailTest.swift */,
				0BF2B5D11E12548E004A4DF1 /* WeDeployDataTest.swift */,
				0BBD1B7D1E97BF3100EA5474 /* Constants.swift */,
			);
			path = Integration;
			sourceTree = "<group>";
		};
		CC0C23CC1C3F0EC700408177 /* Transport */ = {
			isa = PBXGroup;
			children = (
				CC0C23CD1C3F0EC700408177 /* ResponseTest.swift */,
			);
			path = Transport;
			sourceTree = "<group>";
		};
		CC6004E31ADEC22200B8F2E5 = {
			isa = PBXGroup;
			children = (
				CCA17B991ADEC3CB000BF430 /* Source */,
				CCA17B9E1ADEC3D7000BF430 /* Test */,
				0BCA2B3A1E8AA5CC00C5F0FE /* WeDeploy-macOSTests */,
				0BCA2B731E8AA99200C5F0FE /* WeDeploy-tvOSTests */,
				CC6004EE1ADEC22200B8F2E5 /* Products */,
				D96E3C835BA597F43766E24B /* Frameworks */,
				CC0C23B71C3F0C5800408177 /* Info.plist */,
				CC9F47B11C4076DB005243FE /* WeDeploy.podspec */,
			);
			sourceTree = "<group>";
		};
		CC6004EE1ADEC22200B8F2E5 /* Products */ = {
			isa = PBXGroup;
			children = (
				CC0C237E1C3DA36400408177 /* WeDeploy.framework */,
				CC0C23871C3DA36400408177 /* Tests.xctest */,
				0BCA2B2E1E8AA5CC00C5F0FE /* WeDeploy.framework */,
				0BCA2B361E8AA5CC00C5F0FE /* WeDeploy-macOSTests.xctest */,
				0BCA2B671E8AA99200C5F0FE /* WeDeploy.framework */,
				0BCA2B6F1E8AA99200C5F0FE /* WeDeploy-tvOSTests.xctest */,
			);
			name = Products;
			sourceTree = "<group>";
		};
		CC70B5661CA485B70015F61F /* Auth */ = {
			isa = PBXGroup;
			children = (
				0B43AB141E0C0E6800701E52 /* Providers */,
				CC70B5671CA485B70015F61F /* Auth.swift */,
				CC70B5691CA485CB0015F61F /* BasicAuth.swift */,
				0BB0C2BB1DE8333D00CACDE1 /* TokenAuth.swift */,
			);
			path = Auth;
			sourceTree = "<group>";
		};
		CCA17B991ADEC3CB000BF430 /* Source */ = {
			isa = PBXGroup;
			children = (
				0BF2B5D71E12635C004A4DF1 /* Extensions */,
				88EB6CD31DF1A7B800FE7362 /* Services */,
				CC70B5661CA485B70015F61F /* Auth */,
				CC0C23A91C3F0B8600408177 /* Query */,
				CC05BAB11C40A862007D9BAB /* RealTime */,
				CC0C23AF1C3F0C1B00408177 /* Transport */,
				0BB3BE771DE8565E00FA90EE /* User.swift */,
				0BD6B4131DED78AE0020668D /* WeDeploy.swift */,
				0B5802321DED9FF7002C3E7A /* WeDeployError.swift */,
			);
			path = Source;
			sourceTree = "<group>";
		};
		CCA17B9E1ADEC3D7000BF430 /* Test */ = {
			isa = PBXGroup;
			children = (
				0BCD53A71E977F9F00F31845 /* Services */,
				0BE1D12F1E0D33AE00FFE689 /* Providers */,
				CC0C23C61C3F0EC700408177 /* Integration */,
				CC0C23B91C3F0D3300408177 /* Query */,
				CC05BAB41C40A880007D9BAB /* RealTime */,
				CC0C23CC1C3F0EC700408177 /* Transport */,
				CCA17B9F1ADEC3D7000BF430 /* Info.plist */,
				CC0631621AEB17530097D129 /* XCTestCaseExtension.swift */,
				0B45FB001E8E588A00CBB073 /* PromiseKitTestExtension.swift */,
				0BCD53AD1E97881700F31845 /* PromiseKitExtensionsTest.swift */,
			);
			path = Test;
			sourceTree = "<group>";
		};
		D96E3C835BA597F43766E24B /* Frameworks */ = {
			isa = PBXGroup;
			children = (
				577F12611E8AF0EF00612851 /* tvOS */,
				577F12731E8AF0EF00612851 /* PromiseKit.framework */,
				577F12741E8AF0EF00612851 /* RxSwift.framework */,
				577F12751E8AF0EF00612851 /* SocketIO.framework */,
				57CBB5541E8AEF57006E8B5F /* iOS */,
				57CBB56B1E8AEF57006E8B5F /* PromiseKit.framework */,
				57CBB56C1E8AEF57006E8B5F /* RxSwift.framework */,
				57CBB56D1E8AEF57006E8B5F /* SocketIO.framework */,
				57CBB5441E8AED4E006E8B5F /* PromiseKit.framework */,
				57CBB5451E8AED4E006E8B5F /* RxSwift.framework */,
				57CBB5461E8AED4E006E8B5F /* SocketIO.framework */,
				57CBB5411E8AED3B006E8B5F /* WeDeploy.xcodeproj */,
				0BE4A57B1E8AAEBD00375F91 /* XCTest.framework */,
				0BE4A5791E8AAEB700375F91 /* XCTest.framework */,
				0BB0C2C01DE83C1200CACDE1 /* XCTest.framework */,
				CC9F47B51C407E89005243FE /* Pods.framework */,
				7B0CDEE64BB19267687ADF48 /* Pods.framework */,
			);
			name = Frameworks;
			sourceTree = "<group>";
		};
/* End PBXGroup section */

/* Begin PBXHeadersBuildPhase section */
		0BCA2B2B1E8AA5CC00C5F0FE /* Headers */ = {
			isa = PBXHeadersBuildPhase;
			buildActionMask = 2147483647;
			files = (
			);
			runOnlyForDeploymentPostprocessing = 0;
		};
		0BCA2B641E8AA99200C5F0FE /* Headers */ = {
			isa = PBXHeadersBuildPhase;
			buildActionMask = 2147483647;
			files = (
			);
			runOnlyForDeploymentPostprocessing = 0;
		};
		CC0C237B1C3DA36400408177 /* Headers */ = {
			isa = PBXHeadersBuildPhase;
			buildActionMask = 2147483647;
			files = (
			);
			runOnlyForDeploymentPostprocessing = 0;
		};
/* End PBXHeadersBuildPhase section */

/* Begin PBXNativeTarget section */
		0BCA2B2D1E8AA5CC00C5F0FE /* WeDeploy-macOS */ = {
			isa = PBXNativeTarget;
			buildConfigurationList = 0BCA2B431E8AA5CC00C5F0FE /* Build configuration list for PBXNativeTarget "WeDeploy-macOS" */;
			buildPhases = (
				0BCA2B291E8AA5CC00C5F0FE /* Sources */,
				0BCA2B2A1E8AA5CC00C5F0FE /* Frameworks */,
				0BCA2B2B1E8AA5CC00C5F0FE /* Headers */,
				0BCA2B2C1E8AA5CC00C5F0FE /* Resources */,
				57CBB5531E8AEF06006E8B5F /* ShellScript */,
			);
			buildRules = (
			);
			dependencies = (
			);
			name = "WeDeploy-macOS";
			productName = "WeDeploy-macOS";
			productReference = 0BCA2B2E1E8AA5CC00C5F0FE /* WeDeploy.framework */;
			productType = "com.apple.product-type.framework";
		};
		0BCA2B351E8AA5CC00C5F0FE /* WeDeploy-macOSTests */ = {
			isa = PBXNativeTarget;
			buildConfigurationList = 0BCA2B441E8AA5CC00C5F0FE /* Build configuration list for PBXNativeTarget "WeDeploy-macOSTests" */;
			buildPhases = (
				0BCA2B321E8AA5CC00C5F0FE /* Sources */,
				0BCA2B331E8AA5CC00C5F0FE /* Frameworks */,
				0BCA2B341E8AA5CC00C5F0FE /* Resources */,
				577F12811E8AF4E400612851 /* ShellScript */,
			);
			buildRules = (
			);
			dependencies = (
				0BCA2B391E8AA5CC00C5F0FE /* PBXTargetDependency */,
			);
			name = "WeDeploy-macOSTests";
			productName = "WeDeploy-macOSTests";
			productReference = 0BCA2B361E8AA5CC00C5F0FE /* WeDeploy-macOSTests.xctest */;
			productType = "com.apple.product-type.bundle.unit-test";
		};
		0BCA2B661E8AA99200C5F0FE /* WeDeploy-tvOS */ = {
			isa = PBXNativeTarget;
			buildConfigurationList = 0BCA2B781E8AA99200C5F0FE /* Build configuration list for PBXNativeTarget "WeDeploy-tvOS" */;
			buildPhases = (
				0BCA2B621E8AA99200C5F0FE /* Sources */,
				0BCA2B631E8AA99200C5F0FE /* Frameworks */,
				0BCA2B641E8AA99200C5F0FE /* Headers */,
				0BCA2B651E8AA99200C5F0FE /* Resources */,
				577F12791E8AF17700612851 /* ShellScript */,
			);
			buildRules = (
			);
			dependencies = (
			);
			name = "WeDeploy-tvOS";
			productName = "WeDeploy-tvOS";
			productReference = 0BCA2B671E8AA99200C5F0FE /* WeDeploy.framework */;
			productType = "com.apple.product-type.framework";
		};
		0BCA2B6E1E8AA99200C5F0FE /* WeDeploy-tvOSTests */ = {
			isa = PBXNativeTarget;
			buildConfigurationList = 0BCA2B7B1E8AA99200C5F0FE /* Build configuration list for PBXNativeTarget "WeDeploy-tvOSTests" */;
			buildPhases = (
				0BCA2B6B1E8AA99200C5F0FE /* Sources */,
				0BCA2B6C1E8AA99200C5F0FE /* Frameworks */,
				0BCA2B6D1E8AA99200C5F0FE /* Resources */,
				577F127A1E8AF1BE00612851 /* ShellScript */,
			);
			buildRules = (
			);
			dependencies = (
				0BCA2B721E8AA99200C5F0FE /* PBXTargetDependency */,
			);
			name = "WeDeploy-tvOSTests";
			productName = "WeDeploy-tvOSTests";
			productReference = 0BCA2B6F1E8AA99200C5F0FE /* WeDeploy-tvOSTests.xctest */;
			productType = "com.apple.product-type.bundle.unit-test";
		};
		CC0C237D1C3DA36400408177 /* WeDeploy */ = {
			isa = PBXNativeTarget;
			buildConfigurationList = CC0C238F1C3DA36400408177 /* Build configuration list for PBXNativeTarget "WeDeploy" */;
			buildPhases = (
				CC0C23791C3DA36400408177 /* Sources */,
				CC0C237A1C3DA36400408177 /* Frameworks */,
				CC0C237B1C3DA36400408177 /* Headers */,
				CC0C237C1C3DA36400408177 /* Resources */,
				57CBB54A1E8AEDD6006E8B5F /* ShellScript */,
			);
			buildRules = (
			);
			dependencies = (
			);
			name = WeDeploy;
			productName = WeDeploy;
			productReference = CC0C237E1C3DA36400408177 /* WeDeploy.framework */;
			productType = "com.apple.product-type.framework";
		};
		CC0C23861C3DA36400408177 /* Tests */ = {
			isa = PBXNativeTarget;
			buildConfigurationList = CC0C23921C3DA36400408177 /* Build configuration list for PBXNativeTarget "Tests" */;
			buildPhases = (
				CC0C23831C3DA36400408177 /* Sources */,
				CC0C23841C3DA36400408177 /* Frameworks */,
				CC0C23851C3DA36400408177 /* Resources */,
				57CBB54F1E8AEE95006E8B5F /* ShellScript */,
			);
			buildRules = (
			);
			dependencies = (
				CC0C238A1C3DA36400408177 /* PBXTargetDependency */,
			);
			name = Tests;
			productName = WeDeployTests;
			productReference = CC0C23871C3DA36400408177 /* Tests.xctest */;
			productType = "com.apple.product-type.bundle.unit-test";
		};
/* End PBXNativeTarget section */

/* Begin PBXProject section */
		CC6004E41ADEC22200B8F2E5 /* Project object */ = {
			isa = PBXProject;
			attributes = {
				LastSwiftMigration = 0700;
				LastSwiftUpdateCheck = 0820;
				LastUpgradeCheck = 0810;
				ORGANIZATIONNAME = "Liferay Inc.";
				TargetAttributes = {
					0BCA2B2D1E8AA5CC00C5F0FE = {
						CreatedOnToolsVersion = 8.2.1;
						ProvisioningStyle = Automatic;
					};
					0BCA2B351E8AA5CC00C5F0FE = {
						CreatedOnToolsVersion = 8.2.1;
						ProvisioningStyle = Automatic;
					};
					0BCA2B661E8AA99200C5F0FE = {
						CreatedOnToolsVersion = 8.2.1;
						ProvisioningStyle = Automatic;
					};
					0BCA2B6E1E8AA99200C5F0FE = {
						CreatedOnToolsVersion = 8.2.1;
						ProvisioningStyle = Automatic;
					};
					CC0C237D1C3DA36400408177 = {
						CreatedOnToolsVersion = 7.0.1;
					};
					CC0C23861C3DA36400408177 = {
						CreatedOnToolsVersion = 7.0.1;
					};
				};
			};
			buildConfigurationList = CC6004E71ADEC22200B8F2E5 /* Build configuration list for PBXProject "WeDeploy" */;
			compatibilityVersion = "Xcode 3.2";
			developmentRegion = English;
			hasScannedForEncodings = 0;
			knownRegions = (
				en,
			);
			mainGroup = CC6004E31ADEC22200B8F2E5;
			productRefGroup = CC6004EE1ADEC22200B8F2E5 /* Products */;
			projectDirPath = "";
			projectReferences = (
				{
					ProductGroup = 57CBB5421E8AED3B006E8B5F /* Products */;
					ProjectRef = 57CBB5411E8AED3B006E8B5F /* WeDeploy.xcodeproj */;
				},
			);
			projectRoot = "";
			targets = (
				CC0C237D1C3DA36400408177 /* WeDeploy */,
				0BCA2B2D1E8AA5CC00C5F0FE /* WeDeploy-macOS */,
				0BCA2B661E8AA99200C5F0FE /* WeDeploy-tvOS */,
				CC0C23861C3DA36400408177 /* Tests */,
				0BCA2B351E8AA5CC00C5F0FE /* WeDeploy-macOSTests */,
				0BCA2B6E1E8AA99200C5F0FE /* WeDeploy-tvOSTests */,
			);
		};
/* End PBXProject section */

/* Begin PBXResourcesBuildPhase section */
		0BCA2B2C1E8AA5CC00C5F0FE /* Resources */ = {
			isa = PBXResourcesBuildPhase;
			buildActionMask = 2147483647;
			files = (
			);
			runOnlyForDeploymentPostprocessing = 0;
		};
		0BCA2B341E8AA5CC00C5F0FE /* Resources */ = {
			isa = PBXResourcesBuildPhase;
			buildActionMask = 2147483647;
			files = (
				0BCA2B831E8AAA5000C5F0FE /* settings.plist in Resources */,
			);
			runOnlyForDeploymentPostprocessing = 0;
		};
		0BCA2B651E8AA99200C5F0FE /* Resources */ = {
			isa = PBXResourcesBuildPhase;
			buildActionMask = 2147483647;
			files = (
			);
			runOnlyForDeploymentPostprocessing = 0;
		};
		0BCA2B6D1E8AA99200C5F0FE /* Resources */ = {
			isa = PBXResourcesBuildPhase;
			buildActionMask = 2147483647;
			files = (
				0BCA2B901E8AAA5100C5F0FE /* settings.plist in Resources */,
			);
			runOnlyForDeploymentPostprocessing = 0;
		};
		CC0C237C1C3DA36400408177 /* Resources */ = {
			isa = PBXResourcesBuildPhase;
			buildActionMask = 2147483647;
			files = (
				CC9F47B21C4076DB005243FE /* WeDeploy.podspec in Resources */,
			);
			runOnlyForDeploymentPostprocessing = 0;
		};
		CC0C23851C3DA36400408177 /* Resources */ = {
			isa = PBXResourcesBuildPhase;
			buildActionMask = 2147483647;
			files = (
				CC0C23D21C3F0EC700408177 /* settings.plist in Resources */,
			);
			runOnlyForDeploymentPostprocessing = 0;
		};
/* End PBXResourcesBuildPhase section */

/* Begin PBXShellScriptBuildPhase section */
		577F12791E8AF17700612851 /* ShellScript */ = {
			isa = PBXShellScriptBuildPhase;
			buildActionMask = 2147483647;
			files = (
			);
			inputPaths = (
				"$(SRCROOT)/Carthage/Build/tvOS/PromiseKit.framework",
				"$(SRCROOT)/Carthage/Build/tvOS/PromiseKit.framework",
				"$(SRCROOT)/Carthage/Build/tvOS/PromiseKit.framework",
			);
			outputPaths = (
			);
			runOnlyForDeploymentPostprocessing = 0;
			shellPath = /bin/sh;
			shellScript = "/usr/local/bin/carthage copy-frameworks";
		};
		577F127A1E8AF1BE00612851 /* ShellScript */ = {
			isa = PBXShellScriptBuildPhase;
			buildActionMask = 2147483647;
			files = (
			);
			inputPaths = (
				"$(SRCROOT)/Carthage/Build/tvOS/PromiseKit.framework",
				"$(SRCROOT)/Carthage/Build/tvOS/RxSwift.framework",
				"$(SRCROOT)/Carthage/Build/tvOS/SocketIO.framework",
			);
			outputPaths = (
			);
			runOnlyForDeploymentPostprocessing = 0;
			shellPath = /bin/sh;
			shellScript = "/usr/local/bin/carthage copy-frameworks";
		};
		577F12811E8AF4E400612851 /* ShellScript */ = {
			isa = PBXShellScriptBuildPhase;
			buildActionMask = 2147483647;
			files = (
			);
			inputPaths = (
				"$(SRCROOT)/Carthage/Build/Mac/RxSwift.framework",
				"$(SRCROOT)/Carthage/Build/Mac/SocketIO.framework",
				"$(SRCROOT)/Carthage/Build/Mac/PromiseKit.framework",
			);
			outputPaths = (
			);
			runOnlyForDeploymentPostprocessing = 0;
			shellPath = /bin/sh;
			shellScript = "/usr/local/bin/carthage copy-frameworks";
		};
		57CBB54A1E8AEDD6006E8B5F /* ShellScript */ = {
			isa = PBXShellScriptBuildPhase;
			buildActionMask = 2147483647;
			files = (
			);
			inputPaths = (
				"$(SRCROOT)/Carthage/Build/iOS/RxSwift.framework",
				"$(SRCROOT)/Carthage/Build/iOS/PromiseKit.framework",
				"$(SRCROOT)/Carthage/Build/iOS/SocketIO.framework",
			);
			outputPaths = (
			);
			runOnlyForDeploymentPostprocessing = 0;
			shellPath = /bin/sh;
			shellScript = "/usr/local/bin/carthage copy-frameworks";
		};
		57CBB54F1E8AEE95006E8B5F /* ShellScript */ = {
			isa = PBXShellScriptBuildPhase;
			buildActionMask = 2147483647;
			files = (
			);
			inputPaths = (
				"$(SRCROOT)/Carthage/Build/iOS/RxSwift.framework",
				"$(SRCROOT)/Carthage/Build/iOS/SocketIO.framework",
				"$(SRCROOT)/Carthage/Build/iOS/PromiseKit.framework",
			);
			outputPaths = (
			);
			runOnlyForDeploymentPostprocessing = 0;
			shellPath = /bin/sh;
			shellScript = "/usr/local/bin/carthage copy-frameworks";
		};
		57CBB5531E8AEF06006E8B5F /* ShellScript */ = {
			isa = PBXShellScriptBuildPhase;
			buildActionMask = 2147483647;
			files = (
			);
			inputPaths = (
				"$(SRCROOT)/Carthage/Build/Mac/PromiseKit.framework",
				"$(SRCROOT)/Carthage/Build/Mac/RxSwift.framework",
				"$(SRCROOT)/Carthage/Build/Mac/SocketIO.framework",
			);
			outputPaths = (
			);
			runOnlyForDeploymentPostprocessing = 0;
			shellPath = /bin/sh;
			shellScript = "/usr/local/bin/carthage copy-frameworks";
		};
/* End PBXShellScriptBuildPhase section */

/* Begin PBXSourcesBuildPhase section */
		0BCA2B291E8AA5CC00C5F0FE /* Sources */ = {
			isa = PBXSourcesBuildPhase;
			buildActionMask = 2147483647;
			files = (
				0BCA2BA01E8AAB2D00C5F0FE /* WeDeployService.swift in Sources */,
				0BCA2BAF1E8AAB2D00C5F0FE /* Transport.swift in Sources */,
				0BCA2B9C1E8AAB2D00C5F0FE /* SocketIOExtensions.swift in Sources */,
				0BCA2B9B1E8AAB2D00C5F0FE /* PromiseKitExtensions.swift in Sources */,
				57ED48691E9BCA4000B4D097 /* DistanceUnit.swift in Sources */,
				0BCA2BA61E8AAB2D00C5F0FE /* DictionaryExtension.swift in Sources */,
				0BCA2BAE1E8AAB2D00C5F0FE /* Response.swift in Sources */,
				0BCA2BA91E8AAB2D00C5F0FE /* Aggregation.swift in Sources */,
				0BCA2B9D1E8AAB2D00C5F0FE /* WeDeployAuth.swift in Sources */,
				0BCA2BA31E8AAB2D00C5F0FE /* BasicAuth.swift in Sources */,
				0B01B7E41E8CD54400B76E71 /* Geo.swift in Sources */,
				0BCA2BAC1E8AAB2D00C5F0FE /* Request.swift in Sources */,
				0BCA2BB01E8AAB2D00C5F0FE /* User.swift in Sources */,
				0BCA2BB11E8AAB2D00C5F0FE /* WeDeploy.swift in Sources */,
				0BCA2BA41E8AAB2D00C5F0FE /* TokenAuth.swift in Sources */,
				0B01B7E61E8CD54700B76E71 /* Range.swift in Sources */,
				0BCA2BA81E8AAB2D00C5F0FE /* Query.swift in Sources */,
				0BCA2BA11E8AAB2D00C5F0FE /* AuthProvider.swift in Sources */,
				0BCA2B9E1E8AAB2D00C5F0FE /* WeDeployEmail.swift in Sources */,
				0BCA2BB21E8AAB2D00C5F0FE /* WeDeployError.swift in Sources */,
				0BCA2BA71E8AAB2D00C5F0FE /* Filter.swift in Sources */,
				0BCA2BAD1E8AAB2D00C5F0FE /* RequestMethod.swift in Sources */,
				0BCA2B9F1E8AAB2D00C5F0FE /* WeDeployData.swift in Sources */,
				0BCA2BAA1E8AAB2D00C5F0FE /* SocketIOClientFactory.swift in Sources */,
				0BCA2BA21E8AAB2D00C5F0FE /* Auth.swift in Sources */,
				0BCA2BAB1E8AAB2D00C5F0FE /* RequestBuilder.swift in Sources */,
			);
			runOnlyForDeploymentPostprocessing = 0;
		};
		0BCA2B321E8AA5CC00C5F0FE /* Sources */ = {
			isa = PBXSourcesBuildPhase;
			buildActionMask = 2147483647;
			files = (
				0BBD1B801E97BF8500EA5474 /* Constants.swift in Sources */,
				0BCD53AB1E977FCE00F31845 /* EmailServiceTest.swift in Sources */,
				0BCA2B851E8AAA5000C5F0FE /* WeDeployAuthTest.swift in Sources */,
				0BCA2B891E8AAA5000C5F0FE /* FilterTest.swift in Sources */,
				0BCA2B841E8AAA5000C5F0FE /* RequestBuilderTest.swift in Sources */,
				0BCA2B8B1E8AAA5000C5F0FE /* WatchTest.swift in Sources */,
				0BCA2B8D1E8AAA5000C5F0FE /* XCTestCaseExtension.swift in Sources */,
				0BCA2B8C1E8AAA5000C5F0FE /* ResponseTest.swift in Sources */,
				0BCD53B01E97883000F31845 /* PromiseKitExtensionsTest.swift in Sources */,
				0BCA2B821E8AAA5000C5F0FE /* BaseTest.swift in Sources */,
				0BCA2B861E8AAA5000C5F0FE /* WeDeployEmailTest.swift in Sources */,
				0BCA2B881E8AAA5000C5F0FE /* DictionaryExtensionTest.swift in Sources */,
				0BCA2B871E8AAA5000C5F0FE /* WeDeployDataTest.swift in Sources */,
				0B45FB031E8E58A000CBB073 /* PromiseKitTestExtension.swift in Sources */,
				0BCA2B8A1E8AAA5000C5F0FE /* QueryTest.swift in Sources */,
				0BCA2B811E8AAA5000C5F0FE /* AuthProviderTest.swift in Sources */,
			);
			runOnlyForDeploymentPostprocessing = 0;
		};
		0BCA2B621E8AA99200C5F0FE /* Sources */ = {
			isa = PBXSourcesBuildPhase;
			buildActionMask = 2147483647;
			files = (
				0BCA2BB81E8AAB2D00C5F0FE /* WeDeployService.swift in Sources */,
				0BCA2BC71E8AAB2D00C5F0FE /* Transport.swift in Sources */,
				0BCA2BB41E8AAB2D00C5F0FE /* SocketIOExtensions.swift in Sources */,
				0BCA2BB31E8AAB2D00C5F0FE /* PromiseKitExtensions.swift in Sources */,
				57ED486A1E9BCA4000B4D097 /* DistanceUnit.swift in Sources */,
				0BCA2BBE1E8AAB2D00C5F0FE /* DictionaryExtension.swift in Sources */,
				0BCA2BC61E8AAB2D00C5F0FE /* Response.swift in Sources */,
				0BCA2BC11E8AAB2D00C5F0FE /* Aggregation.swift in Sources */,
				0BCA2BB51E8AAB2D00C5F0FE /* WeDeployAuth.swift in Sources */,
				0BCA2BBB1E8AAB2D00C5F0FE /* BasicAuth.swift in Sources */,
				0B01B7E51E8CD54500B76E71 /* Geo.swift in Sources */,
				0BCA2BC41E8AAB2D00C5F0FE /* Request.swift in Sources */,
				0BCA2BC81E8AAB2D00C5F0FE /* User.swift in Sources */,
				0BCA2BC91E8AAB2D00C5F0FE /* WeDeploy.swift in Sources */,
				0BCA2BBC1E8AAB2D00C5F0FE /* TokenAuth.swift in Sources */,
				0B01B7E71E8CD54800B76E71 /* Range.swift in Sources */,
				0BCA2BC01E8AAB2D00C5F0FE /* Query.swift in Sources */,
				0BCA2BB91E8AAB2D00C5F0FE /* AuthProvider.swift in Sources */,
				0BCA2BB61E8AAB2D00C5F0FE /* WeDeployEmail.swift in Sources */,
				0BCA2BCA1E8AAB2D00C5F0FE /* WeDeployError.swift in Sources */,
				0BCA2BBF1E8AAB2D00C5F0FE /* Filter.swift in Sources */,
				0BCA2BC51E8AAB2D00C5F0FE /* RequestMethod.swift in Sources */,
				0BCA2BB71E8AAB2D00C5F0FE /* WeDeployData.swift in Sources */,
				0BCA2BC21E8AAB2D00C5F0FE /* SocketIOClientFactory.swift in Sources */,
				0BCA2BBA1E8AAB2D00C5F0FE /* Auth.swift in Sources */,
				0BCA2BC31E8AAB2D00C5F0FE /* RequestBuilder.swift in Sources */,
			);
			runOnlyForDeploymentPostprocessing = 0;
		};
		0BCA2B6B1E8AA99200C5F0FE /* Sources */ = {
			isa = PBXSourcesBuildPhase;
			buildActionMask = 2147483647;
			files = (
				0BCD53AC1E977FCE00F31845 /* EmailServiceTest.swift in Sources */,
				0BCA2B921E8AAA5100C5F0FE /* WeDeployAuthTest.swift in Sources */,
				0BCA2B961E8AAA5100C5F0FE /* FilterTest.swift in Sources */,
				0BCA2B911E8AAA5100C5F0FE /* RequestBuilderTest.swift in Sources */,
				0BCA2B981E8AAA5100C5F0FE /* WatchTest.swift in Sources */,
				0BCA2B9A1E8AAA5100C5F0FE /* XCTestCaseExtension.swift in Sources */,
				0BCA2B991E8AAA5100C5F0FE /* ResponseTest.swift in Sources */,
				0BBD1B851E97DAEA00EA5474 /* Constants.swift in Sources */,
				0BCD53B11E97883100F31845 /* PromiseKitExtensionsTest.swift in Sources */,
				0BCA2B8F1E8AAA5100C5F0FE /* BaseTest.swift in Sources */,
				0BCA2B931E8AAA5100C5F0FE /* WeDeployEmailTest.swift in Sources */,
				0BCA2B951E8AAA5100C5F0FE /* DictionaryExtensionTest.swift in Sources */,
				0BCA2B941E8AAA5100C5F0FE /* WeDeployDataTest.swift in Sources */,
				0B45FB041E8E58A100CBB073 /* PromiseKitTestExtension.swift in Sources */,
				0BCA2B971E8AAA5100C5F0FE /* QueryTest.swift in Sources */,
				0BCA2B8E1E8AAA5100C5F0FE /* AuthProviderTest.swift in Sources */,
			);
			runOnlyForDeploymentPostprocessing = 0;
		};
		CC0C23791C3DA36400408177 /* Sources */ = {
			isa = PBXSourcesBuildPhase;
			buildActionMask = 2147483647;
			files = (
				0BB3BE781DE8565E00FA90EE /* User.swift in Sources */,
				0B5802331DED9FF7002C3E7A /* WeDeployError.swift in Sources */,
				57F666031E918ACB007576F8 /* DistanceUnit.swift in Sources */,
				0B74EDBB1DE6E797007AE62C /* DictionaryExtension.swift in Sources */,
				0BB0C2BC1DE8333D00CACDE1 /* TokenAuth.swift in Sources */,
				0B34CD8D1E8C024C00E12884 /* Geo.swift in Sources */,
				0B34CD8B1E8BF34300E12884 /* Range.swift in Sources */,
				0BDA424A1E13B19000533412 /* SocketIOClientFactory.swift in Sources */,
				0BF2B5D01E12518E004A4DF1 /* WeDeployData.swift in Sources */,
				0BBF702C1DEC93FC00C94DA8 /* RequestBuilder.swift in Sources */,
				0BD6B4141DED78AE0020668D /* WeDeploy.swift in Sources */,
				0BF2B5DA1E12635C004A4DF1 /* PromiseKitExtensions.swift in Sources */,
				0B74EDBC1DE6E797007AE62C /* Filter.swift in Sources */,
				CC0C23B61C3F0C1B00408177 /* Transport.swift in Sources */,
				0B575EE01E6F0A7500A8B021 /* Aggregation.swift in Sources */,
				CC0C23B41C3F0C1B00408177 /* Request.swift in Sources */,
				0BF2B5DB1E12635C004A4DF1 /* SocketIOExtensions.swift in Sources */,
				0B74EDBD1DE6E797007AE62C /* Query.swift in Sources */,
				CC70B56A1CA485CB0015F61F /* BasicAuth.swift in Sources */,
				0B43AB161E0C0E8500701E52 /* AuthProvider.swift in Sources */,
				0BE285A01E7057BB00E56EDE /* WeDeployService.swift in Sources */,
				88EB6CDE1DF1A7EF00FE7362 /* WeDeployAuth.swift in Sources */,
				CC70B5681CA485B70015F61F /* Auth.swift in Sources */,
				88EB6CDF1DF1A7EF00FE7362 /* WeDeployEmail.swift in Sources */,
				CC2F36201C3FE50500902BD4 /* RequestMethod.swift in Sources */,
				CC0C23B51C3F0C1B00408177 /* Response.swift in Sources */,
			);
			runOnlyForDeploymentPostprocessing = 0;
		};
		CC0C23831C3DA36400408177 /* Sources */ = {
			isa = PBXSourcesBuildPhase;
			buildActionMask = 2147483647;
			files = (
				0BCD53AA1E977FCD00F31845 /* EmailServiceTest.swift in Sources */,
				0BE1D1341E0D3C9500FFE689 /* XCTestCaseExtension.swift in Sources */,
				0BF2B5D31E1254A4004A4DF1 /* WeDeployDataTest.swift in Sources */,
				0BE1D1331E0D3C2700FFE689 /* FilterTest.swift in Sources */,
				0BDA424C1E13F2CA00533412 /* WatchTest.swift in Sources */,
				0B46BA171DEEDD9900EB28CF /* BaseTest.swift in Sources */,
				0BAC8D701E14F28500E75548 /* QueryTest.swift in Sources */,
				0BBD1B841E97DAE900EA5474 /* Constants.swift in Sources */,
				0BCD53AF1E97883000F31845 /* PromiseKitExtensionsTest.swift in Sources */,
				0B46BA141DEED48B00EB28CF /* WeDeployAuthTest.swift in Sources */,
				0BAC8D711E15018600E75548 /* DictionaryExtensionTest.swift in Sources */,
				0BDABE911DEAEA27001B02BF /* ResponseTest.swift in Sources */,
				0BBF702F1DECA19800C94DA8 /* RequestBuilderTest.swift in Sources */,
				0B45FB021E8E58A000CBB073 /* PromiseKitTestExtension.swift in Sources */,
				0BE1D1311E0D33C600FFE689 /* AuthProviderTest.swift in Sources */,
				0B46BA161DEEDB7300EB28CF /* WeDeployEmailTest.swift in Sources */,
			);
			runOnlyForDeploymentPostprocessing = 0;
		};
/* End PBXSourcesBuildPhase section */

/* Begin PBXTargetDependency section */
		0BCA2B391E8AA5CC00C5F0FE /* PBXTargetDependency */ = {
			isa = PBXTargetDependency;
			target = 0BCA2B2D1E8AA5CC00C5F0FE /* WeDeploy-macOS */;
			targetProxy = 0BCA2B381E8AA5CC00C5F0FE /* PBXContainerItemProxy */;
		};
		0BCA2B721E8AA99200C5F0FE /* PBXTargetDependency */ = {
			isa = PBXTargetDependency;
			target = 0BCA2B661E8AA99200C5F0FE /* WeDeploy-tvOS */;
			targetProxy = 0BCA2B711E8AA99200C5F0FE /* PBXContainerItemProxy */;
		};
		CC0C238A1C3DA36400408177 /* PBXTargetDependency */ = {
			isa = PBXTargetDependency;
			target = CC0C237D1C3DA36400408177 /* WeDeploy */;
			targetProxy = CC0C23891C3DA36400408177 /* PBXContainerItemProxy */;
		};
/* End PBXTargetDependency section */

/* Begin XCBuildConfiguration section */
		0BCA2B3F1E8AA5CC00C5F0FE /* Debug */ = {
			isa = XCBuildConfiguration;
			buildSettings = {
				CLANG_ANALYZER_NONNULL = YES;
				CLANG_WARN_DOCUMENTATION_COMMENTS = YES;
				CODE_SIGN_IDENTITY = "-";
				COMBINE_HIDPI_IMAGES = YES;
				DEBUG_INFORMATION_FORMAT = dwarf;
				DEFINES_MODULE = YES;
				DYLIB_COMPATIBILITY_VERSION = 1;
				DYLIB_CURRENT_VERSION = 1;
				DYLIB_INSTALL_NAME_BASE = "@rpath";
				FRAMEWORK_SEARCH_PATHS = (
					"$(inherited)",
					"$(PROJECT_DIR)/Carthage/Build/Mac",
				);
				FRAMEWORK_VERSION = A;
				INFOPLIST_FILE = "$(SRCROOT)/Info.plist";
				INSTALL_PATH = "$(LOCAL_LIBRARY_DIR)/Frameworks";
				LD_RUNPATH_SEARCH_PATHS = "$(inherited) @executable_path/../Frameworks @loader_path/Frameworks";
				MACOSX_DEPLOYMENT_TARGET = 10.12;
				PRODUCT_BUNDLE_IDENTIFIER = "com.liferay.WeDeploy-macOS";
				PRODUCT_NAME = WeDeploy;
				SDKROOT = macosx;
				SKIP_INSTALL = YES;
				SWIFT_ACTIVE_COMPILATION_CONDITIONS = DEBUG;
				SWIFT_VERSION = 3.0;
			};
			name = Debug;
		};
		0BCA2B401E8AA5CC00C5F0FE /* Release */ = {
			isa = XCBuildConfiguration;
			buildSettings = {
				CLANG_ANALYZER_NONNULL = YES;
				CLANG_WARN_DOCUMENTATION_COMMENTS = YES;
				CODE_SIGN_IDENTITY = "-";
				COMBINE_HIDPI_IMAGES = YES;
				DEBUG_INFORMATION_FORMAT = "dwarf-with-dsym";
				DEFINES_MODULE = YES;
				DYLIB_COMPATIBILITY_VERSION = 1;
				DYLIB_CURRENT_VERSION = 1;
				DYLIB_INSTALL_NAME_BASE = "@rpath";
				FRAMEWORK_SEARCH_PATHS = (
					"$(inherited)",
					"$(PROJECT_DIR)/Carthage/Build/Mac",
				);
				FRAMEWORK_VERSION = A;
				INFOPLIST_FILE = "$(SRCROOT)/Info.plist";
				INSTALL_PATH = "$(LOCAL_LIBRARY_DIR)/Frameworks";
				LD_RUNPATH_SEARCH_PATHS = "$(inherited) @executable_path/../Frameworks @loader_path/Frameworks";
				MACOSX_DEPLOYMENT_TARGET = 10.12;
				PRODUCT_BUNDLE_IDENTIFIER = "com.liferay.WeDeploy-macOS";
				PRODUCT_NAME = WeDeploy;
				SDKROOT = macosx;
				SKIP_INSTALL = YES;
				SWIFT_VERSION = 3.0;
			};
			name = Release;
		};
		0BCA2B411E8AA5CC00C5F0FE /* Debug */ = {
			isa = XCBuildConfiguration;
			buildSettings = {
				ALWAYS_EMBED_SWIFT_STANDARD_LIBRARIES = YES;
				CLANG_ANALYZER_NONNULL = YES;
				CLANG_WARN_DOCUMENTATION_COMMENTS = YES;
				CODE_SIGN_IDENTITY = "-";
				COMBINE_HIDPI_IMAGES = YES;
				DEBUG_INFORMATION_FORMAT = dwarf;
				FRAMEWORK_SEARCH_PATHS = (
					"$(inherited)",
					"$(PROJECT_DIR)/Carthage/Build/Mac",
				);
				INFOPLIST_FILE = "WeDeploy-macOSTests/Info.plist";
				LD_RUNPATH_SEARCH_PATHS = "$(inherited) @executable_path/../Frameworks @loader_path/../Frameworks";
				MACOSX_DEPLOYMENT_TARGET = 10.12;
				PRODUCT_BUNDLE_IDENTIFIER = "com.liferay.WeDeploy-macOSTests";
				PRODUCT_NAME = "$(TARGET_NAME)";
				SDKROOT = macosx;
				SWIFT_ACTIVE_COMPILATION_CONDITIONS = DEBUG;
				SWIFT_VERSION = 3.0;
			};
			name = Debug;
		};
		0BCA2B421E8AA5CC00C5F0FE /* Release */ = {
			isa = XCBuildConfiguration;
			buildSettings = {
				ALWAYS_EMBED_SWIFT_STANDARD_LIBRARIES = YES;
				CLANG_ANALYZER_NONNULL = YES;
				CLANG_WARN_DOCUMENTATION_COMMENTS = YES;
				CODE_SIGN_IDENTITY = "-";
				COMBINE_HIDPI_IMAGES = YES;
				DEBUG_INFORMATION_FORMAT = "dwarf-with-dsym";
				FRAMEWORK_SEARCH_PATHS = (
					"$(inherited)",
					"$(PROJECT_DIR)/Carthage/Build/Mac",
				);
				INFOPLIST_FILE = "WeDeploy-macOSTests/Info.plist";
				LD_RUNPATH_SEARCH_PATHS = "$(inherited) @executable_path/../Frameworks @loader_path/../Frameworks";
				MACOSX_DEPLOYMENT_TARGET = 10.12;
				PRODUCT_BUNDLE_IDENTIFIER = "com.liferay.WeDeploy-macOSTests";
				PRODUCT_NAME = "$(TARGET_NAME)";
				SDKROOT = macosx;
				SWIFT_VERSION = 3.0;
			};
			name = Release;
		};
		0BCA2B791E8AA99200C5F0FE /* Debug */ = {
			isa = XCBuildConfiguration;
			buildSettings = {
				CLANG_ANALYZER_NONNULL = YES;
				CLANG_WARN_DOCUMENTATION_COMMENTS = YES;
				CODE_SIGN_IDENTITY = "";
				DEBUG_INFORMATION_FORMAT = dwarf;
				DEFINES_MODULE = YES;
				DYLIB_COMPATIBILITY_VERSION = 1;
				DYLIB_CURRENT_VERSION = 1;
				DYLIB_INSTALL_NAME_BASE = "@rpath";
				FRAMEWORK_SEARCH_PATHS = (
					"$(inherited)",
					"$(PROJECT_DIR)/Carthage/Build/tvOS",
				);
				INFOPLIST_FILE = "$(SRCROOT)/Info.plist";
				INSTALL_PATH = "$(LOCAL_LIBRARY_DIR)/Frameworks";
				LD_RUNPATH_SEARCH_PATHS = "$(inherited) @executable_path/Frameworks @loader_path/Frameworks";
				PRODUCT_BUNDLE_IDENTIFIER = "com.liferay.WeDeploy-tvOS";
				PRODUCT_NAME = WeDeploy;
				SDKROOT = appletvos;
				SKIP_INSTALL = YES;
				SWIFT_ACTIVE_COMPILATION_CONDITIONS = DEBUG;
				SWIFT_VERSION = 3.0;
				TARGETED_DEVICE_FAMILY = 3;
				TVOS_DEPLOYMENT_TARGET = 9.0;
			};
			name = Debug;
		};
		0BCA2B7A1E8AA99200C5F0FE /* Release */ = {
			isa = XCBuildConfiguration;
			buildSettings = {
				CLANG_ANALYZER_NONNULL = YES;
				CLANG_WARN_DOCUMENTATION_COMMENTS = YES;
				CODE_SIGN_IDENTITY = "";
				DEBUG_INFORMATION_FORMAT = "dwarf-with-dsym";
				DEFINES_MODULE = YES;
				DYLIB_COMPATIBILITY_VERSION = 1;
				DYLIB_CURRENT_VERSION = 1;
				DYLIB_INSTALL_NAME_BASE = "@rpath";
				FRAMEWORK_SEARCH_PATHS = (
					"$(inherited)",
					"$(PROJECT_DIR)/Carthage/Build/tvOS",
				);
				INFOPLIST_FILE = "$(SRCROOT)/Info.plist";
				INSTALL_PATH = "$(LOCAL_LIBRARY_DIR)/Frameworks";
				LD_RUNPATH_SEARCH_PATHS = "$(inherited) @executable_path/Frameworks @loader_path/Frameworks";
				PRODUCT_BUNDLE_IDENTIFIER = "com.liferay.WeDeploy-tvOS";
				PRODUCT_NAME = WeDeploy;
				SDKROOT = appletvos;
				SKIP_INSTALL = YES;
				SWIFT_VERSION = 3.0;
				TARGETED_DEVICE_FAMILY = 3;
				TVOS_DEPLOYMENT_TARGET = 9.0;
			};
			name = Release;
		};
		0BCA2B7C1E8AA99200C5F0FE /* Debug */ = {
			isa = XCBuildConfiguration;
			buildSettings = {
				ALWAYS_EMBED_SWIFT_STANDARD_LIBRARIES = YES;
				CLANG_ANALYZER_NONNULL = YES;
				CLANG_WARN_DOCUMENTATION_COMMENTS = YES;
				DEBUG_INFORMATION_FORMAT = dwarf;
				FRAMEWORK_SEARCH_PATHS = (
					"$(inherited)",
					"$(PROJECT_DIR)/Carthage/Build/tvOS",
				);
				INFOPLIST_FILE = "WeDeploy-tvOSTests/Info.plist";
				LD_RUNPATH_SEARCH_PATHS = "$(inherited) @executable_path/Frameworks @loader_path/Frameworks";
				PRODUCT_BUNDLE_IDENTIFIER = "com.liferay.WeDeploy-tvOSTests";
				PRODUCT_NAME = "$(TARGET_NAME)";
				SDKROOT = appletvos;
				SWIFT_ACTIVE_COMPILATION_CONDITIONS = DEBUG;
				SWIFT_VERSION = 3.0;
				TVOS_DEPLOYMENT_TARGET = 10.1;
			};
			name = Debug;
		};
		0BCA2B7D1E8AA99200C5F0FE /* Release */ = {
			isa = XCBuildConfiguration;
			buildSettings = {
				ALWAYS_EMBED_SWIFT_STANDARD_LIBRARIES = YES;
				CLANG_ANALYZER_NONNULL = YES;
				CLANG_WARN_DOCUMENTATION_COMMENTS = YES;
				DEBUG_INFORMATION_FORMAT = "dwarf-with-dsym";
				FRAMEWORK_SEARCH_PATHS = (
					"$(inherited)",
					"$(PROJECT_DIR)/Carthage/Build/tvOS",
				);
				INFOPLIST_FILE = "WeDeploy-tvOSTests/Info.plist";
				LD_RUNPATH_SEARCH_PATHS = "$(inherited) @executable_path/Frameworks @loader_path/Frameworks";
				PRODUCT_BUNDLE_IDENTIFIER = "com.liferay.WeDeploy-tvOSTests";
				PRODUCT_NAME = "$(TARGET_NAME)";
				SDKROOT = appletvos;
				SWIFT_VERSION = 3.0;
				TVOS_DEPLOYMENT_TARGET = 10.1;
			};
			name = Release;
		};
		CC0C23901C3DA36400408177 /* Debug */ = {
			isa = XCBuildConfiguration;
			buildSettings = {
				"CODE_SIGN_IDENTITY[sdk=iphoneos*]" = "";
				DEBUG_INFORMATION_FORMAT = dwarf;
				DEFINES_MODULE = YES;
				DYLIB_COMPATIBILITY_VERSION = 1;
				DYLIB_CURRENT_VERSION = 1;
				DYLIB_INSTALL_NAME_BASE = "@rpath";
				FRAMEWORK_SEARCH_PATHS = (
					"$(inherited)",
					"$(PROJECT_DIR)/Carthage/Build/iOS",
				);
				GCC_NO_COMMON_BLOCKS = YES;
				INFOPLIST_FILE = "$(SRCROOT)/Info.plist";
				INSTALL_PATH = "$(LOCAL_LIBRARY_DIR)/Frameworks";
				IPHONEOS_DEPLOYMENT_TARGET = 9.0;
				LD_RUNPATH_SEARCH_PATHS = "$(inherited) @executable_path/Frameworks @loader_path/Frameworks";
				PRODUCT_BUNDLE_IDENTIFIER = com.liferay.WeDeploy;
				PRODUCT_NAME = "$(TARGET_NAME)";
				SKIP_INSTALL = YES;
				SWIFT_VERSION = 3.0;
			};
			name = Debug;
		};
		CC0C23911C3DA36400408177 /* Release */ = {
			isa = XCBuildConfiguration;
			buildSettings = {
				"CODE_SIGN_IDENTITY[sdk=iphoneos*]" = "";
				DEBUG_INFORMATION_FORMAT = "dwarf-with-dsym";
				DEFINES_MODULE = YES;
				DYLIB_COMPATIBILITY_VERSION = 1;
				DYLIB_CURRENT_VERSION = 1;
				DYLIB_INSTALL_NAME_BASE = "@rpath";
				FRAMEWORK_SEARCH_PATHS = (
					"$(inherited)",
					"$(PROJECT_DIR)/Carthage/Build/iOS",
				);
				GCC_NO_COMMON_BLOCKS = YES;
				INFOPLIST_FILE = "$(SRCROOT)/Info.plist";
				INSTALL_PATH = "$(LOCAL_LIBRARY_DIR)/Frameworks";
				IPHONEOS_DEPLOYMENT_TARGET = 9.0;
				LD_RUNPATH_SEARCH_PATHS = "$(inherited) @executable_path/Frameworks @loader_path/Frameworks";
				PRODUCT_BUNDLE_IDENTIFIER = com.liferay.WeDeploy;
				PRODUCT_NAME = "$(TARGET_NAME)";
				SKIP_INSTALL = YES;
				SWIFT_VERSION = 3.0;
			};
			name = Release;
		};
		CC0C23931C3DA36400408177 /* Debug */ = {
			isa = XCBuildConfiguration;
			buildSettings = {
				ALWAYS_EMBED_SWIFT_STANDARD_LIBRARIES = YES;
				DEBUG_INFORMATION_FORMAT = dwarf;
				FRAMEWORK_SEARCH_PATHS = (
					"$(inherited)",
					"$(PROJECT_DIR)/Carthage/Build/iOS",
				);
				GCC_NO_COMMON_BLOCKS = YES;
				INFOPLIST_FILE = Test/Info.plist;
				IPHONEOS_DEPLOYMENT_TARGET = 9.0;
				LD_RUNPATH_SEARCH_PATHS = "$(inherited) @executable_path/Frameworks @loader_path/Frameworks";
				PRODUCT_BUNDLE_IDENTIFIER = com.liferay.WeDeploy.Tests;
				PRODUCT_NAME = "$(TARGET_NAME)";
				SWIFT_VERSION = 3.0;
			};
			name = Debug;
		};
		CC0C23941C3DA36400408177 /* Release */ = {
			isa = XCBuildConfiguration;
			buildSettings = {
				ALWAYS_EMBED_SWIFT_STANDARD_LIBRARIES = YES;
				DEBUG_INFORMATION_FORMAT = "dwarf-with-dsym";
				FRAMEWORK_SEARCH_PATHS = (
					"$(inherited)",
					"$(PROJECT_DIR)/Carthage/Build/iOS",
				);
				GCC_NO_COMMON_BLOCKS = YES;
				INFOPLIST_FILE = Test/Info.plist;
				IPHONEOS_DEPLOYMENT_TARGET = 9.0;
				LD_RUNPATH_SEARCH_PATHS = "$(inherited) @executable_path/Frameworks @loader_path/Frameworks";
				PRODUCT_BUNDLE_IDENTIFIER = com.liferay.WeDeploy.Tests;
				PRODUCT_NAME = "$(TARGET_NAME)";
				SWIFT_VERSION = 3.0;
			};
			name = Release;
		};
		CC6005011ADEC22200B8F2E5 /* Debug */ = {
			isa = XCBuildConfiguration;
			buildSettings = {
				ALWAYS_SEARCH_USER_PATHS = NO;
				CLANG_CXX_LANGUAGE_STANDARD = "gnu++0x";
				CLANG_CXX_LIBRARY = "libc++";
				CLANG_ENABLE_MODULES = YES;
				CLANG_ENABLE_OBJC_ARC = YES;
				CLANG_WARN_BOOL_CONVERSION = YES;
				CLANG_WARN_CONSTANT_CONVERSION = YES;
				CLANG_WARN_DIRECT_OBJC_ISA_USAGE = YES_ERROR;
				CLANG_WARN_EMPTY_BODY = YES;
				CLANG_WARN_ENUM_CONVERSION = YES;
				CLANG_WARN_INFINITE_RECURSION = YES;
				CLANG_WARN_INT_CONVERSION = YES;
				CLANG_WARN_OBJC_ROOT_CLASS = YES_ERROR;
				CLANG_WARN_SUSPICIOUS_MOVE = YES;
				CLANG_WARN_UNREACHABLE_CODE = YES;
				CLANG_WARN__DUPLICATE_METHOD_MATCH = YES;
				"CODE_SIGN_IDENTITY[sdk=iphoneos*]" = "iPhone Developer";
				COPY_PHASE_STRIP = NO;
				CURRENT_PROJECT_VERSION = 1;
				ENABLE_STRICT_OBJC_MSGSEND = YES;
				ENABLE_TESTABILITY = YES;
				GCC_C_LANGUAGE_STANDARD = gnu99;
				GCC_DYNAMIC_NO_PIC = NO;
				GCC_NO_COMMON_BLOCKS = YES;
				GCC_OPTIMIZATION_LEVEL = 0;
				GCC_PREPROCESSOR_DEFINITIONS = (
					"DEBUG=1",
					"$(inherited)",
				);
				GCC_SYMBOLS_PRIVATE_EXTERN = NO;
				GCC_WARN_64_TO_32_BIT_CONVERSION = YES;
				GCC_WARN_ABOUT_RETURN_TYPE = YES_ERROR;
				GCC_WARN_UNDECLARED_SELECTOR = YES;
				GCC_WARN_UNINITIALIZED_AUTOS = YES_AGGRESSIVE;
				GCC_WARN_UNUSED_FUNCTION = YES;
				GCC_WARN_UNUSED_VARIABLE = YES;
				IPHONEOS_DEPLOYMENT_TARGET = 8.2;
				MTL_ENABLE_DEBUG_INFO = YES;
				ONLY_ACTIVE_ARCH = YES;
				SDKROOT = iphoneos;
				SWIFT_OPTIMIZATION_LEVEL = "-Onone";
				TARGETED_DEVICE_FAMILY = "1,2";
				VERSIONING_SYSTEM = "apple-generic";
				VERSION_INFO_PREFIX = "";
			};
			name = Debug;
		};
		CC6005021ADEC22200B8F2E5 /* Release */ = {
			isa = XCBuildConfiguration;
			buildSettings = {
				ALWAYS_SEARCH_USER_PATHS = NO;
				CLANG_CXX_LANGUAGE_STANDARD = "gnu++0x";
				CLANG_CXX_LIBRARY = "libc++";
				CLANG_ENABLE_MODULES = YES;
				CLANG_ENABLE_OBJC_ARC = YES;
				CLANG_WARN_BOOL_CONVERSION = YES;
				CLANG_WARN_CONSTANT_CONVERSION = YES;
				CLANG_WARN_DIRECT_OBJC_ISA_USAGE = YES_ERROR;
				CLANG_WARN_EMPTY_BODY = YES;
				CLANG_WARN_ENUM_CONVERSION = YES;
				CLANG_WARN_INFINITE_RECURSION = YES;
				CLANG_WARN_INT_CONVERSION = YES;
				CLANG_WARN_OBJC_ROOT_CLASS = YES_ERROR;
				CLANG_WARN_SUSPICIOUS_MOVE = YES;
				CLANG_WARN_UNREACHABLE_CODE = YES;
				CLANG_WARN__DUPLICATE_METHOD_MATCH = YES;
				"CODE_SIGN_IDENTITY[sdk=iphoneos*]" = "iPhone Developer";
				COPY_PHASE_STRIP = NO;
				CURRENT_PROJECT_VERSION = 1;
				ENABLE_NS_ASSERTIONS = NO;
				ENABLE_STRICT_OBJC_MSGSEND = YES;
				GCC_C_LANGUAGE_STANDARD = gnu99;
				GCC_NO_COMMON_BLOCKS = YES;
				GCC_WARN_64_TO_32_BIT_CONVERSION = YES;
				GCC_WARN_ABOUT_RETURN_TYPE = YES_ERROR;
				GCC_WARN_UNDECLARED_SELECTOR = YES;
				GCC_WARN_UNINITIALIZED_AUTOS = YES_AGGRESSIVE;
				GCC_WARN_UNUSED_FUNCTION = YES;
				GCC_WARN_UNUSED_VARIABLE = YES;
				IPHONEOS_DEPLOYMENT_TARGET = 8.2;
				MTL_ENABLE_DEBUG_INFO = NO;
				SDKROOT = iphoneos;
				SWIFT_OPTIMIZATION_LEVEL = "-Owholemodule";
				TARGETED_DEVICE_FAMILY = "1,2";
				VALIDATE_PRODUCT = YES;
				VERSIONING_SYSTEM = "apple-generic";
				VERSION_INFO_PREFIX = "";
			};
			name = Release;
		};
/* End XCBuildConfiguration section */

/* Begin XCConfigurationList section */
		0BCA2B431E8AA5CC00C5F0FE /* Build configuration list for PBXNativeTarget "WeDeploy-macOS" */ = {
			isa = XCConfigurationList;
			buildConfigurations = (
				0BCA2B3F1E8AA5CC00C5F0FE /* Debug */,
				0BCA2B401E8AA5CC00C5F0FE /* Release */,
			);
			defaultConfigurationIsVisible = 0;
			defaultConfigurationName = Release;
		};
		0BCA2B441E8AA5CC00C5F0FE /* Build configuration list for PBXNativeTarget "WeDeploy-macOSTests" */ = {
			isa = XCConfigurationList;
			buildConfigurations = (
				0BCA2B411E8AA5CC00C5F0FE /* Debug */,
				0BCA2B421E8AA5CC00C5F0FE /* Release */,
			);
			defaultConfigurationIsVisible = 0;
			defaultConfigurationName = Release;
		};
		0BCA2B781E8AA99200C5F0FE /* Build configuration list for PBXNativeTarget "WeDeploy-tvOS" */ = {
			isa = XCConfigurationList;
			buildConfigurations = (
				0BCA2B791E8AA99200C5F0FE /* Debug */,
				0BCA2B7A1E8AA99200C5F0FE /* Release */,
			);
			defaultConfigurationIsVisible = 0;
			defaultConfigurationName = Release;
		};
		0BCA2B7B1E8AA99200C5F0FE /* Build configuration list for PBXNativeTarget "WeDeploy-tvOSTests" */ = {
			isa = XCConfigurationList;
			buildConfigurations = (
				0BCA2B7C1E8AA99200C5F0FE /* Debug */,
				0BCA2B7D1E8AA99200C5F0FE /* Release */,
			);
			defaultConfigurationIsVisible = 0;
			defaultConfigurationName = Release;
		};
		CC0C238F1C3DA36400408177 /* Build configuration list for PBXNativeTarget "WeDeploy" */ = {
			isa = XCConfigurationList;
			buildConfigurations = (
				CC0C23901C3DA36400408177 /* Debug */,
				CC0C23911C3DA36400408177 /* Release */,
			);
			defaultConfigurationIsVisible = 0;
			defaultConfigurationName = Release;
		};
		CC0C23921C3DA36400408177 /* Build configuration list for PBXNativeTarget "Tests" */ = {
			isa = XCConfigurationList;
			buildConfigurations = (
				CC0C23931C3DA36400408177 /* Debug */,
				CC0C23941C3DA36400408177 /* Release */,
			);
			defaultConfigurationIsVisible = 0;
			defaultConfigurationName = Release;
		};
		CC6004E71ADEC22200B8F2E5 /* Build configuration list for PBXProject "WeDeploy" */ = {
			isa = XCConfigurationList;
			buildConfigurations = (
				CC6005011ADEC22200B8F2E5 /* Debug */,
				CC6005021ADEC22200B8F2E5 /* Release */,
			);
			defaultConfigurationIsVisible = 0;
			defaultConfigurationName = Release;
		};
/* End XCConfigurationList section */
	};
	rootObject = CC6004E41ADEC22200B8F2E5 /* Project object */;
}
