// !$*UTF8*$!
{
	archiveVersion = 1;
	classes = {
	};
	objectVersion = 46;
	objects = {

/* Begin PBXBuildFile section */
		0B46BA141DEED48B00EB28CF /* WeDeployAuthTest.swift in Sources */ = {isa = PBXBuildFile; fileRef = 0B46BA131DEED48B00EB28CF /* WeDeployAuthTest.swift */; };
		0B46BA161DEEDB7300EB28CF /* WeDeployEmailTest.swift in Sources */ = {isa = PBXBuildFile; fileRef = 0B46BA151DEEDB7300EB28CF /* WeDeployEmailTest.swift */; };
		0B46BA171DEEDD9900EB28CF /* BaseTest.swift in Sources */ = {isa = PBXBuildFile; fileRef = CC0C23C71C3F0EC700408177 /* BaseTest.swift */; };
		0B5802331DED9FF7002C3E7A /* WeDeployError.swift in Sources */ = {isa = PBXBuildFile; fileRef = 0B5802321DED9FF7002C3E7A /* WeDeployError.swift */; };
		0B5802381DEDEA12002C3E7A /* laterExtensions.swift in Sources */ = {isa = PBXBuildFile; fileRef = 0B5802371DEDEA12002C3E7A /* laterExtensions.swift */; };
		0B74EDBB1DE6E797007AE62C /* DictionaryExtension.swift in Sources */ = {isa = PBXBuildFile; fileRef = CCF69EA11C46BA7100961988 /* DictionaryExtension.swift */; };
		0B74EDBC1DE6E797007AE62C /* Filter.swift in Sources */ = {isa = PBXBuildFile; fileRef = CC0C23AA1C3F0B8600408177 /* Filter.swift */; };
		0B74EDBD1DE6E797007AE62C /* Query.swift in Sources */ = {isa = PBXBuildFile; fileRef = CC0C23AB1C3F0B8600408177 /* Query.swift */; };
		0BB0C2BC1DE8333D00CACDE1 /* TokenAuth.swift in Sources */ = {isa = PBXBuildFile; fileRef = 0BB0C2BB1DE8333D00CACDE1 /* TokenAuth.swift */; };
		0BB0C2C11DE83C1200CACDE1 /* XCTest.framework in Frameworks */ = {isa = PBXBuildFile; fileRef = 0BB0C2C01DE83C1200CACDE1 /* XCTest.framework */; };
		0BB3BE721DE83EA800FA90EE /* later.framework in Frameworks */ = {isa = PBXBuildFile; fileRef = 0BB3BE711DE83EA800FA90EE /* later.framework */; };
		0BB3BE781DE8565E00FA90EE /* User.swift in Sources */ = {isa = PBXBuildFile; fileRef = 0BB3BE771DE8565E00FA90EE /* User.swift */; };
		0BBF702C1DEC93FC00C94DA8 /* RequestBuilder.swift in Sources */ = {isa = PBXBuildFile; fileRef = 0BBF702B1DEC93FC00C94DA8 /* RequestBuilder.swift */; };
		0BBF702F1DECA19800C94DA8 /* RequestBuilderTest.swift in Sources */ = {isa = PBXBuildFile; fileRef = 0BBF702D1DECA14400C94DA8 /* RequestBuilderTest.swift */; };
		0BD43C2D1DEF30E600F7C7FE /* AuthSession.swift in Sources */ = {isa = PBXBuildFile; fileRef = 0BD43C2C1DEF30E600F7C7FE /* AuthSession.swift */; };
		0BD6B4141DED78AE0020668D /* WeDeploy.swift in Sources */ = {isa = PBXBuildFile; fileRef = 0BD6B4131DED78AE0020668D /* WeDeploy.swift */; };
		0BDABE911DEAEA27001B02BF /* ResponseTest.swift in Sources */ = {isa = PBXBuildFile; fileRef = CC0C23CD1C3F0EC700408177 /* ResponseTest.swift */; };
		88EB6CDE1DF1A7EF00FE7362 /* WeDeployAuth.swift in Sources */ = {isa = PBXBuildFile; fileRef = 88EB6CDC1DF1A7EF00FE7362 /* WeDeployAuth.swift */; };
		88EB6CDF1DF1A7EF00FE7362 /* WeDeployEmail.swift in Sources */ = {isa = PBXBuildFile; fileRef = 88EB6CDD1DF1A7EF00FE7362 /* WeDeployEmail.swift */; };
		AA0FC64740A36862A7F2C762 /* Pods_WeDeploy.framework in Frameworks */ = {isa = PBXBuildFile; fileRef = A9D6D44C24C94CD3D4F630B3 /* Pods_WeDeploy.framework */; };
		CC0C23881C3DA36400408177 /* WeDeploy.framework in Frameworks */ = {isa = PBXBuildFile; fileRef = CC0C237E1C3DA36400408177 /* WeDeploy.framework */; };
		CC0C23B41C3F0C1B00408177 /* Request.swift in Sources */ = {isa = PBXBuildFile; fileRef = CC0C23B01C3F0C1B00408177 /* Request.swift */; };
		CC0C23B51C3F0C1B00408177 /* Response.swift in Sources */ = {isa = PBXBuildFile; fileRef = CC0C23B11C3F0C1B00408177 /* Response.swift */; };
		CC0C23B61C3F0C1B00408177 /* Transport.swift in Sources */ = {isa = PBXBuildFile; fileRef = CC0C23B21C3F0C1B00408177 /* Transport.swift */; };
		CC0C23D21C3F0EC700408177 /* settings.plist in Resources */ = {isa = PBXBuildFile; fileRef = CC0C23CB1C3F0EC700408177 /* settings.plist */; };
		CC2F36201C3FE50500902BD4 /* RequestMethod.swift in Sources */ = {isa = PBXBuildFile; fileRef = CC2F361F1C3FE50500902BD4 /* RequestMethod.swift */; };
		CC70B5681CA485B70015F61F /* Auth.swift in Sources */ = {isa = PBXBuildFile; fileRef = CC70B5671CA485B70015F61F /* Auth.swift */; };
		CC70B56A1CA485CB0015F61F /* BasicAuth.swift in Sources */ = {isa = PBXBuildFile; fileRef = CC70B5691CA485CB0015F61F /* BasicAuth.swift */; };
		CC9F47B21C4076DB005243FE /* WeDeploy.podspec in Resources */ = {isa = PBXBuildFile; fileRef = CC9F47B11C4076DB005243FE /* WeDeploy.podspec */; };
		D8D3AE7C38AE91DC63B47D00 /* Pods_Tests.framework in Frameworks */ = {isa = PBXBuildFile; fileRef = 0BF86F69F34BAE738DC658C4 /* Pods_Tests.framework */; };
/* End PBXBuildFile section */

/* Begin PBXContainerItemProxy section */
		CC0C23891C3DA36400408177 /* PBXContainerItemProxy */ = {
			isa = PBXContainerItemProxy;
			containerPortal = CC6004E41ADEC22200B8F2E5 /* Project object */;
			proxyType = 1;
			remoteGlobalIDString = CC0C237D1C3DA36400408177;
			remoteInfo = WeDeploy;
		};
/* End PBXContainerItemProxy section */

/* Begin PBXFileReference section */
		0B46BA131DEED48B00EB28CF /* WeDeployAuthTest.swift */ = {isa = PBXFileReference; fileEncoding = 4; lastKnownFileType = sourcecode.swift; path = WeDeployAuthTest.swift; sourceTree = "<group>"; };
		0B46BA151DEEDB7300EB28CF /* WeDeployEmailTest.swift */ = {isa = PBXFileReference; fileEncoding = 4; lastKnownFileType = sourcecode.swift; path = WeDeployEmailTest.swift; sourceTree = "<group>"; };
		0B5802321DED9FF7002C3E7A /* WeDeployError.swift */ = {isa = PBXFileReference; fileEncoding = 4; lastKnownFileType = sourcecode.swift; path = WeDeployError.swift; sourceTree = "<group>"; };
		0B5802371DEDEA12002C3E7A /* laterExtensions.swift */ = {isa = PBXFileReference; fileEncoding = 4; lastKnownFileType = sourcecode.swift; path = laterExtensions.swift; sourceTree = "<group>"; };
		0BB0C2BB1DE8333D00CACDE1 /* TokenAuth.swift */ = {isa = PBXFileReference; fileEncoding = 4; lastKnownFileType = sourcecode.swift; path = TokenAuth.swift; sourceTree = "<group>"; };
		0BB0C2C01DE83C1200CACDE1 /* XCTest.framework */ = {isa = PBXFileReference; lastKnownFileType = wrapper.framework; name = XCTest.framework; path = Platforms/iPhoneOS.platform/Developer/Library/Frameworks/XCTest.framework; sourceTree = DEVELOPER_DIR; };
		0BB3BE711DE83EA800FA90EE /* later.framework */ = {isa = PBXFileReference; lastKnownFileType = wrapper.framework; name = later.framework; path = "../../../../Library/Developer/Xcode/DerivedData/Launchpad-emslkopwsmprnrhgagkulhklvnwe/Build/Products/Debug-iphonesimulator/later/later.framework"; sourceTree = "<group>"; };
		0BB3BE771DE8565E00FA90EE /* User.swift */ = {isa = PBXFileReference; fileEncoding = 4; lastKnownFileType = sourcecode.swift; path = User.swift; sourceTree = "<group>"; };
		0BBF702B1DEC93FC00C94DA8 /* RequestBuilder.swift */ = {isa = PBXFileReference; fileEncoding = 4; lastKnownFileType = sourcecode.swift; name = RequestBuilder.swift; path = ../RequestBuilder.swift; sourceTree = "<group>"; };
		0BBF702D1DECA14400C94DA8 /* RequestBuilderTest.swift */ = {isa = PBXFileReference; fileEncoding = 4; lastKnownFileType = sourcecode.swift; path = RequestBuilderTest.swift; sourceTree = "<group>"; };
		0BD43C2C1DEF30E600F7C7FE /* AuthSession.swift */ = {isa = PBXFileReference; fileEncoding = 4; lastKnownFileType = sourcecode.swift; path = AuthSession.swift; sourceTree = "<group>"; };
		0BD6B4131DED78AE0020668D /* WeDeploy.swift */ = {isa = PBXFileReference; fileEncoding = 4; lastKnownFileType = sourcecode.swift; path = WeDeploy.swift; sourceTree = "<group>"; };
		0BF86F69F34BAE738DC658C4 /* Pods_Tests.framework */ = {isa = PBXFileReference; explicitFileType = wrapper.framework; includeInIndex = 0; path = Pods_Tests.framework; sourceTree = BUILT_PRODUCTS_DIR; };
		1DBDFE41BBB60578698879A9 /* Pods-WeDeploy.release.xcconfig */ = {isa = PBXFileReference; includeInIndex = 1; lastKnownFileType = text.xcconfig; name = "Pods-WeDeploy.release.xcconfig"; path = "Pods/Target Support Files/Pods-WeDeploy/Pods-WeDeploy.release.xcconfig"; sourceTree = "<group>"; };
		2A55A12474FB137D28D684F0 /* Pods-Tests.release.xcconfig */ = {isa = PBXFileReference; includeInIndex = 1; lastKnownFileType = text.xcconfig; name = "Pods-Tests.release.xcconfig"; path = "Pods/Target Support Files/Pods-Tests/Pods-Tests.release.xcconfig"; sourceTree = "<group>"; };
		7B0CDEE64BB19267687ADF48 /* Pods.framework */ = {isa = PBXFileReference; explicitFileType = wrapper.framework; includeInIndex = 0; path = Pods.framework; sourceTree = BUILT_PRODUCTS_DIR; };
		88EB6CDC1DF1A7EF00FE7362 /* WeDeployAuth.swift */ = {isa = PBXFileReference; fileEncoding = 4; lastKnownFileType = sourcecode.swift; path = WeDeployAuth.swift; sourceTree = "<group>"; };
		88EB6CDD1DF1A7EF00FE7362 /* WeDeployEmail.swift */ = {isa = PBXFileReference; fileEncoding = 4; lastKnownFileType = sourcecode.swift; path = WeDeployEmail.swift; sourceTree = "<group>"; };
		A9D6D44C24C94CD3D4F630B3 /* Pods_WeDeploy.framework */ = {isa = PBXFileReference; explicitFileType = wrapper.framework; includeInIndex = 0; path = Pods_WeDeploy.framework; sourceTree = BUILT_PRODUCTS_DIR; };
		CC05BAB21C40A862007D9BAB /* SocketIOClientFactory.swift */ = {isa = PBXFileReference; fileEncoding = 4; lastKnownFileType = sourcecode.swift; path = SocketIOClientFactory.swift; sourceTree = "<group>"; };
		CC05BAB51C40A880007D9BAB /* WatchTest.swift */ = {isa = PBXFileReference; fileEncoding = 4; lastKnownFileType = sourcecode.swift; path = WatchTest.swift; sourceTree = "<group>"; };
		CC0631621AEB17530097D129 /* XCTestCaseExtension.swift */ = {isa = PBXFileReference; fileEncoding = 4; lastKnownFileType = sourcecode.swift; path = XCTestCaseExtension.swift; sourceTree = "<group>"; };
		CC0C23771C3DA0C700408177 /* Podfile */ = {isa = PBXFileReference; fileEncoding = 4; lastKnownFileType = text; path = Podfile; sourceTree = "<group>"; xcLanguageSpecificationIdentifier = xcode.lang.ruby; };
		CC0C237E1C3DA36400408177 /* WeDeploy.framework */ = {isa = PBXFileReference; explicitFileType = wrapper.framework; includeInIndex = 0; path = WeDeploy.framework; sourceTree = BUILT_PRODUCTS_DIR; };
		CC0C23871C3DA36400408177 /* Tests.xctest */ = {isa = PBXFileReference; explicitFileType = wrapper.cfbundle; includeInIndex = 0; path = Tests.xctest; sourceTree = BUILT_PRODUCTS_DIR; };
		CC0C23AA1C3F0B8600408177 /* Filter.swift */ = {isa = PBXFileReference; fileEncoding = 4; lastKnownFileType = sourcecode.swift; path = Filter.swift; sourceTree = "<group>"; };
		CC0C23AB1C3F0B8600408177 /* Query.swift */ = {isa = PBXFileReference; fileEncoding = 4; lastKnownFileType = sourcecode.swift; path = Query.swift; sourceTree = "<group>"; };
		CC0C23B01C3F0C1B00408177 /* Request.swift */ = {isa = PBXFileReference; fileEncoding = 4; lastKnownFileType = sourcecode.swift; path = Request.swift; sourceTree = "<group>"; };
		CC0C23B11C3F0C1B00408177 /* Response.swift */ = {isa = PBXFileReference; fileEncoding = 4; lastKnownFileType = sourcecode.swift; path = Response.swift; sourceTree = "<group>"; };
		CC0C23B21C3F0C1B00408177 /* Transport.swift */ = {isa = PBXFileReference; fileEncoding = 4; lastKnownFileType = sourcecode.swift; path = Transport.swift; sourceTree = "<group>"; };
		CC0C23B71C3F0C5800408177 /* Info.plist */ = {isa = PBXFileReference; fileEncoding = 4; lastKnownFileType = text.plist.xml; path = Info.plist; sourceTree = "<group>"; };
		CC0C23BC1C3F0D3300408177 /* FilterTest.swift */ = {isa = PBXFileReference; fileEncoding = 4; lastKnownFileType = sourcecode.swift; path = FilterTest.swift; sourceTree = "<group>"; };
		CC0C23BD1C3F0D3300408177 /* QueryTest.swift */ = {isa = PBXFileReference; fileEncoding = 4; lastKnownFileType = sourcecode.swift; path = QueryTest.swift; sourceTree = "<group>"; };
		CC0C23C71C3F0EC700408177 /* BaseTest.swift */ = {isa = PBXFileReference; fileEncoding = 4; lastKnownFileType = sourcecode.swift; path = BaseTest.swift; sourceTree = "<group>"; };
		CC0C23C81C3F0EC700408177 /* LaunchpadQueryTest.swift */ = {isa = PBXFileReference; fileEncoding = 4; lastKnownFileType = sourcecode.swift; path = LaunchpadQueryTest.swift; sourceTree = "<group>"; };
		CC0C23CA1C3F0EC700408177 /* LaunchpadTest.swift */ = {isa = PBXFileReference; fileEncoding = 4; lastKnownFileType = sourcecode.swift; path = LaunchpadTest.swift; sourceTree = "<group>"; };
		CC0C23CB1C3F0EC700408177 /* settings.plist */ = {isa = PBXFileReference; fileEncoding = 4; lastKnownFileType = text.plist.xml; path = settings.plist; sourceTree = "<group>"; };
		CC0C23CD1C3F0EC700408177 /* ResponseTest.swift */ = {isa = PBXFileReference; fileEncoding = 4; lastKnownFileType = sourcecode.swift; path = ResponseTest.swift; sourceTree = "<group>"; };
		CC2F361F1C3FE50500902BD4 /* RequestMethod.swift */ = {isa = PBXFileReference; fileEncoding = 4; lastKnownFileType = sourcecode.swift; path = RequestMethod.swift; sourceTree = "<group>"; };
		CC70B5631CA484A60015F61F /* AuthTest.swift */ = {isa = PBXFileReference; fileEncoding = 4; lastKnownFileType = sourcecode.swift; path = AuthTest.swift; sourceTree = "<group>"; };
		CC70B5671CA485B70015F61F /* Auth.swift */ = {isa = PBXFileReference; fileEncoding = 4; lastKnownFileType = sourcecode.swift; path = Auth.swift; sourceTree = "<group>"; };
		CC70B5691CA485CB0015F61F /* BasicAuth.swift */ = {isa = PBXFileReference; fileEncoding = 4; lastKnownFileType = sourcecode.swift; path = BasicAuth.swift; sourceTree = "<group>"; };
		CC9F47B11C4076DB005243FE /* WeDeploy.podspec */ = {isa = PBXFileReference; fileEncoding = 4; lastKnownFileType = text; path = WeDeploy.podspec; sourceTree = "<group>"; };
		CC9F47B51C407E89005243FE /* Pods.framework */ = {isa = PBXFileReference; lastKnownFileType = wrapper.framework; name = Pods.framework; path = "Pods/../build/Debug-iphoneos/Pods.framework"; sourceTree = "<group>"; };
		CCA17B9F1ADEC3D7000BF430 /* Info.plist */ = {isa = PBXFileReference; fileEncoding = 4; lastKnownFileType = text.plist.xml; path = Info.plist; sourceTree = "<group>"; };
		CCF69EA11C46BA7100961988 /* DictionaryExtension.swift */ = {isa = PBXFileReference; fileEncoding = 4; lastKnownFileType = sourcecode.swift; path = DictionaryExtension.swift; sourceTree = "<group>"; };
		CCF69EA31C46C77900961988 /* DictionaryExtensionTest.swift */ = {isa = PBXFileReference; fileEncoding = 4; lastKnownFileType = sourcecode.swift; path = DictionaryExtensionTest.swift; sourceTree = "<group>"; };
		FC679B0ECF45735672BF4518 /* Pods-WeDeploy.debug.xcconfig */ = {isa = PBXFileReference; includeInIndex = 1; lastKnownFileType = text.xcconfig; name = "Pods-WeDeploy.debug.xcconfig"; path = "Pods/Target Support Files/Pods-WeDeploy/Pods-WeDeploy.debug.xcconfig"; sourceTree = "<group>"; };
		FC982EC4EFE956244CD41D92 /* Pods-Tests.debug.xcconfig */ = {isa = PBXFileReference; includeInIndex = 1; lastKnownFileType = text.xcconfig; name = "Pods-Tests.debug.xcconfig"; path = "Pods/Target Support Files/Pods-Tests/Pods-Tests.debug.xcconfig"; sourceTree = "<group>"; };
/* End PBXFileReference section */

/* Begin PBXFrameworksBuildPhase section */
		CC0C237A1C3DA36400408177 /* Frameworks */ = {
			isa = PBXFrameworksBuildPhase;
			buildActionMask = 2147483647;
			files = (
				AA0FC64740A36862A7F2C762 /* Pods_WeDeploy.framework in Frameworks */,
			);
			runOnlyForDeploymentPostprocessing = 0;
		};
		CC0C23841C3DA36400408177 /* Frameworks */ = {
			isa = PBXFrameworksBuildPhase;
			buildActionMask = 2147483647;
			files = (
				0BB3BE721DE83EA800FA90EE /* later.framework in Frameworks */,
				0BB0C2C11DE83C1200CACDE1 /* XCTest.framework in Frameworks */,
				CC0C23881C3DA36400408177 /* WeDeploy.framework in Frameworks */,
				D8D3AE7C38AE91DC63B47D00 /* Pods_Tests.framework in Frameworks */,
			);
			runOnlyForDeploymentPostprocessing = 0;
		};
/* End PBXFrameworksBuildPhase section */

/* Begin PBXGroup section */
		0B5802361DEDE9FC002C3E7A /* Extensions */ = {
			isa = PBXGroup;
			children = (
				0B5802371DEDEA12002C3E7A /* laterExtensions.swift */,
			);
			name = Extensions;
			sourceTree = "<group>";
		};
		82A93149548E5AB8A5323AB2 /* Pods */ = {
			isa = PBXGroup;
			children = (
				FC982EC4EFE956244CD41D92 /* Pods-Tests.debug.xcconfig */,
				2A55A12474FB137D28D684F0 /* Pods-Tests.release.xcconfig */,
				FC679B0ECF45735672BF4518 /* Pods-WeDeploy.debug.xcconfig */,
				1DBDFE41BBB60578698879A9 /* Pods-WeDeploy.release.xcconfig */,
			);
			name = Pods;
			sourceTree = "<group>";
		};
		88EB6CD31DF1A7B800FE7362 /* Services */ = {
			isa = PBXGroup;
			children = (
				88EB6CDC1DF1A7EF00FE7362 /* WeDeployAuth.swift */,
				88EB6CDD1DF1A7EF00FE7362 /* WeDeployEmail.swift */,
			);
			path = Services;
			sourceTree = "<group>";
		};
		CC05BAB11C40A862007D9BAB /* RealTime */ = {
			isa = PBXGroup;
			children = (
				CC05BAB21C40A862007D9BAB /* SocketIOClientFactory.swift */,
			);
			path = RealTime;
			sourceTree = "<group>";
		};
		CC05BAB41C40A880007D9BAB /* RealTime */ = {
			isa = PBXGroup;
			children = (
				CC05BAB51C40A880007D9BAB /* WatchTest.swift */,
			);
			path = RealTime;
			sourceTree = "<group>";
		};
		CC0C23A91C3F0B8600408177 /* Query */ = {
			isa = PBXGroup;
			children = (
				CCF69EA11C46BA7100961988 /* DictionaryExtension.swift */,
				CC0C23AA1C3F0B8600408177 /* Filter.swift */,
				CC0C23AB1C3F0B8600408177 /* Query.swift */,
			);
			path = Query;
			sourceTree = "<group>";
		};
		CC0C23AF1C3F0C1B00408177 /* Transport */ = {
			isa = PBXGroup;
			children = (
				0BBF702B1DEC93FC00C94DA8 /* RequestBuilder.swift */,
				CC0C23B01C3F0C1B00408177 /* Request.swift */,
				CC2F361F1C3FE50500902BD4 /* RequestMethod.swift */,
				CC0C23B11C3F0C1B00408177 /* Response.swift */,
				CC0C23B21C3F0C1B00408177 /* Transport.swift */,
			);
			path = Transport;
			sourceTree = "<group>";
		};
		CC0C23B91C3F0D3300408177 /* Query */ = {
			isa = PBXGroup;
			children = (
				CCF69EA31C46C77900961988 /* DictionaryExtensionTest.swift */,
				CC0C23BC1C3F0D3300408177 /* FilterTest.swift */,
				CC0C23BD1C3F0D3300408177 /* QueryTest.swift */,
			);
			path = Query;
			sourceTree = "<group>";
		};
		CC0C23C61C3F0EC700408177 /* Integration */ = {
			isa = PBXGroup;
			children = (
				CC70B5631CA484A60015F61F /* AuthTest.swift */,
				CC0C23C71C3F0EC700408177 /* BaseTest.swift */,
				CC0C23C81C3F0EC700408177 /* LaunchpadQueryTest.swift */,
				CC0C23CA1C3F0EC700408177 /* LaunchpadTest.swift */,
				CC0C23CB1C3F0EC700408177 /* settings.plist */,
				0BBF702D1DECA14400C94DA8 /* RequestBuilderTest.swift */,
				0B46BA131DEED48B00EB28CF /* WeDeployAuthTest.swift */,
				0B46BA151DEEDB7300EB28CF /* WeDeployEmailTest.swift */,
			);
			path = Integration;
			sourceTree = "<group>";
		};
		CC0C23CC1C3F0EC700408177 /* Transport */ = {
			isa = PBXGroup;
			children = (
				CC0C23CD1C3F0EC700408177 /* ResponseTest.swift */,
			);
			path = Transport;
			sourceTree = "<group>";
		};
		CC6004E31ADEC22200B8F2E5 = {
			isa = PBXGroup;
			children = (
				CCA17B991ADEC3CB000BF430 /* Source */,
				CCA17B9E1ADEC3D7000BF430 /* Test */,
				CC6004EE1ADEC22200B8F2E5 /* Products */,
				D96E3C835BA597F43766E24B /* Frameworks */,
				CC0C23B71C3F0C5800408177 /* Info.plist */,
				CC9F47B11C4076DB005243FE /* WeDeploy.podspec */,
				CC0C23771C3DA0C700408177 /* Podfile */,
				82A93149548E5AB8A5323AB2 /* Pods */,
			);
			sourceTree = "<group>";
		};
		CC6004EE1ADEC22200B8F2E5 /* Products */ = {
			isa = PBXGroup;
			children = (
				CC0C237E1C3DA36400408177 /* WeDeploy.framework */,
				CC0C23871C3DA36400408177 /* Tests.xctest */,
			);
			name = Products;
			sourceTree = "<group>";
		};
		CC70B5661CA485B70015F61F /* Auth */ = {
			isa = PBXGroup;
			children = (
				CC70B5671CA485B70015F61F /* Auth.swift */,
				CC70B5691CA485CB0015F61F /* BasicAuth.swift */,
				0BB0C2BB1DE8333D00CACDE1 /* TokenAuth.swift */,
				0BD43C2C1DEF30E600F7C7FE /* AuthSession.swift */,
			);
			path = Auth;
			sourceTree = "<group>";
		};
		CCA17B991ADEC3CB000BF430 /* Source */ = {
			isa = PBXGroup;
			children = (
				88EB6CD31DF1A7B800FE7362 /* Services */,
				0B5802361DEDE9FC002C3E7A /* Extensions */,
				CC70B5661CA485B70015F61F /* Auth */,
				CC0C23A91C3F0B8600408177 /* Query */,
				CC05BAB11C40A862007D9BAB /* RealTime */,
				CC0C23AF1C3F0C1B00408177 /* Transport */,
				0BB3BE771DE8565E00FA90EE /* User.swift */,
				0BD6B4131DED78AE0020668D /* WeDeploy.swift */,
				0B5802321DED9FF7002C3E7A /* WeDeployError.swift */,
			);
			path = Source;
			sourceTree = "<group>";
		};
		CCA17B9E1ADEC3D7000BF430 /* Test */ = {
			isa = PBXGroup;
			children = (
				CC0C23C61C3F0EC700408177 /* Integration */,
				CC0C23B91C3F0D3300408177 /* Query */,
				CC05BAB41C40A880007D9BAB /* RealTime */,
				CC0C23CC1C3F0EC700408177 /* Transport */,
				CCA17B9F1ADEC3D7000BF430 /* Info.plist */,
				CC0631621AEB17530097D129 /* XCTestCaseExtension.swift */,
			);
			path = Test;
			sourceTree = "<group>";
		};
		D96E3C835BA597F43766E24B /* Frameworks */ = {
			isa = PBXGroup;
			children = (
				0BB3BE711DE83EA800FA90EE /* later.framework */,
				0BB0C2C01DE83C1200CACDE1 /* XCTest.framework */,
				CC9F47B51C407E89005243FE /* Pods.framework */,
				7B0CDEE64BB19267687ADF48 /* Pods.framework */,
				0BF86F69F34BAE738DC658C4 /* Pods_Tests.framework */,
				A9D6D44C24C94CD3D4F630B3 /* Pods_WeDeploy.framework */,
			);
			name = Frameworks;
			sourceTree = "<group>";
		};
/* End PBXGroup section */

/* Begin PBXHeadersBuildPhase section */
		CC0C237B1C3DA36400408177 /* Headers */ = {
			isa = PBXHeadersBuildPhase;
			buildActionMask = 2147483647;
			files = (
			);
			runOnlyForDeploymentPostprocessing = 0;
		};
/* End PBXHeadersBuildPhase section */

/* Begin PBXNativeTarget section */
		CC0C237D1C3DA36400408177 /* WeDeploy */ = {
			isa = PBXNativeTarget;
			buildConfigurationList = CC0C238F1C3DA36400408177 /* Build configuration list for PBXNativeTarget "WeDeploy" */;
			buildPhases = (
				C3D686CB05AE403E6559E422 /* [CP] Check Pods Manifest.lock */,
				CC0C23791C3DA36400408177 /* Sources */,
				CC0C237A1C3DA36400408177 /* Frameworks */,
				CC0C237B1C3DA36400408177 /* Headers */,
				CC0C237C1C3DA36400408177 /* Resources */,
				984C4B572916FB09E6BA3AB2 /* [CP] Copy Pods Resources */,
			);
			buildRules = (
			);
			dependencies = (
			);
			name = WeDeploy;
			productName = WeDeploy;
			productReference = CC0C237E1C3DA36400408177 /* WeDeploy.framework */;
			productType = "com.apple.product-type.framework";
		};
		CC0C23861C3DA36400408177 /* Tests */ = {
			isa = PBXNativeTarget;
			buildConfigurationList = CC0C23921C3DA36400408177 /* Build configuration list for PBXNativeTarget "Tests" */;
			buildPhases = (
				35D2D71CB36DF09BA0EC3990 /* [CP] Check Pods Manifest.lock */,
				CC0C23831C3DA36400408177 /* Sources */,
				CC0C23841C3DA36400408177 /* Frameworks */,
				CC0C23851C3DA36400408177 /* Resources */,
				513F5E5C971E6CEF89280733 /* [CP] Embed Pods Frameworks */,
				4FE71A5AF34FEF6C1F937826 /* [CP] Copy Pods Resources */,
			);
			buildRules = (
			);
			dependencies = (
				CC0C238A1C3DA36400408177 /* PBXTargetDependency */,
			);
			name = Tests;
			productName = WeDeployTests;
			productReference = CC0C23871C3DA36400408177 /* Tests.xctest */;
			productType = "com.apple.product-type.bundle.unit-test";
		};
/* End PBXNativeTarget section */

/* Begin PBXProject section */
		CC6004E41ADEC22200B8F2E5 /* Project object */ = {
			isa = PBXProject;
			attributes = {
				LastSwiftMigration = 0700;
				LastSwiftUpdateCheck = 0700;
				LastUpgradeCheck = 0810;
				ORGANIZATIONNAME = "Liferay Inc.";
				TargetAttributes = {
					CC0C237D1C3DA36400408177 = {
						CreatedOnToolsVersion = 7.0.1;
					};
					CC0C23861C3DA36400408177 = {
						CreatedOnToolsVersion = 7.0.1;
					};
				};
			};
			buildConfigurationList = CC6004E71ADEC22200B8F2E5 /* Build configuration list for PBXProject "WeDeploy" */;
			compatibilityVersion = "Xcode 3.2";
			developmentRegion = English;
			hasScannedForEncodings = 0;
			knownRegions = (
				en,
			);
			mainGroup = CC6004E31ADEC22200B8F2E5;
			productRefGroup = CC6004EE1ADEC22200B8F2E5 /* Products */;
			projectDirPath = "";
			projectRoot = "";
			targets = (
				CC0C237D1C3DA36400408177 /* WeDeploy */,
				CC0C23861C3DA36400408177 /* Tests */,
			);
		};
/* End PBXProject section */

/* Begin PBXResourcesBuildPhase section */
		CC0C237C1C3DA36400408177 /* Resources */ = {
			isa = PBXResourcesBuildPhase;
			buildActionMask = 2147483647;
			files = (
				CC9F47B21C4076DB005243FE /* WeDeploy.podspec in Resources */,
			);
			runOnlyForDeploymentPostprocessing = 0;
		};
		CC0C23851C3DA36400408177 /* Resources */ = {
			isa = PBXResourcesBuildPhase;
			buildActionMask = 2147483647;
			files = (
				CC0C23D21C3F0EC700408177 /* settings.plist in Resources */,
			);
			runOnlyForDeploymentPostprocessing = 0;
		};
/* End PBXResourcesBuildPhase section */

/* Begin PBXShellScriptBuildPhase section */
		35D2D71CB36DF09BA0EC3990 /* [CP] Check Pods Manifest.lock */ = {
			isa = PBXShellScriptBuildPhase;
			buildActionMask = 2147483647;
			files = (
			);
			inputPaths = (
			);
			name = "[CP] Check Pods Manifest.lock";
			outputPaths = (
			);
			runOnlyForDeploymentPostprocessing = 0;
			shellPath = /bin/sh;
			shellScript = "diff \"${PODS_ROOT}/../Podfile.lock\" \"${PODS_ROOT}/Manifest.lock\" > /dev/null\nif [ $? != 0 ] ; then\n    # print error to STDERR\n    echo \"error: The sandbox is not in sync with the Podfile.lock. Run 'pod install' or update your CocoaPods installation.\" >&2\n    exit 1\nfi\n";
			showEnvVarsInLog = 0;
		};
		4FE71A5AF34FEF6C1F937826 /* [CP] Copy Pods Resources */ = {
			isa = PBXShellScriptBuildPhase;
			buildActionMask = 2147483647;
			files = (
			);
			inputPaths = (
			);
			name = "[CP] Copy Pods Resources";
			outputPaths = (
			);
			runOnlyForDeploymentPostprocessing = 0;
			shellPath = /bin/sh;
			shellScript = "\"${SRCROOT}/Pods/Target Support Files/Pods-Tests/Pods-Tests-resources.sh\"\n";
			showEnvVarsInLog = 0;
		};
		513F5E5C971E6CEF89280733 /* [CP] Embed Pods Frameworks */ = {
			isa = PBXShellScriptBuildPhase;
			buildActionMask = 2147483647;
			files = (
			);
			inputPaths = (
			);
			name = "[CP] Embed Pods Frameworks";
			outputPaths = (
			);
			runOnlyForDeploymentPostprocessing = 0;
			shellPath = /bin/sh;
			shellScript = "\"${SRCROOT}/Pods/Target Support Files/Pods-Tests/Pods-Tests-frameworks.sh\"\n";
			showEnvVarsInLog = 0;
		};
		984C4B572916FB09E6BA3AB2 /* [CP] Copy Pods Resources */ = {
			isa = PBXShellScriptBuildPhase;
			buildActionMask = 2147483647;
			files = (
			);
			inputPaths = (
			);
			name = "[CP] Copy Pods Resources";
			outputPaths = (
			);
			runOnlyForDeploymentPostprocessing = 0;
			shellPath = /bin/sh;
			shellScript = "\"${SRCROOT}/Pods/Target Support Files/Pods-WeDeploy/Pods-WeDeploy-resources.sh\"\n";
			showEnvVarsInLog = 0;
		};
		C3D686CB05AE403E6559E422 /* [CP] Check Pods Manifest.lock */ = {
			isa = PBXShellScriptBuildPhase;
			buildActionMask = 2147483647;
			files = (
			);
			inputPaths = (
			);
			name = "[CP] Check Pods Manifest.lock";
			outputPaths = (
			);
			runOnlyForDeploymentPostprocessing = 0;
			shellPath = /bin/sh;
			shellScript = "diff \"${PODS_ROOT}/../Podfile.lock\" \"${PODS_ROOT}/Manifest.lock\" > /dev/null\nif [ $? != 0 ] ; then\n    # print error to STDERR\n    echo \"error: The sandbox is not in sync with the Podfile.lock. Run 'pod install' or update your CocoaPods installation.\" >&2\n    exit 1\nfi\n";
			showEnvVarsInLog = 0;
		};
/* End PBXShellScriptBuildPhase section */

/* Begin PBXSourcesBuildPhase section */
		CC0C23791C3DA36400408177 /* Sources */ = {
			isa = PBXSourcesBuildPhase;
			buildActionMask = 2147483647;
			files = (
				0BB3BE781DE8565E00FA90EE /* User.swift in Sources */,
				0B5802331DED9FF7002C3E7A /* WeDeployError.swift in Sources */,
				0B74EDBB1DE6E797007AE62C /* DictionaryExtension.swift in Sources */,
				0BB0C2BC1DE8333D00CACDE1 /* TokenAuth.swift in Sources */,
				0BBF702C1DEC93FC00C94DA8 /* RequestBuilder.swift in Sources */,
				0BD6B4141DED78AE0020668D /* WeDeploy.swift in Sources */,
				0BD43C2D1DEF30E600F7C7FE /* AuthSession.swift in Sources */,
				0B74EDBC1DE6E797007AE62C /* Filter.swift in Sources */,
				CC0C23B61C3F0C1B00408177 /* Transport.swift in Sources */,
				CC0C23B41C3F0C1B00408177 /* Request.swift in Sources */,
				0B74EDBD1DE6E797007AE62C /* Query.swift in Sources */,
				0B5802381DEDEA12002C3E7A /* laterExtensions.swift in Sources */,
				CC70B56A1CA485CB0015F61F /* BasicAuth.swift in Sources */,
				88EB6CDE1DF1A7EF00FE7362 /* WeDeployAuth.swift in Sources */,
				CC70B5681CA485B70015F61F /* Auth.swift in Sources */,
				88EB6CDF1DF1A7EF00FE7362 /* WeDeployEmail.swift in Sources */,
				CC2F36201C3FE50500902BD4 /* RequestMethod.swift in Sources */,
				CC0C23B51C3F0C1B00408177 /* Response.swift in Sources */,
			);
			runOnlyForDeploymentPostprocessing = 0;
		};
		CC0C23831C3DA36400408177 /* Sources */ = {
			isa = PBXSourcesBuildPhase;
			buildActionMask = 2147483647;
			files = (
				0B46BA171DEEDD9900EB28CF /* BaseTest.swift in Sources */,
				0B46BA141DEED48B00EB28CF /* WeDeployAuthTest.swift in Sources */,
				0BDABE911DEAEA27001B02BF /* ResponseTest.swift in Sources */,
				0BBF702F1DECA19800C94DA8 /* RequestBuilderTest.swift in Sources */,
				0B46BA161DEEDB7300EB28CF /* WeDeployEmailTest.swift in Sources */,
			);
			runOnlyForDeploymentPostprocessing = 0;
		};
/* End PBXSourcesBuildPhase section */

/* Begin PBXTargetDependency section */
		CC0C238A1C3DA36400408177 /* PBXTargetDependency */ = {
			isa = PBXTargetDependency;
			target = CC0C237D1C3DA36400408177 /* WeDeploy */;
			targetProxy = CC0C23891C3DA36400408177 /* PBXContainerItemProxy */;
		};
/* End PBXTargetDependency section */

/* Begin XCBuildConfiguration section */
		CC0C23901C3DA36400408177 /* Debug */ = {
			isa = XCBuildConfiguration;
			baseConfigurationReference = FC679B0ECF45735672BF4518 /* Pods-WeDeploy.debug.xcconfig */;
			buildSettings = {
				"CODE_SIGN_IDENTITY[sdk=iphoneos*]" = "";
				DEBUG_INFORMATION_FORMAT = dwarf;
				DEFINES_MODULE = YES;
				DYLIB_COMPATIBILITY_VERSION = 1;
				DYLIB_CURRENT_VERSION = 1;
				DYLIB_INSTALL_NAME_BASE = "@rpath";
				GCC_NO_COMMON_BLOCKS = YES;
				INFOPLIST_FILE = "$(SRCROOT)/Info.plist";
				INSTALL_PATH = "$(LOCAL_LIBRARY_DIR)/Frameworks";
				IPHONEOS_DEPLOYMENT_TARGET = 9.0;
				LD_RUNPATH_SEARCH_PATHS = "$(inherited) @executable_path/Frameworks @loader_path/Frameworks";
				PRODUCT_BUNDLE_IDENTIFIER = com.liferay.WeDeploy;
				PRODUCT_NAME = "$(TARGET_NAME)";
				SKIP_INSTALL = YES;
				SWIFT_VERSION = 3.0.1;
			};
			name = Debug;
		};
		CC0C23911C3DA36400408177 /* Release */ = {
			isa = XCBuildConfiguration;
			baseConfigurationReference = 1DBDFE41BBB60578698879A9 /* Pods-WeDeploy.release.xcconfig */;
			buildSettings = {
				"CODE_SIGN_IDENTITY[sdk=iphoneos*]" = "";
				DEBUG_INFORMATION_FORMAT = "dwarf-with-dsym";
				DEFINES_MODULE = YES;
				DYLIB_COMPATIBILITY_VERSION = 1;
				DYLIB_CURRENT_VERSION = 1;
				DYLIB_INSTALL_NAME_BASE = "@rpath";
				GCC_NO_COMMON_BLOCKS = YES;
				INFOPLIST_FILE = "$(SRCROOT)/Info.plist";
				INSTALL_PATH = "$(LOCAL_LIBRARY_DIR)/Frameworks";
				IPHONEOS_DEPLOYMENT_TARGET = 9.0;
				LD_RUNPATH_SEARCH_PATHS = "$(inherited) @executable_path/Frameworks @loader_path/Frameworks";
				PRODUCT_BUNDLE_IDENTIFIER = com.liferay.WeDeploy;
				PRODUCT_NAME = "$(TARGET_NAME)";
				SKIP_INSTALL = YES;
				SWIFT_VERSION = 3.0.1;
			};
			name = Release;
		};
		CC0C23931C3DA36400408177 /* Debug */ = {
			isa = XCBuildConfiguration;
			baseConfigurationReference = FC982EC4EFE956244CD41D92 /* Pods-Tests.debug.xcconfig */;
			buildSettings = {
				ALWAYS_EMBED_SWIFT_STANDARD_LIBRARIES = YES;
				DEBUG_INFORMATION_FORMAT = dwarf;
				GCC_NO_COMMON_BLOCKS = YES;
				INFOPLIST_FILE = Test/Info.plist;
				IPHONEOS_DEPLOYMENT_TARGET = 9.0;
				LD_RUNPATH_SEARCH_PATHS = "$(inherited) @executable_path/Frameworks @loader_path/Frameworks";
				PRODUCT_BUNDLE_IDENTIFIER = com.liferay.WeDeploy.Tests;
				PRODUCT_NAME = "$(TARGET_NAME)";
				SWIFT_VERSION = 3.0.1;
			};
			name = Debug;
		};
		CC0C23941C3DA36400408177 /* Release */ = {
			isa = XCBuildConfiguration;
			baseConfigurationReference = 2A55A12474FB137D28D684F0 /* Pods-Tests.release.xcconfig */;
			buildSettings = {
				ALWAYS_EMBED_SWIFT_STANDARD_LIBRARIES = YES;
				DEBUG_INFORMATION_FORMAT = "dwarf-with-dsym";
				GCC_NO_COMMON_BLOCKS = YES;
				INFOPLIST_FILE = Test/Info.plist;
				IPHONEOS_DEPLOYMENT_TARGET = 9.0;
				LD_RUNPATH_SEARCH_PATHS = "$(inherited) @executable_path/Frameworks @loader_path/Frameworks";
				PRODUCT_BUNDLE_IDENTIFIER = com.liferay.WeDeploy.Tests;
				PRODUCT_NAME = "$(TARGET_NAME)";
				SWIFT_VERSION = 3.0.1;
			};
			name = Release;
		};
		CC6005011ADEC22200B8F2E5 /* Debug */ = {
			isa = XCBuildConfiguration;
			buildSettings = {
				ALWAYS_SEARCH_USER_PATHS = NO;
				CLANG_CXX_LANGUAGE_STANDARD = "gnu++0x";
				CLANG_CXX_LIBRARY = "libc++";
				CLANG_ENABLE_MODULES = YES;
				CLANG_ENABLE_OBJC_ARC = YES;
				CLANG_WARN_BOOL_CONVERSION = YES;
				CLANG_WARN_CONSTANT_CONVERSION = YES;
				CLANG_WARN_DIRECT_OBJC_ISA_USAGE = YES_ERROR;
				CLANG_WARN_EMPTY_BODY = YES;
				CLANG_WARN_ENUM_CONVERSION = YES;
				CLANG_WARN_INFINITE_RECURSION = YES;
				CLANG_WARN_INT_CONVERSION = YES;
				CLANG_WARN_OBJC_ROOT_CLASS = YES_ERROR;
				CLANG_WARN_SUSPICIOUS_MOVE = YES;
				CLANG_WARN_UNREACHABLE_CODE = YES;
				CLANG_WARN__DUPLICATE_METHOD_MATCH = YES;
				"CODE_SIGN_IDENTITY[sdk=iphoneos*]" = "iPhone Developer";
				COPY_PHASE_STRIP = NO;
				CURRENT_PROJECT_VERSION = 1;
				ENABLE_STRICT_OBJC_MSGSEND = YES;
				ENABLE_TESTABILITY = YES;
				GCC_C_LANGUAGE_STANDARD = gnu99;
				GCC_DYNAMIC_NO_PIC = NO;
				GCC_NO_COMMON_BLOCKS = YES;
				GCC_OPTIMIZATION_LEVEL = 0;
				GCC_PREPROCESSOR_DEFINITIONS = (
					"DEBUG=1",
					"$(inherited)",
				);
				GCC_SYMBOLS_PRIVATE_EXTERN = NO;
				GCC_WARN_64_TO_32_BIT_CONVERSION = YES;
				GCC_WARN_ABOUT_RETURN_TYPE = YES_ERROR;
				GCC_WARN_UNDECLARED_SELECTOR = YES;
				GCC_WARN_UNINITIALIZED_AUTOS = YES_AGGRESSIVE;
				GCC_WARN_UNUSED_FUNCTION = YES;
				GCC_WARN_UNUSED_VARIABLE = YES;
				IPHONEOS_DEPLOYMENT_TARGET = 8.2;
				MTL_ENABLE_DEBUG_INFO = YES;
				ONLY_ACTIVE_ARCH = YES;
				SDKROOT = iphoneos;
				SWIFT_OPTIMIZATION_LEVEL = "-Onone";
				TARGETED_DEVICE_FAMILY = "1,2";
				VERSIONING_SYSTEM = "apple-generic";
				VERSION_INFO_PREFIX = "";
			};
			name = Debug;
		};
		CC6005021ADEC22200B8F2E5 /* Release */ = {
			isa = XCBuildConfiguration;
			buildSettings = {
				ALWAYS_SEARCH_USER_PATHS = NO;
				CLANG_CXX_LANGUAGE_STANDARD = "gnu++0x";
				CLANG_CXX_LIBRARY = "libc++";
				CLANG_ENABLE_MODULES = YES;
				CLANG_ENABLE_OBJC_ARC = YES;
				CLANG_WARN_BOOL_CONVERSION = YES;
				CLANG_WARN_CONSTANT_CONVERSION = YES;
				CLANG_WARN_DIRECT_OBJC_ISA_USAGE = YES_ERROR;
				CLANG_WARN_EMPTY_BODY = YES;
				CLANG_WARN_ENUM_CONVERSION = YES;
				CLANG_WARN_INFINITE_RECURSION = YES;
				CLANG_WARN_INT_CONVERSION = YES;
				CLANG_WARN_OBJC_ROOT_CLASS = YES_ERROR;
				CLANG_WARN_SUSPICIOUS_MOVE = YES;
				CLANG_WARN_UNREACHABLE_CODE = YES;
				CLANG_WARN__DUPLICATE_METHOD_MATCH = YES;
				"CODE_SIGN_IDENTITY[sdk=iphoneos*]" = "iPhone Developer";
				COPY_PHASE_STRIP = NO;
				CURRENT_PROJECT_VERSION = 1;
				ENABLE_NS_ASSERTIONS = NO;
				ENABLE_STRICT_OBJC_MSGSEND = YES;
				GCC_C_LANGUAGE_STANDARD = gnu99;
				GCC_NO_COMMON_BLOCKS = YES;
				GCC_WARN_64_TO_32_BIT_CONVERSION = YES;
				GCC_WARN_ABOUT_RETURN_TYPE = YES_ERROR;
				GCC_WARN_UNDECLARED_SELECTOR = YES;
				GCC_WARN_UNINITIALIZED_AUTOS = YES_AGGRESSIVE;
				GCC_WARN_UNUSED_FUNCTION = YES;
				GCC_WARN_UNUSED_VARIABLE = YES;
				IPHONEOS_DEPLOYMENT_TARGET = 8.2;
				MTL_ENABLE_DEBUG_INFO = NO;
				SDKROOT = iphoneos;
				SWIFT_OPTIMIZATION_LEVEL = "-Owholemodule";
				TARGETED_DEVICE_FAMILY = "1,2";
				VALIDATE_PRODUCT = YES;
				VERSIONING_SYSTEM = "apple-generic";
				VERSION_INFO_PREFIX = "";
			};
			name = Release;
		};
/* End XCBuildConfiguration section */

/* Begin XCConfigurationList section */
		CC0C238F1C3DA36400408177 /* Build configuration list for PBXNativeTarget "WeDeploy" */ = {
			isa = XCConfigurationList;
			buildConfigurations = (
				CC0C23901C3DA36400408177 /* Debug */,
				CC0C23911C3DA36400408177 /* Release */,
			);
			defaultConfigurationIsVisible = 0;
			defaultConfigurationName = Release;
		};
		CC0C23921C3DA36400408177 /* Build configuration list for PBXNativeTarget "Tests" */ = {
			isa = XCConfigurationList;
			buildConfigurations = (
				CC0C23931C3DA36400408177 /* Debug */,
				CC0C23941C3DA36400408177 /* Release */,
			);
			defaultConfigurationIsVisible = 0;
			defaultConfigurationName = Release;
		};
		CC6004E71ADEC22200B8F2E5 /* Build configuration list for PBXProject "WeDeploy" */ = {
			isa = XCConfigurationList;
			buildConfigurations = (
				CC6005011ADEC22200B8F2E5 /* Debug */,
				CC6005021ADEC22200B8F2E5 /* Release */,
			);
			defaultConfigurationIsVisible = 0;
			defaultConfigurationName = Release;
		};
/* End XCConfigurationList section */
	};
	rootObject = CC6004E41ADEC22200B8F2E5 /* Project object */;
}
