// !$*UTF8*$!
{
	archiveVersion = 1;
	classes = {
	};
	objectVersion = 46;
	objects = {

/* Begin PBXBuildFile section */
		CC0631631AEB17530097D129 /* TestUtil.swift in Sources */ = {isa = PBXBuildFile; fileRef = CC0631621AEB17530097D129 /* TestUtil.swift */; };
		CC48428D1AEC59CB00BD0CE6 /* WaitOperation.swift in Sources */ = {isa = PBXBuildFile; fileRef = CC48428C1AEC59CB00BD0CE6 /* WaitOperation.swift */; };
		CC48428F1AEC667400BD0CE6 /* WaitOperationTest.swift in Sources */ = {isa = PBXBuildFile; fileRef = CC48428E1AEC667400BD0CE6 /* WaitOperationTest.swift */; };
		CC4842911AEC70B100BD0CE6 /* Operation.swift in Sources */ = {isa = PBXBuildFile; fileRef = CC4842901AEC70B100BD0CE6 /* Operation.swift */; };
		CC4842951AEC8C9200BD0CE6 /* FulfillTest.swift in Sources */ = {isa = PBXBuildFile; fileRef = CC4842941AEC8C9200BD0CE6 /* FulfillTest.swift */; };
		CC7CE7551ADEC66B001165D1 /* Launchpad.swift in Sources */ = {isa = PBXBuildFile; fileRef = CC7CE7541ADEC66B001165D1 /* Launchpad.swift */; };
		CCA17BA21ADEC3D7000BF430 /* RestTest.swift in Sources */ = {isa = PBXBuildFile; fileRef = CCA17BA01ADEC3D7000BF430 /* RestTest.swift */; };
		CCD512E51AEBE53600C97F42 /* Promise.swift in Sources */ = {isa = PBXBuildFile; fileRef = CCD512E31AEBE53600C97F42 /* Promise.swift */; };
		CCD512E61AEBE53600C97F42 /* BlockOperation.swift in Sources */ = {isa = PBXBuildFile; fileRef = CCD512E41AEBE53600C97F42 /* BlockOperation.swift */; };
		CCD512E91AEBE53F00C97F42 /* ThenTest.swift in Sources */ = {isa = PBXBuildFile; fileRef = CCD512E81AEBE53F00C97F42 /* ThenTest.swift */; };
		CCD512EB1AEBE62F00C97F42 /* CatchTest.swift in Sources */ = {isa = PBXBuildFile; fileRef = CCD512EA1AEBE62F00C97F42 /* CatchTest.swift */; };
		CCE540901AE146B4004C7041 /* Query.swift in Sources */ = {isa = PBXBuildFile; fileRef = CCE5408F1AE146B4004C7041 /* Query.swift */; };
		CCE540921AE14E2A004C7041 /* QueryTest.swift in Sources */ = {isa = PBXBuildFile; fileRef = CCE540911AE14E2A004C7041 /* QueryTest.swift */; };
		CCE540941AE15E1D004C7041 /* BaseTest.swift in Sources */ = {isa = PBXBuildFile; fileRef = CCE540931AE15E1D004C7041 /* BaseTest.swift */; };
		CCFAE2C91AEEC34200C1E357 /* LaunchpadPromise.swift in Sources */ = {isa = PBXBuildFile; fileRef = CCFAE2C81AEEC34200C1E357 /* LaunchpadPromise.swift */; };
/* End PBXBuildFile section */

/* Begin PBXFileReference section */
		CC0631621AEB17530097D129 /* TestUtil.swift */ = {isa = PBXFileReference; fileEncoding = 4; lastKnownFileType = sourcecode.swift; path = TestUtil.swift; sourceTree = "<group>"; };
		CC48428C1AEC59CB00BD0CE6 /* WaitOperation.swift */ = {isa = PBXFileReference; fileEncoding = 4; lastKnownFileType = sourcecode.swift; path = WaitOperation.swift; sourceTree = "<group>"; };
		CC48428E1AEC667400BD0CE6 /* WaitOperationTest.swift */ = {isa = PBXFileReference; fileEncoding = 4; lastKnownFileType = sourcecode.swift; path = WaitOperationTest.swift; sourceTree = "<group>"; };
		CC4842901AEC70B100BD0CE6 /* Operation.swift */ = {isa = PBXFileReference; fileEncoding = 4; lastKnownFileType = sourcecode.swift; path = Operation.swift; sourceTree = "<group>"; };
		CC4842941AEC8C9200BD0CE6 /* FulfillTest.swift */ = {isa = PBXFileReference; fileEncoding = 4; lastKnownFileType = sourcecode.swift; path = FulfillTest.swift; sourceTree = "<group>"; };
		CC6004F81ADEC22200B8F2E5 /* Launchpad.xctest */ = {isa = PBXFileReference; explicitFileType = wrapper.cfbundle; includeInIndex = 0; path = Launchpad.xctest; sourceTree = BUILT_PRODUCTS_DIR; };
		CC7CE7541ADEC66B001165D1 /* Launchpad.swift */ = {isa = PBXFileReference; fileEncoding = 4; lastKnownFileType = sourcecode.swift; path = Launchpad.swift; sourceTree = "<group>"; };
		CCA17B9F1ADEC3D7000BF430 /* Info.plist */ = {isa = PBXFileReference; fileEncoding = 4; lastKnownFileType = text.plist.xml; path = Info.plist; sourceTree = "<group>"; };
		CCA17BA01ADEC3D7000BF430 /* RestTest.swift */ = {isa = PBXFileReference; fileEncoding = 4; lastKnownFileType = sourcecode.swift; path = RestTest.swift; sourceTree = "<group>"; };
		CCD512E31AEBE53600C97F42 /* Promise.swift */ = {isa = PBXFileReference; fileEncoding = 4; lastKnownFileType = sourcecode.swift; path = Promise.swift; sourceTree = "<group>"; };
		CCD512E41AEBE53600C97F42 /* BlockOperation.swift */ = {isa = PBXFileReference; fileEncoding = 4; lastKnownFileType = sourcecode.swift; path = BlockOperation.swift; sourceTree = "<group>"; };
		CCD512E81AEBE53F00C97F42 /* ThenTest.swift */ = {isa = PBXFileReference; fileEncoding = 4; lastKnownFileType = sourcecode.swift; path = ThenTest.swift; sourceTree = "<group>"; };
		CCD512EA1AEBE62F00C97F42 /* CatchTest.swift */ = {isa = PBXFileReference; fileEncoding = 4; lastKnownFileType = sourcecode.swift; path = CatchTest.swift; sourceTree = "<group>"; };
		CCE5408F1AE146B4004C7041 /* Query.swift */ = {isa = PBXFileReference; fileEncoding = 4; lastKnownFileType = sourcecode.swift; path = Query.swift; sourceTree = "<group>"; };
		CCE540911AE14E2A004C7041 /* QueryTest.swift */ = {isa = PBXFileReference; fileEncoding = 4; lastKnownFileType = sourcecode.swift; path = QueryTest.swift; sourceTree = "<group>"; };
		CCE540931AE15E1D004C7041 /* BaseTest.swift */ = {isa = PBXFileReference; fileEncoding = 4; lastKnownFileType = sourcecode.swift; path = BaseTest.swift; sourceTree = "<group>"; };
		CCFAE2C81AEEC34200C1E357 /* LaunchpadPromise.swift */ = {isa = PBXFileReference; fileEncoding = 4; lastKnownFileType = sourcecode.swift; path = LaunchpadPromise.swift; sourceTree = "<group>"; };
/* End PBXFileReference section */

/* Begin PBXFrameworksBuildPhase section */
		CC6004F51ADEC22200B8F2E5 /* Frameworks */ = {
			isa = PBXFrameworksBuildPhase;
			buildActionMask = 2147483647;
			files = (
			);
			runOnlyForDeploymentPostprocessing = 0;
		};
/* End PBXFrameworksBuildPhase section */

/* Begin PBXGroup section */
		CC6004E31ADEC22200B8F2E5 = {
			isa = PBXGroup;
			children = (
				CCA17B991ADEC3CB000BF430 /* Source */,
				CCA17B9E1ADEC3D7000BF430 /* Test */,
				CC6004EE1ADEC22200B8F2E5 /* Products */,
			);
			sourceTree = "<group>";
		};
		CC6004EE1ADEC22200B8F2E5 /* Products */ = {
			isa = PBXGroup;
			children = (
				CC6004F81ADEC22200B8F2E5 /* Launchpad.xctest */,
			);
			name = Products;
			sourceTree = "<group>";
		};
		CCA17B991ADEC3CB000BF430 /* Source */ = {
			isa = PBXGroup;
			children = (
				CCD512E21AEBE53600C97F42 /* Promise */,
				CC7CE7541ADEC66B001165D1 /* Launchpad.swift */,
				CCFAE2C81AEEC34200C1E357 /* LaunchpadPromise.swift */,
				CCE5408F1AE146B4004C7041 /* Query.swift */,
			);
			path = Source;
			sourceTree = "<group>";
		};
		CCA17B9E1ADEC3D7000BF430 /* Test */ = {
			isa = PBXGroup;
			children = (
				CCD512E71AEBE53F00C97F42 /* Promise */,
				CCA17B9F1ADEC3D7000BF430 /* Info.plist */,
				CCE540931AE15E1D004C7041 /* BaseTest.swift */,
				CCE540911AE14E2A004C7041 /* QueryTest.swift */,
				CCA17BA01ADEC3D7000BF430 /* RestTest.swift */,
				CC0631621AEB17530097D129 /* TestUtil.swift */,
			);
			path = Test;
			sourceTree = "<group>";
		};
		CCD512E21AEBE53600C97F42 /* Promise */ = {
			isa = PBXGroup;
			children = (
				CCD512E41AEBE53600C97F42 /* BlockOperation.swift */,
				CC4842901AEC70B100BD0CE6 /* Operation.swift */,
				CCD512E31AEBE53600C97F42 /* Promise.swift */,
				CC48428C1AEC59CB00BD0CE6 /* WaitOperation.swift */,
			);
			path = Promise;
			sourceTree = "<group>";
		};
		CCD512E71AEBE53F00C97F42 /* Promise */ = {
			isa = PBXGroup;
			children = (
				CCD512EA1AEBE62F00C97F42 /* CatchTest.swift */,
				CC4842941AEC8C9200BD0CE6 /* FulfillTest.swift */,
				CCD512E81AEBE53F00C97F42 /* ThenTest.swift */,
				CC48428E1AEC667400BD0CE6 /* WaitOperationTest.swift */,
			);
			path = Promise;
			sourceTree = "<group>";
		};
/* End PBXGroup section */

/* Begin PBXNativeTarget section */
		CC6004F71ADEC22200B8F2E5 /* Launchpad */ = {
			isa = PBXNativeTarget;
			buildConfigurationList = CC6005061ADEC22200B8F2E5 /* Build configuration list for PBXNativeTarget "Launchpad" */;
			buildPhases = (
				CC6004F41ADEC22200B8F2E5 /* Sources */,
				CC6004F51ADEC22200B8F2E5 /* Frameworks */,
				CC6004F61ADEC22200B8F2E5 /* Resources */,
			);
			buildRules = (
			);
			dependencies = (
			);
			name = Launchpad;
			productName = LRLaunchpadTests;
			productReference = CC6004F81ADEC22200B8F2E5 /* Launchpad.xctest */;
			productType = "com.apple.product-type.bundle.unit-test";
		};
/* End PBXNativeTarget section */

/* Begin PBXProject section */
		CC6004E41ADEC22200B8F2E5 /* Project object */ = {
			isa = PBXProject;
			attributes = {
				LastUpgradeCheck = 0620;
				ORGANIZATIONNAME = "Liferay Inc.";
				TargetAttributes = {
					CC6004F71ADEC22200B8F2E5 = {
						CreatedOnToolsVersion = 6.2;
					};
				};
			};
			buildConfigurationList = CC6004E71ADEC22200B8F2E5 /* Build configuration list for PBXProject "Launchpad" */;
			compatibilityVersion = "Xcode 3.2";
			developmentRegion = English;
			hasScannedForEncodings = 0;
			knownRegions = (
				en,
			);
			mainGroup = CC6004E31ADEC22200B8F2E5;
			productRefGroup = CC6004EE1ADEC22200B8F2E5 /* Products */;
			projectDirPath = "";
			projectRoot = "";
			targets = (
				CC6004F71ADEC22200B8F2E5 /* Launchpad */,
			);
		};
/* End PBXProject section */

/* Begin PBXResourcesBuildPhase section */
		CC6004F61ADEC22200B8F2E5 /* Resources */ = {
			isa = PBXResourcesBuildPhase;
			buildActionMask = 2147483647;
			files = (
			);
			runOnlyForDeploymentPostprocessing = 0;
		};
/* End PBXResourcesBuildPhase section */

/* Begin PBXSourcesBuildPhase section */
		CC6004F41ADEC22200B8F2E5 /* Sources */ = {
			isa = PBXSourcesBuildPhase;
			buildActionMask = 2147483647;
			files = (
				CC4842951AEC8C9200BD0CE6 /* FulfillTest.swift in Sources */,
				CC48428F1AEC667400BD0CE6 /* WaitOperationTest.swift in Sources */,
				CCFAE2C91AEEC34200C1E357 /* LaunchpadPromise.swift in Sources */,
				CCE540941AE15E1D004C7041 /* BaseTest.swift in Sources */,
				CC4842911AEC70B100BD0CE6 /* Operation.swift in Sources */,
				CC48428D1AEC59CB00BD0CE6 /* WaitOperation.swift in Sources */,
				CCD512E91AEBE53F00C97F42 /* ThenTest.swift in Sources */,
				CCD512E61AEBE53600C97F42 /* BlockOperation.swift in Sources */,
				CCE540921AE14E2A004C7041 /* QueryTest.swift in Sources */,
				CCD512E51AEBE53600C97F42 /* Promise.swift in Sources */,
				CC7CE7551ADEC66B001165D1 /* Launchpad.swift in Sources */,
				CCE540901AE146B4004C7041 /* Query.swift in Sources */,
				CCA17BA21ADEC3D7000BF430 /* RestTest.swift in Sources */,
				CC0631631AEB17530097D129 /* TestUtil.swift in Sources */,
				CCD512EB1AEBE62F00C97F42 /* CatchTest.swift in Sources */,
			);
			runOnlyForDeploymentPostprocessing = 0;
		};
/* End PBXSourcesBuildPhase section */

/* Begin XCBuildConfiguration section */
		CC6005011ADEC22200B8F2E5 /* Debug */ = {
			isa = XCBuildConfiguration;
			buildSettings = {
				ALWAYS_SEARCH_USER_PATHS = NO;
				CLANG_CXX_LANGUAGE_STANDARD = "gnu++0x";
				CLANG_CXX_LIBRARY = "libc++";
				CLANG_ENABLE_MODULES = YES;
				CLANG_ENABLE_OBJC_ARC = YES;
				CLANG_WARN_BOOL_CONVERSION = YES;
				CLANG_WARN_CONSTANT_CONVERSION = YES;
				CLANG_WARN_DIRECT_OBJC_ISA_USAGE = YES_ERROR;
				CLANG_WARN_EMPTY_BODY = YES;
				CLANG_WARN_ENUM_CONVERSION = YES;
				CLANG_WARN_INT_CONVERSION = YES;
				CLANG_WARN_OBJC_ROOT_CLASS = YES_ERROR;
				CLANG_WARN_UNREACHABLE_CODE = YES;
				CLANG_WARN__DUPLICATE_METHOD_MATCH = YES;
				"CODE_SIGN_IDENTITY[sdk=iphoneos*]" = "iPhone Developer";
				COPY_PHASE_STRIP = NO;
				CURRENT_PROJECT_VERSION = 1;
				ENABLE_STRICT_OBJC_MSGSEND = YES;
				GCC_C_LANGUAGE_STANDARD = gnu99;
				GCC_DYNAMIC_NO_PIC = NO;
				GCC_OPTIMIZATION_LEVEL = 0;
				GCC_PREPROCESSOR_DEFINITIONS = (
					"DEBUG=1",
					"$(inherited)",
				);
				GCC_SYMBOLS_PRIVATE_EXTERN = NO;
				GCC_WARN_64_TO_32_BIT_CONVERSION = YES;
				GCC_WARN_ABOUT_RETURN_TYPE = YES_ERROR;
				GCC_WARN_UNDECLARED_SELECTOR = YES;
				GCC_WARN_UNINITIALIZED_AUTOS = YES_AGGRESSIVE;
				GCC_WARN_UNUSED_FUNCTION = YES;
				GCC_WARN_UNUSED_VARIABLE = YES;
				IPHONEOS_DEPLOYMENT_TARGET = 8.2;
				MTL_ENABLE_DEBUG_INFO = YES;
				ONLY_ACTIVE_ARCH = YES;
				SDKROOT = iphoneos;
				SWIFT_OPTIMIZATION_LEVEL = "-Onone";
				TARGETED_DEVICE_FAMILY = "1,2";
				VERSIONING_SYSTEM = "apple-generic";
				VERSION_INFO_PREFIX = "";
			};
			name = Debug;
		};
		CC6005021ADEC22200B8F2E5 /* Release */ = {
			isa = XCBuildConfiguration;
			buildSettings = {
				ALWAYS_SEARCH_USER_PATHS = NO;
				CLANG_CXX_LANGUAGE_STANDARD = "gnu++0x";
				CLANG_CXX_LIBRARY = "libc++";
				CLANG_ENABLE_MODULES = YES;
				CLANG_ENABLE_OBJC_ARC = YES;
				CLANG_WARN_BOOL_CONVERSION = YES;
				CLANG_WARN_CONSTANT_CONVERSION = YES;
				CLANG_WARN_DIRECT_OBJC_ISA_USAGE = YES_ERROR;
				CLANG_WARN_EMPTY_BODY = YES;
				CLANG_WARN_ENUM_CONVERSION = YES;
				CLANG_WARN_INT_CONVERSION = YES;
				CLANG_WARN_OBJC_ROOT_CLASS = YES_ERROR;
				CLANG_WARN_UNREACHABLE_CODE = YES;
				CLANG_WARN__DUPLICATE_METHOD_MATCH = YES;
				"CODE_SIGN_IDENTITY[sdk=iphoneos*]" = "iPhone Developer";
				COPY_PHASE_STRIP = NO;
				CURRENT_PROJECT_VERSION = 1;
				ENABLE_NS_ASSERTIONS = NO;
				ENABLE_STRICT_OBJC_MSGSEND = YES;
				GCC_C_LANGUAGE_STANDARD = gnu99;
				GCC_WARN_64_TO_32_BIT_CONVERSION = YES;
				GCC_WARN_ABOUT_RETURN_TYPE = YES_ERROR;
				GCC_WARN_UNDECLARED_SELECTOR = YES;
				GCC_WARN_UNINITIALIZED_AUTOS = YES_AGGRESSIVE;
				GCC_WARN_UNUSED_FUNCTION = YES;
				GCC_WARN_UNUSED_VARIABLE = YES;
				IPHONEOS_DEPLOYMENT_TARGET = 8.2;
				MTL_ENABLE_DEBUG_INFO = NO;
				SDKROOT = iphoneos;
				TARGETED_DEVICE_FAMILY = "1,2";
				VALIDATE_PRODUCT = YES;
				VERSIONING_SYSTEM = "apple-generic";
				VERSION_INFO_PREFIX = "";
			};
			name = Release;
		};
		CC6005071ADEC22200B8F2E5 /* Debug */ = {
			isa = XCBuildConfiguration;
			buildSettings = {
				FRAMEWORK_SEARCH_PATHS = (
					"$(SDKROOT)/Developer/Library/Frameworks",
					"$(inherited)",
				);
				GCC_PREPROCESSOR_DEFINITIONS = (
					"DEBUG=1",
					"$(inherited)",
				);
				INFOPLIST_FILE = Test/Info.plist;
				LD_RUNPATH_SEARCH_PATHS = "$(inherited) @executable_path/Frameworks @loader_path/Frameworks";
				PRODUCT_NAME = "$(TARGET_NAME)";
			};
			name = Debug;
		};
		CC6005081ADEC22200B8F2E5 /* Release */ = {
			isa = XCBuildConfiguration;
			buildSettings = {
				FRAMEWORK_SEARCH_PATHS = (
					"$(SDKROOT)/Developer/Library/Frameworks",
					"$(inherited)",
				);
				INFOPLIST_FILE = Test/Info.plist;
				LD_RUNPATH_SEARCH_PATHS = "$(inherited) @executable_path/Frameworks @loader_path/Frameworks";
				PRODUCT_NAME = "$(TARGET_NAME)";
			};
			name = Release;
		};
/* End XCBuildConfiguration section */

/* Begin XCConfigurationList section */
		CC6004E71ADEC22200B8F2E5 /* Build configuration list for PBXProject "Launchpad" */ = {
			isa = XCConfigurationList;
			buildConfigurations = (
				CC6005011ADEC22200B8F2E5 /* Debug */,
				CC6005021ADEC22200B8F2E5 /* Release */,
			);
			defaultConfigurationIsVisible = 0;
			defaultConfigurationName = Release;
		};
		CC6005061ADEC22200B8F2E5 /* Build configuration list for PBXNativeTarget "Launchpad" */ = {
			isa = XCConfigurationList;
			buildConfigurations = (
				CC6005071ADEC22200B8F2E5 /* Debug */,
				CC6005081ADEC22200B8F2E5 /* Release */,
			);
			defaultConfigurationIsVisible = 0;
			defaultConfigurationName = Release;
		};
/* End XCConfigurationList section */
	};
	rootObject = CC6004E41ADEC22200B8F2E5 /* Project object */;
}
