// !$*UTF8*$!
{
	archiveVersion = 1;
	classes = {
	};
	objectVersion = 46;
	objects = {

/* Begin PBXBuildFile section */
		CC0631631AEB17530097D129 /* XCTestCaseExtension.swift in Sources */ = {isa = PBXBuildFile; fileRef = CC0631621AEB17530097D129 /* XCTestCaseExtension.swift */; };
		CC0C23781C3DA0C700408177 /* Podfile in Resources */ = {isa = PBXBuildFile; fileRef = CC0C23771C3DA0C700408177 /* Podfile */; settings = {ASSET_TAGS = (); }; };
		CC1E58481B612A220085AB5E /* FilterTest.swift in Sources */ = {isa = PBXBuildFile; fileRef = CC1E58471B612A220085AB5E /* FilterTest.swift */; };
		CC2A92591B55A8EB00388B82 /* settings.plist in Resources */ = {isa = PBXBuildFile; fileRef = CC2A92581B55A8EB00388B82 /* settings.plist */; };
		CC3250001B023E0500883F53 /* BaseTest.swift in Sources */ = {isa = PBXBuildFile; fileRef = CC324FFF1B023E0500883F53 /* BaseTest.swift */; };
		CC4FA8DB1B5949840046BE23 /* Datastore.swift in Sources */ = {isa = PBXBuildFile; fileRef = CC4FA8D81B5949840046BE23 /* Datastore.swift */; };
		CC4FA8DD1B5949840046BE23 /* Query.swift in Sources */ = {isa = PBXBuildFile; fileRef = CC4FA8DA1B5949840046BE23 /* Query.swift */; };
		CC4FA8E21B594A710046BE23 /* QueryTest.swift in Sources */ = {isa = PBXBuildFile; fileRef = CC4FA8DF1B594A710046BE23 /* QueryTest.swift */; };
		CC4FA8FF1B594F5F0046BE23 /* Launchpad.swift in Sources */ = {isa = PBXBuildFile; fileRef = CC4FA8FE1B594F5F0046BE23 /* Launchpad.swift */; };
		CC4FA9011B5975C90046BE23 /* Transport.swift in Sources */ = {isa = PBXBuildFile; fileRef = CC4FA9001B5975C90046BE23 /* Transport.swift */; };
		CC6725311B5D426C0001DB84 /* DatastoreTest.swift in Sources */ = {isa = PBXBuildFile; fileRef = CC6725301B5D426C0001DB84 /* DatastoreTest.swift */; };
		CC68C5D31B5FD45B006A0569 /* DatastoreQueryTest.swift in Sources */ = {isa = PBXBuildFile; fileRef = CC68C5D21B5FD45B006A0569 /* DatastoreQueryTest.swift */; };
		CC68C5D51B5FDACC006A0569 /* LaunchpadQueryTest.swift in Sources */ = {isa = PBXBuildFile; fileRef = CC68C5D41B5FDACC006A0569 /* LaunchpadQueryTest.swift */; };
		CC68C5D71B5FE9C9006A0569 /* Filter.swift in Sources */ = {isa = PBXBuildFile; fileRef = CC68C5D61B5FE9C9006A0569 /* Filter.swift */; };
		CCF0BBAE1B5E7E6C00AECB04 /* Response.swift in Sources */ = {isa = PBXBuildFile; fileRef = CCF0BBAD1B5E7E6C00AECB04 /* Response.swift */; };
		CCF252361B5ED15F00A9E6AC /* ResponseTest.swift in Sources */ = {isa = PBXBuildFile; fileRef = CCF252351B5ED15F00A9E6AC /* ResponseTest.swift */; };
		D670BA9C19B19A196BBD3D99 /* Pods.framework in Frameworks */ = {isa = PBXBuildFile; fileRef = 7B0CDEE64BB19267687ADF48 /* Pods.framework */; };
/* End PBXBuildFile section */

/* Begin PBXFileReference section */
		7B0CDEE64BB19267687ADF48 /* Pods.framework */ = {isa = PBXFileReference; explicitFileType = wrapper.framework; includeInIndex = 0; path = Pods.framework; sourceTree = BUILT_PRODUCTS_DIR; };
		813DAB59344C62F88264EE5A /* Pods.debug.xcconfig */ = {isa = PBXFileReference; includeInIndex = 1; lastKnownFileType = text.xcconfig; name = Pods.debug.xcconfig; path = "Pods/Target Support Files/Pods/Pods.debug.xcconfig"; sourceTree = "<group>"; };
		CC0631621AEB17530097D129 /* XCTestCaseExtension.swift */ = {isa = PBXFileReference; fileEncoding = 4; lastKnownFileType = sourcecode.swift; path = XCTestCaseExtension.swift; sourceTree = "<group>"; };
		CC0C23771C3DA0C700408177 /* Podfile */ = {isa = PBXFileReference; fileEncoding = 4; lastKnownFileType = text; path = Podfile; sourceTree = "<group>"; };
		CC1E58471B612A220085AB5E /* FilterTest.swift */ = {isa = PBXFileReference; fileEncoding = 4; lastKnownFileType = sourcecode.swift; path = FilterTest.swift; sourceTree = "<group>"; };
		CC2A92581B55A8EB00388B82 /* settings.plist */ = {isa = PBXFileReference; lastKnownFileType = text.plist; path = settings.plist; sourceTree = "<group>"; };
		CC324FFF1B023E0500883F53 /* BaseTest.swift */ = {isa = PBXFileReference; fileEncoding = 4; lastKnownFileType = sourcecode.swift; path = BaseTest.swift; sourceTree = "<group>"; };
		CC4FA8D81B5949840046BE23 /* Datastore.swift */ = {isa = PBXFileReference; fileEncoding = 4; lastKnownFileType = sourcecode.swift; path = Datastore.swift; sourceTree = "<group>"; };
		CC4FA8DA1B5949840046BE23 /* Query.swift */ = {isa = PBXFileReference; fileEncoding = 4; lastKnownFileType = sourcecode.swift; path = Query.swift; sourceTree = "<group>"; };
		CC4FA8DF1B594A710046BE23 /* QueryTest.swift */ = {isa = PBXFileReference; fileEncoding = 4; lastKnownFileType = sourcecode.swift; path = QueryTest.swift; sourceTree = "<group>"; };
		CC4FA8FE1B594F5F0046BE23 /* Launchpad.swift */ = {isa = PBXFileReference; fileEncoding = 4; lastKnownFileType = sourcecode.swift; path = Launchpad.swift; sourceTree = "<group>"; };
		CC4FA9001B5975C90046BE23 /* Transport.swift */ = {isa = PBXFileReference; fileEncoding = 4; lastKnownFileType = sourcecode.swift; path = Transport.swift; sourceTree = "<group>"; };
		CC6004F81ADEC22200B8F2E5 /* Launchpad.xctest */ = {isa = PBXFileReference; explicitFileType = wrapper.cfbundle; includeInIndex = 0; path = Launchpad.xctest; sourceTree = BUILT_PRODUCTS_DIR; };
		CC6725301B5D426C0001DB84 /* DatastoreTest.swift */ = {isa = PBXFileReference; fileEncoding = 4; lastKnownFileType = sourcecode.swift; path = DatastoreTest.swift; sourceTree = "<group>"; };
		CC68C5D21B5FD45B006A0569 /* DatastoreQueryTest.swift */ = {isa = PBXFileReference; fileEncoding = 4; lastKnownFileType = sourcecode.swift; path = DatastoreQueryTest.swift; sourceTree = "<group>"; };
		CC68C5D41B5FDACC006A0569 /* LaunchpadQueryTest.swift */ = {isa = PBXFileReference; fileEncoding = 4; lastKnownFileType = sourcecode.swift; path = LaunchpadQueryTest.swift; sourceTree = "<group>"; };
		CC68C5D61B5FE9C9006A0569 /* Filter.swift */ = {isa = PBXFileReference; fileEncoding = 4; lastKnownFileType = sourcecode.swift; path = Filter.swift; sourceTree = "<group>"; };
		CCA17B9F1ADEC3D7000BF430 /* Info.plist */ = {isa = PBXFileReference; fileEncoding = 4; lastKnownFileType = text.plist.xml; path = Info.plist; sourceTree = "<group>"; };
		CCF0BBAD1B5E7E6C00AECB04 /* Response.swift */ = {isa = PBXFileReference; fileEncoding = 4; lastKnownFileType = sourcecode.swift; path = Response.swift; sourceTree = "<group>"; };
		CCF252351B5ED15F00A9E6AC /* ResponseTest.swift */ = {isa = PBXFileReference; fileEncoding = 4; lastKnownFileType = sourcecode.swift; path = ResponseTest.swift; sourceTree = "<group>"; };
		CD79956EE6E5186CF6082E3D /* Pods.release.xcconfig */ = {isa = PBXFileReference; includeInIndex = 1; lastKnownFileType = text.xcconfig; name = Pods.release.xcconfig; path = "Pods/Target Support Files/Pods/Pods.release.xcconfig"; sourceTree = "<group>"; };
/* End PBXFileReference section */

/* Begin PBXFrameworksBuildPhase section */
		CC6004F51ADEC22200B8F2E5 /* Frameworks */ = {
			isa = PBXFrameworksBuildPhase;
			buildActionMask = 2147483647;
			files = (
				D670BA9C19B19A196BBD3D99 /* Pods.framework in Frameworks */,
			);
			runOnlyForDeploymentPostprocessing = 0;
		};
/* End PBXFrameworksBuildPhase section */

/* Begin PBXGroup section */
		764BA809B880989888C759B0 /* Pods */ = {
			isa = PBXGroup;
			children = (
				813DAB59344C62F88264EE5A /* Pods.debug.xcconfig */,
				CD79956EE6E5186CF6082E3D /* Pods.release.xcconfig */,
			);
			name = Pods;
			sourceTree = "<group>";
		};
		CC4FA8D71B5949840046BE23 /* Datastore */ = {
			isa = PBXGroup;
			children = (
				CC4FA8D81B5949840046BE23 /* Datastore.swift */,
				CC68C5D61B5FE9C9006A0569 /* Filter.swift */,
				CC4FA8DA1B5949840046BE23 /* Query.swift */,
			);
			path = Datastore;
			sourceTree = "<group>";
		};
		CC4FA8DE1B594A710046BE23 /* Datastore */ = {
			isa = PBXGroup;
			children = (
				CC68C5D21B5FD45B006A0569 /* DatastoreQueryTest.swift */,
				CC6725301B5D426C0001DB84 /* DatastoreTest.swift */,
				CC1E58471B612A220085AB5E /* FilterTest.swift */,
				CC4FA8DF1B594A710046BE23 /* QueryTest.swift */,
			);
			path = Datastore;
			sourceTree = "<group>";
		};
		CC4FA8FD1B594EF40046BE23 /* Launchpad */ = {
			isa = PBXGroup;
			children = (
				CC4FA8FE1B594F5F0046BE23 /* Launchpad.swift */,
				CCF0BBAD1B5E7E6C00AECB04 /* Response.swift */,
				CC4FA9001B5975C90046BE23 /* Transport.swift */,
			);
			path = Launchpad;
			sourceTree = "<group>";
		};
		CC6004E31ADEC22200B8F2E5 = {
			isa = PBXGroup;
			children = (
				CCA17B991ADEC3CB000BF430 /* Source */,
				CCA17B9E1ADEC3D7000BF430 /* Test */,
				CC6004EE1ADEC22200B8F2E5 /* Products */,
				CC0C23771C3DA0C700408177 /* Podfile */,
				764BA809B880989888C759B0 /* Pods */,
				D96E3C835BA597F43766E24B /* Frameworks */,
			);
			sourceTree = "<group>";
		};
		CC6004EE1ADEC22200B8F2E5 /* Products */ = {
			isa = PBXGroup;
			children = (
				CC6004F81ADEC22200B8F2E5 /* Launchpad.xctest */,
			);
			name = Products;
			sourceTree = "<group>";
		};
		CCA17B991ADEC3CB000BF430 /* Source */ = {
			isa = PBXGroup;
			children = (
				CC4FA8D71B5949840046BE23 /* Datastore */,
				CC4FA8FD1B594EF40046BE23 /* Launchpad */,
			);
			path = Source;
			sourceTree = "<group>";
		};
		CCA17B9E1ADEC3D7000BF430 /* Test */ = {
			isa = PBXGroup;
			children = (
				CC4FA8DE1B594A710046BE23 /* Datastore */,
				CCF252341B5ED15F00A9E6AC /* Launchpad */,
				CC324FFF1B023E0500883F53 /* BaseTest.swift */,
				CCA17B9F1ADEC3D7000BF430 /* Info.plist */,
				CC2A92581B55A8EB00388B82 /* settings.plist */,
				CC0631621AEB17530097D129 /* XCTestCaseExtension.swift */,
			);
			path = Test;
			sourceTree = "<group>";
		};
		CCF252341B5ED15F00A9E6AC /* Launchpad */ = {
			isa = PBXGroup;
			children = (
				CC68C5D41B5FDACC006A0569 /* LaunchpadQueryTest.swift */,
				CCF252351B5ED15F00A9E6AC /* ResponseTest.swift */,
			);
			path = Launchpad;
			sourceTree = "<group>";
		};
		D96E3C835BA597F43766E24B /* Frameworks */ = {
			isa = PBXGroup;
			children = (
				7B0CDEE64BB19267687ADF48 /* Pods.framework */,
			);
			name = Frameworks;
			sourceTree = "<group>";
		};
/* End PBXGroup section */

/* Begin PBXNativeTarget section */
		CC6004F71ADEC22200B8F2E5 /* Launchpad */ = {
			isa = PBXNativeTarget;
			buildConfigurationList = CC6005061ADEC22200B8F2E5 /* Build configuration list for PBXNativeTarget "Launchpad" */;
			buildPhases = (
				BD340D54ED37488D867B17EA /* Check Pods Manifest.lock */,
				CC6004F41ADEC22200B8F2E5 /* Sources */,
				CC6004F51ADEC22200B8F2E5 /* Frameworks */,
				CC6004F61ADEC22200B8F2E5 /* Resources */,
				FB83C5797F855D05058BB8C0 /* Embed Pods Frameworks */,
				0456D2838A46051562409D9D /* Copy Pods Resources */,
			);
			buildRules = (
			);
			dependencies = (
			);
			name = Launchpad;
			productName = LRLaunchpadTests;
			productReference = CC6004F81ADEC22200B8F2E5 /* Launchpad.xctest */;
			productType = "com.apple.product-type.bundle.unit-test";
		};
/* End PBXNativeTarget section */

/* Begin PBXProject section */
		CC6004E41ADEC22200B8F2E5 /* Project object */ = {
			isa = PBXProject;
			attributes = {
				LastSwiftMigration = 0700;
				LastSwiftUpdateCheck = 0700;
				LastUpgradeCheck = 0700;
				ORGANIZATIONNAME = "Liferay Inc.";
				TargetAttributes = {
					CC6004F71ADEC22200B8F2E5 = {
						CreatedOnToolsVersion = 6.2;
					};
				};
			};
			buildConfigurationList = CC6004E71ADEC22200B8F2E5 /* Build configuration list for PBXProject "Launchpad" */;
			compatibilityVersion = "Xcode 3.2";
			developmentRegion = English;
			hasScannedForEncodings = 0;
			knownRegions = (
				en,
			);
			mainGroup = CC6004E31ADEC22200B8F2E5;
			productRefGroup = CC6004EE1ADEC22200B8F2E5 /* Products */;
			projectDirPath = "";
			projectRoot = "";
			targets = (
				CC6004F71ADEC22200B8F2E5 /* Launchpad */,
			);
		};
/* End PBXProject section */

/* Begin PBXResourcesBuildPhase section */
		CC6004F61ADEC22200B8F2E5 /* Resources */ = {
			isa = PBXResourcesBuildPhase;
			buildActionMask = 2147483647;
			files = (
				CC0C23781C3DA0C700408177 /* Podfile in Resources */,
				CC2A92591B55A8EB00388B82 /* settings.plist in Resources */,
			);
			runOnlyForDeploymentPostprocessing = 0;
		};
/* End PBXResourcesBuildPhase section */

/* Begin PBXShellScriptBuildPhase section */
		0456D2838A46051562409D9D /* Copy Pods Resources */ = {
			isa = PBXShellScriptBuildPhase;
			buildActionMask = 2147483647;
			files = (
			);
			inputPaths = (
			);
			name = "Copy Pods Resources";
			outputPaths = (
			);
			runOnlyForDeploymentPostprocessing = 0;
			shellPath = /bin/sh;
			shellScript = "\"${SRCROOT}/Pods/Target Support Files/Pods/Pods-resources.sh\"\n";
			showEnvVarsInLog = 0;
		};
		BD340D54ED37488D867B17EA /* Check Pods Manifest.lock */ = {
			isa = PBXShellScriptBuildPhase;
			buildActionMask = 2147483647;
			files = (
			);
			inputPaths = (
			);
			name = "Check Pods Manifest.lock";
			outputPaths = (
			);
			runOnlyForDeploymentPostprocessing = 0;
			shellPath = /bin/sh;
			shellScript = "diff \"${PODS_ROOT}/../Podfile.lock\" \"${PODS_ROOT}/Manifest.lock\" > /dev/null\nif [[ $? != 0 ]] ; then\n    cat << EOM\nerror: The sandbox is not in sync with the Podfile.lock. Run 'pod install' or update your CocoaPods installation.\nEOM\n    exit 1\nfi\n";
			showEnvVarsInLog = 0;
		};
		FB83C5797F855D05058BB8C0 /* Embed Pods Frameworks */ = {
			isa = PBXShellScriptBuildPhase;
			buildActionMask = 2147483647;
			files = (
			);
			inputPaths = (
			);
			name = "Embed Pods Frameworks";
			outputPaths = (
			);
			runOnlyForDeploymentPostprocessing = 0;
			shellPath = /bin/sh;
			shellScript = "\"${SRCROOT}/Pods/Target Support Files/Pods/Pods-frameworks.sh\"\n";
			showEnvVarsInLog = 0;
		};
/* End PBXShellScriptBuildPhase section */

/* Begin PBXSourcesBuildPhase section */
		CC6004F41ADEC22200B8F2E5 /* Sources */ = {
			isa = PBXSourcesBuildPhase;
			buildActionMask = 2147483647;
			files = (
				CC6725311B5D426C0001DB84 /* DatastoreTest.swift in Sources */,
				CC4FA8DD1B5949840046BE23 /* Query.swift in Sources */,
				CC4FA8FF1B594F5F0046BE23 /* Launchpad.swift in Sources */,
				CC1E58481B612A220085AB5E /* FilterTest.swift in Sources */,
				CC68C5D51B5FDACC006A0569 /* LaunchpadQueryTest.swift in Sources */,
				CC68C5D31B5FD45B006A0569 /* DatastoreQueryTest.swift in Sources */,
				CC4FA9011B5975C90046BE23 /* Transport.swift in Sources */,
				CC4FA8DB1B5949840046BE23 /* Datastore.swift in Sources */,
				CCF252361B5ED15F00A9E6AC /* ResponseTest.swift in Sources */,
				CC0631631AEB17530097D129 /* XCTestCaseExtension.swift in Sources */,
				CC4FA8E21B594A710046BE23 /* QueryTest.swift in Sources */,
				CCF0BBAE1B5E7E6C00AECB04 /* Response.swift in Sources */,
				CC68C5D71B5FE9C9006A0569 /* Filter.swift in Sources */,
				CC3250001B023E0500883F53 /* BaseTest.swift in Sources */,
			);
			runOnlyForDeploymentPostprocessing = 0;
		};
/* End PBXSourcesBuildPhase section */

/* Begin XCBuildConfiguration section */
		CC6005011ADEC22200B8F2E5 /* Debug */ = {
			isa = XCBuildConfiguration;
			buildSettings = {
				ALWAYS_SEARCH_USER_PATHS = NO;
				CLANG_CXX_LANGUAGE_STANDARD = "gnu++0x";
				CLANG_CXX_LIBRARY = "libc++";
				CLANG_ENABLE_MODULES = YES;
				CLANG_ENABLE_OBJC_ARC = YES;
				CLANG_WARN_BOOL_CONVERSION = YES;
				CLANG_WARN_CONSTANT_CONVERSION = YES;
				CLANG_WARN_DIRECT_OBJC_ISA_USAGE = YES_ERROR;
				CLANG_WARN_EMPTY_BODY = YES;
				CLANG_WARN_ENUM_CONVERSION = YES;
				CLANG_WARN_INT_CONVERSION = YES;
				CLANG_WARN_OBJC_ROOT_CLASS = YES_ERROR;
				CLANG_WARN_UNREACHABLE_CODE = YES;
				CLANG_WARN__DUPLICATE_METHOD_MATCH = YES;
				"CODE_SIGN_IDENTITY[sdk=iphoneos*]" = "iPhone Developer";
				COPY_PHASE_STRIP = NO;
				CURRENT_PROJECT_VERSION = 1;
				ENABLE_STRICT_OBJC_MSGSEND = YES;
				ENABLE_TESTABILITY = YES;
				GCC_C_LANGUAGE_STANDARD = gnu99;
				GCC_DYNAMIC_NO_PIC = NO;
				GCC_OPTIMIZATION_LEVEL = 0;
				GCC_PREPROCESSOR_DEFINITIONS = (
					"DEBUG=1",
					"$(inherited)",
				);
				GCC_SYMBOLS_PRIVATE_EXTERN = NO;
				GCC_WARN_64_TO_32_BIT_CONVERSION = YES;
				GCC_WARN_ABOUT_RETURN_TYPE = YES_ERROR;
				GCC_WARN_UNDECLARED_SELECTOR = YES;
				GCC_WARN_UNINITIALIZED_AUTOS = YES_AGGRESSIVE;
				GCC_WARN_UNUSED_FUNCTION = YES;
				GCC_WARN_UNUSED_VARIABLE = YES;
				IPHONEOS_DEPLOYMENT_TARGET = 8.2;
				MTL_ENABLE_DEBUG_INFO = YES;
				ONLY_ACTIVE_ARCH = YES;
				SDKROOT = iphoneos;
				SWIFT_OPTIMIZATION_LEVEL = "-Onone";
				TARGETED_DEVICE_FAMILY = "1,2";
				VERSIONING_SYSTEM = "apple-generic";
				VERSION_INFO_PREFIX = "";
			};
			name = Debug;
		};
		CC6005021ADEC22200B8F2E5 /* Release */ = {
			isa = XCBuildConfiguration;
			buildSettings = {
				ALWAYS_SEARCH_USER_PATHS = NO;
				CLANG_CXX_LANGUAGE_STANDARD = "gnu++0x";
				CLANG_CXX_LIBRARY = "libc++";
				CLANG_ENABLE_MODULES = YES;
				CLANG_ENABLE_OBJC_ARC = YES;
				CLANG_WARN_BOOL_CONVERSION = YES;
				CLANG_WARN_CONSTANT_CONVERSION = YES;
				CLANG_WARN_DIRECT_OBJC_ISA_USAGE = YES_ERROR;
				CLANG_WARN_EMPTY_BODY = YES;
				CLANG_WARN_ENUM_CONVERSION = YES;
				CLANG_WARN_INT_CONVERSION = YES;
				CLANG_WARN_OBJC_ROOT_CLASS = YES_ERROR;
				CLANG_WARN_UNREACHABLE_CODE = YES;
				CLANG_WARN__DUPLICATE_METHOD_MATCH = YES;
				"CODE_SIGN_IDENTITY[sdk=iphoneos*]" = "iPhone Developer";
				COPY_PHASE_STRIP = NO;
				CURRENT_PROJECT_VERSION = 1;
				ENABLE_NS_ASSERTIONS = NO;
				ENABLE_STRICT_OBJC_MSGSEND = YES;
				GCC_C_LANGUAGE_STANDARD = gnu99;
				GCC_WARN_64_TO_32_BIT_CONVERSION = YES;
				GCC_WARN_ABOUT_RETURN_TYPE = YES_ERROR;
				GCC_WARN_UNDECLARED_SELECTOR = YES;
				GCC_WARN_UNINITIALIZED_AUTOS = YES_AGGRESSIVE;
				GCC_WARN_UNUSED_FUNCTION = YES;
				GCC_WARN_UNUSED_VARIABLE = YES;
				IPHONEOS_DEPLOYMENT_TARGET = 8.2;
				MTL_ENABLE_DEBUG_INFO = NO;
				SDKROOT = iphoneos;
				TARGETED_DEVICE_FAMILY = "1,2";
				VALIDATE_PRODUCT = YES;
				VERSIONING_SYSTEM = "apple-generic";
				VERSION_INFO_PREFIX = "";
			};
			name = Release;
		};
		CC6005071ADEC22200B8F2E5 /* Debug */ = {
			isa = XCBuildConfiguration;
			baseConfigurationReference = 813DAB59344C62F88264EE5A /* Pods.debug.xcconfig */;
			buildSettings = {
				FRAMEWORK_SEARCH_PATHS = (
					"$(SDKROOT)/Developer/Library/Frameworks",
					"$(inherited)",
				);
				GCC_PREPROCESSOR_DEFINITIONS = (
					"DEBUG=1",
					"$(inherited)",
				);
				INFOPLIST_FILE = Test/Info.plist;
				LD_RUNPATH_SEARCH_PATHS = "$(inherited) @executable_path/Frameworks @loader_path/Frameworks";
				PRODUCT_BUNDLE_IDENTIFIER = "com.liferay.launchpad.$(PRODUCT_NAME:rfc1034identifier)";
				PRODUCT_NAME = "$(TARGET_NAME)";
			};
			name = Debug;
		};
		CC6005081ADEC22200B8F2E5 /* Release */ = {
			isa = XCBuildConfiguration;
			baseConfigurationReference = CD79956EE6E5186CF6082E3D /* Pods.release.xcconfig */;
			buildSettings = {
				FRAMEWORK_SEARCH_PATHS = (
					"$(SDKROOT)/Developer/Library/Frameworks",
					"$(inherited)",
				);
				INFOPLIST_FILE = Test/Info.plist;
				LD_RUNPATH_SEARCH_PATHS = "$(inherited) @executable_path/Frameworks @loader_path/Frameworks";
				PRODUCT_BUNDLE_IDENTIFIER = "com.liferay.launchpad.$(PRODUCT_NAME:rfc1034identifier)";
				PRODUCT_NAME = "$(TARGET_NAME)";
			};
			name = Release;
		};
/* End XCBuildConfiguration section */

/* Begin XCConfigurationList section */
		CC6004E71ADEC22200B8F2E5 /* Build configuration list for PBXProject "Launchpad" */ = {
			isa = XCConfigurationList;
			buildConfigurations = (
				CC6005011ADEC22200B8F2E5 /* Debug */,
				CC6005021ADEC22200B8F2E5 /* Release */,
			);
			defaultConfigurationIsVisible = 0;
			defaultConfigurationName = Release;
		};
		CC6005061ADEC22200B8F2E5 /* Build configuration list for PBXNativeTarget "Launchpad" */ = {
			isa = XCConfigurationList;
			buildConfigurations = (
				CC6005071ADEC22200B8F2E5 /* Debug */,
				CC6005081ADEC22200B8F2E5 /* Release */,
			);
			defaultConfigurationIsVisible = 0;
			defaultConfigurationName = Release;
		};
/* End XCConfigurationList section */
	};
	rootObject = CC6004E41ADEC22200B8F2E5 /* Project object */;
}
